// !$*UTF8*$!
{
	archiveVersion = 1;
	classes = {
	};
	objectVersion = 46;
	objects = {

/* Begin PBXBuildFile section */
		1E01CE9318B0BB9A00AD741B /* default in Resources */ = {isa = PBXBuildFile; fileRef = 1E01CE9118B0BB9A00AD741B /* default */; };
		1E01CE9418B0BB9A00AD741B /* baseBarIcons@2x in Resources */ = {isa = PBXBuildFile; fileRef = 1E01CE9218B0BB9A00AD741B /* baseBarIcons@2x */; };
		1E01CE9918B0C0F800AD741B /* FoodCategoryViewController.m in Sources */ = {isa = PBXBuildFile; fileRef = 1E01CE9718B0C0F800AD741B /* FoodCategoryViewController.m */; };
		1E01CE9A18B0C0F800AD741B /* FoodCategoryViewController.xib in Resources */ = {isa = PBXBuildFile; fileRef = 1E01CE9818B0C0F800AD741B /* FoodCategoryViewController.xib */; };
		1E01CE9D18B0C1DD00AD741B /* PaleoNavigationController.m in Sources */ = {isa = PBXBuildFile; fileRef = 1E01CE9C18B0C1DD00AD741B /* PaleoNavigationController.m */; };
		1E01CEA218B0C9F300AD741B /* FoodCategoryCell.m in Sources */ = {isa = PBXBuildFile; fileRef = 1E01CEA118B0C9F300AD741B /* FoodCategoryCell.m */; };
		1E01CEA418B0CA0B00AD741B /* FoodCategoryCell.xib in Resources */ = {isa = PBXBuildFile; fileRef = 1E01CEA318B0CA0B00AD741B /* FoodCategoryCell.xib */; };
		1E01CEA718B0CBBE00AD741B /* FoodSubcategoriesViewController.xib in Resources */ = {isa = PBXBuildFile; fileRef = 1E01CEA618B0CBBE00AD741B /* FoodSubcategoriesViewController.xib */; };
		1E01CEAA18B0CC0A00AD741B /* FoodSubcategoriesViewController.m in Sources */ = {isa = PBXBuildFile; fileRef = 1E01CEA918B0CC0A00AD741B /* FoodSubcategoriesViewController.m */; };
		1E01CEAE18B0CD0C00AD741B /* FoodSubcategoriesCell.m in Sources */ = {isa = PBXBuildFile; fileRef = 1E01CEAD18B0CD0C00AD741B /* FoodSubcategoriesCell.m */; };
		1E01CEB018B0CD2800AD741B /* FoodSubcategoriesCell.xib in Resources */ = {isa = PBXBuildFile; fileRef = 1E01CEAF18B0CD2800AD741B /* FoodSubcategoriesCell.xib */; };
		1E01CEB518B0D41400AD741B /* FoodItemViewController.m in Sources */ = {isa = PBXBuildFile; fileRef = 1E01CEB318B0D41400AD741B /* FoodItemViewController.m */; };
		1E01CEB618B0D41400AD741B /* FoodItemViewController.xib in Resources */ = {isa = PBXBuildFile; fileRef = 1E01CEB418B0D41400AD741B /* FoodItemViewController.xib */; };
		1E0E6E2918B855BF00A3E28D /* tabBarItemFavorites.png in Resources */ = {isa = PBXBuildFile; fileRef = 1E0E6E2118B855BF00A3E28D /* tabBarItemFavorites.png */; };
		1E0E6E2A18B855BF00A3E28D /* tabBarItemFavorites@2x.png in Resources */ = {isa = PBXBuildFile; fileRef = 1E0E6E2218B855BF00A3E28D /* tabBarItemFavorites@2x.png */; };
		1E0E6E2B18B855BF00A3E28D /* tabBarItemFood.png in Resources */ = {isa = PBXBuildFile; fileRef = 1E0E6E2318B855BF00A3E28D /* tabBarItemFood.png */; };
		1E0E6E2C18B855BF00A3E28D /* tabBarItemFood@2x.png in Resources */ = {isa = PBXBuildFile; fileRef = 1E0E6E2418B855BF00A3E28D /* tabBarItemFood@2x.png */; };
		1E0E6E2D18B855BF00A3E28D /* tabBarItemSearch.png in Resources */ = {isa = PBXBuildFile; fileRef = 1E0E6E2518B855BF00A3E28D /* tabBarItemSearch.png */; };
		1E0E6E2E18B855BF00A3E28D /* tabBarItemSearch@2x.png in Resources */ = {isa = PBXBuildFile; fileRef = 1E0E6E2618B855BF00A3E28D /* tabBarItemSearch@2x.png */; };
		1E0E6E2F18B855BF00A3E28D /* tabBarItemSettings.png in Resources */ = {isa = PBXBuildFile; fileRef = 1E0E6E2718B855BF00A3E28D /* tabBarItemSettings.png */; };
		1E0E6E3018B855BF00A3E28D /* tabBarItemSettings@2x.png in Resources */ = {isa = PBXBuildFile; fileRef = 1E0E6E2818B855BF00A3E28D /* tabBarItemSettings@2x.png */; };
		1E0E6E3318B8DCCA00A3E28D /* PaleoDefines.m in Sources */ = {isa = PBXBuildFile; fileRef = 1E0E6E3218B8DCCA00A3E28D /* PaleoDefines.m */; };
		1E56B1E418B432D1004E8523 /* PaleoFoodTableView.m in Sources */ = {isa = PBXBuildFile; fileRef = 1E56B1E318B432D1004E8523 /* PaleoFoodTableView.m */; };
		1E56B1E818B43620004E8523 /* PaleoUtils.m in Sources */ = {isa = PBXBuildFile; fileRef = 1E56B1E718B43620004E8523 /* PaleoUtils.m */; };
		1E56B1EF18B43DEB004E8523 /* CoreData.framework in Frameworks */ = {isa = PBXBuildFile; fileRef = 1E56B1EE18B43DEB004E8523 /* CoreData.framework */; };
		1E56B1F218B43EF5004E8523 /* PaleoDataModel.xcdatamodeld in Sources */ = {isa = PBXBuildFile; fileRef = 1E56B1F018B43EF5004E8523 /* PaleoDataModel.xcdatamodeld */; };
		1E56B20018B443E1004E8523 /* libsqlite3.0.dylib in Frameworks */ = {isa = PBXBuildFile; fileRef = 1E56B1FF18B443E1004E8523 /* libsqlite3.0.dylib */; settings = {ATTRIBUTES = (Weak, ); }; };
		1E56B20418B44417004E8523 /* PaleoSqlite.m in Sources */ = {isa = PBXBuildFile; fileRef = 1E56B20318B44417004E8523 /* PaleoSqlite.m */; };
		1E56B20618B44E95004E8523 /* exemplo.sqlite in Resources */ = {isa = PBXBuildFile; fileRef = 1E56B20518B44E95004E8523 /* exemplo.sqlite */; };
		1E8C6B2418B593A500E251CC /* PaleoFoodManager.m in Sources */ = {isa = PBXBuildFile; fileRef = 1E8C6B2318B593A500E251CC /* PaleoFoodManager.m */; };
		1E8C6B2C18B59B6C00E251CC /* bolo.jpg in Resources */ = {isa = PBXBuildFile; fileRef = 1E8C6B2518B59B6B00E251CC /* bolo.jpg */; };
		1E8C6B2F18B59B6C00E251CC /* maca.jpg in Resources */ = {isa = PBXBuildFile; fileRef = 1E8C6B2818B59B6B00E251CC /* maca.jpg */; };
		1E8EE26118B390C5000A01AF /* FavoritesViewController.m in Sources */ = {isa = PBXBuildFile; fileRef = 1E8EE25F18B390C5000A01AF /* FavoritesViewController.m */; };
		1E8EE26218B390C5000A01AF /* FavoritesViewController.xib in Resources */ = {isa = PBXBuildFile; fileRef = 1E8EE26018B390C5000A01AF /* FavoritesViewController.xib */; };
		1E8EE26818B3B902000A01AF /* SettingsViewController.m in Sources */ = {isa = PBXBuildFile; fileRef = 1E8EE26618B3B902000A01AF /* SettingsViewController.m */; };
		1E8EE26918B3B902000A01AF /* SettingsViewController.xib in Resources */ = {isa = PBXBuildFile; fileRef = 1E8EE26718B3B902000A01AF /* SettingsViewController.xib */; };
		1E9DD6CF18B8E7890076F3DC /* FoodTypeModel.m in Sources */ = {isa = PBXBuildFile; fileRef = 1E9DD6CE18B8E7890076F3DC /* FoodTypeModel.m */; };
		1E9DD6D218B8E78A0076F3DC /* FoodCategoryModel.m in Sources */ = {isa = PBXBuildFile; fileRef = 1E9DD6D118B8E78A0076F3DC /* FoodCategoryModel.m */; };
		1E9DD6D518B8E78A0076F3DC /* FoodItemModel.m in Sources */ = {isa = PBXBuildFile; fileRef = 1E9DD6D418B8E78A0076F3DC /* FoodItemModel.m */; };
		1E9DD6D818B8E7BA0076F3DC /* PaleoCoreData.m in Sources */ = {isa = PBXBuildFile; fileRef = 1E9DD6D718B8E7BA0076F3DC /* PaleoCoreData.m */; };
		1E9DD6DE18B8F4FD0076F3DC /* bolo1.png in Resources */ = {isa = PBXBuildFile; fileRef = 1E9DD6D918B8F4FD0076F3DC /* bolo1.png */; };
		1E9DD6DF18B8F4FD0076F3DC /* bolo2.png in Resources */ = {isa = PBXBuildFile; fileRef = 1E9DD6DA18B8F4FD0076F3DC /* bolo2.png */; };
		1E9DD6E018B8F4FD0076F3DC /* maca1.png in Resources */ = {isa = PBXBuildFile; fileRef = 1E9DD6DB18B8F4FD0076F3DC /* maca1.png */; };
		1E9DD6E118B8F4FD0076F3DC /* maca2.png in Resources */ = {isa = PBXBuildFile; fileRef = 1E9DD6DC18B8F4FD0076F3DC /* maca2.png */; };
		1E9DD6E218B8F4FD0076F3DC /* maca3.png in Resources */ = {isa = PBXBuildFile; fileRef = 1E9DD6DD18B8F4FD0076F3DC /* maca3.png */; };
		1E9DD6ED18B8FF080076F3DC /* categoryCellBorder.png in Resources */ = {isa = PBXBuildFile; fileRef = 1E9DD6E418B8FF080076F3DC /* categoryCellBorder.png */; };
		1E9DD6EE18B8FF080076F3DC /* defaultImage.png in Resources */ = {isa = PBXBuildFile; fileRef = 1E9DD6E518B8FF080076F3DC /* defaultImage.png */; };
		1E9DD6EF18B8FF080076F3DC /* defaultMoreCellButton.png in Resources */ = {isa = PBXBuildFile; fileRef = 1E9DD6E618B8FF080076F3DC /* defaultMoreCellButton.png */; };
		1E9DD6F018B8FF080076F3DC /* favorited.png in Resources */ = {isa = PBXBuildFile; fileRef = 1E9DD6E718B8FF080076F3DC /* favorited.png */; };
		1E9DD6F118B8FF080076F3DC /* favoritedNot.png in Resources */ = {isa = PBXBuildFile; fileRef = 1E9DD6E818B8FF080076F3DC /* favoritedNot.png */; };
		1E9DD6F218B8FF080076F3DC /* foodInfobackground.png in Resources */ = {isa = PBXBuildFile; fileRef = 1E9DD6E918B8FF080076F3DC /* foodInfobackground.png */; };
		1E9DD6F318B8FF080076F3DC /* foodItemCellBorder.png in Resources */ = {isa = PBXBuildFile; fileRef = 1E9DD6EA18B8FF080076F3DC /* foodItemCellBorder.png */; };
		1E9DD6F418B8FF080076F3DC /* foodItemLastCellBorder.png in Resources */ = {isa = PBXBuildFile; fileRef = 1E9DD6EB18B8FF080076F3DC /* foodItemLastCellBorder.png */; };
		1E9DD6F518B8FF080076F3DC /* foodItemTopCellBorder.png in Resources */ = {isa = PBXBuildFile; fileRef = 1E9DD6EC18B8FF080076F3DC /* foodItemTopCellBorder.png */; };
		1E9DD6F918B901F00076F3DC /* FoodSubcategoryHeadView.m in Sources */ = {isa = PBXBuildFile; fileRef = 1E9DD6F818B901F00076F3DC /* FoodSubcategoryHeadView.m */; };
		1E9DD6FD18B902180076F3DC /* FoodSubcategoryHeadView.xib in Resources */ = {isa = PBXBuildFile; fileRef = 1E9DD6FC18B902180076F3DC /* FoodSubcategoryHeadView.xib */; };
		1E9DD70118B9270F0076F3DC /* Utils.m in Sources */ = {isa = PBXBuildFile; fileRef = 1E9DD70018B9270F0076F3DC /* Utils.m */; };
		1E9DD70518B931260076F3DC /* MessageUI.framework in Frameworks */ = {isa = PBXBuildFile; fileRef = 1E9DD70318B930790076F3DC /* MessageUI.framework */; };
		1E9DD70818B931A00076F3DC /* PaleoMailController.m in Sources */ = {isa = PBXBuildFile; fileRef = 1E9DD70718B931A00076F3DC /* PaleoMailController.m */; };
		1E9DD70C18B935340076F3DC /* AboutAppView.m in Sources */ = {isa = PBXBuildFile; fileRef = 1E9DD70B18B935340076F3DC /* AboutAppView.m */; };
		1E9DD70E18B935430076F3DC /* AboutAppView.xib in Resources */ = {isa = PBXBuildFile; fileRef = 1E9DD70D18B935430076F3DC /* AboutAppView.xib */; };
		1E9DD71018B936AD0076F3DC /* closeX in Resources */ = {isa = PBXBuildFile; fileRef = 1E9DD70F18B936AC0076F3DC /* closeX */; };
		1E9DD71418B99CF30076F3DC /* about.html in Resources */ = {isa = PBXBuildFile; fileRef = 1E9DD71218B99CF30076F3DC /* about.html */; };
		1E9DD71518B99CF30076F3DC /* test.png in Resources */ = {isa = PBXBuildFile; fileRef = 1E9DD71318B99CF30076F3DC /* test.png */; };
		1EC1253A18B2E7D60063C1CB /* SearchViewController.m in Sources */ = {isa = PBXBuildFile; fileRef = 1EC1253818B2E7D60063C1CB /* SearchViewController.m */; };
		1EC1253E18B2E8680063C1CB /* PaleoTabBarController.m in Sources */ = {isa = PBXBuildFile; fileRef = 1EC1253D18B2E8680063C1CB /* PaleoTabBarController.m */; };
		1EC1254018B2E98F0063C1CB /* SearchViewController.xib in Resources */ = {isa = PBXBuildFile; fileRef = 1EC1253918B2E7D60063C1CB /* SearchViewController.xib */; };
		1ECCC4CA18B06B7F0073992A /* Foundation.framework in Frameworks */ = {isa = PBXBuildFile; fileRef = 1ECCC4C918B06B7F0073992A /* Foundation.framework */; };
		1ECCC4CC18B06B7F0073992A /* CoreGraphics.framework in Frameworks */ = {isa = PBXBuildFile; fileRef = 1ECCC4CB18B06B7F0073992A /* CoreGraphics.framework */; };
		1ECCC4CE18B06B7F0073992A /* UIKit.framework in Frameworks */ = {isa = PBXBuildFile; fileRef = 1ECCC4CD18B06B7F0073992A /* UIKit.framework */; };
		1ECCC4D418B06B7F0073992A /* InfoPlist.strings in Resources */ = {isa = PBXBuildFile; fileRef = 1ECCC4D218B06B7F0073992A /* InfoPlist.strings */; };
		1ECCC4D618B06B7F0073992A /* main.m in Sources */ = {isa = PBXBuildFile; fileRef = 1ECCC4D518B06B7F0073992A /* main.m */; };
		1ECCC4DA18B06B7F0073992A /* AppDelegate.m in Sources */ = {isa = PBXBuildFile; fileRef = 1ECCC4D918B06B7F0073992A /* AppDelegate.m */; };
		1EF5F74C18BA364F00D0D2F1 /* FacebookSDK.framework in Frameworks */ = {isa = PBXBuildFile; fileRef = 1EF5F70B18BA364F00D0D2F1 /* FacebookSDK.framework */; };
		1EF5F74D18BA364F00D0D2F1 /* libShareKit.a in Frameworks */ = {isa = PBXBuildFile; fileRef = 1EF5F74B18BA364F00D0D2F1 /* libShareKit.a */; };
		1EF5F74F18BA36F800D0D2F1 /* SystemConfiguration.framework in Frameworks */ = {isa = PBXBuildFile; fileRef = 1EF5F74E18BA36F800D0D2F1 /* SystemConfiguration.framework */; };
		1EF5F75118BA370000D0D2F1 /* Security.framework in Frameworks */ = {isa = PBXBuildFile; fileRef = 1EF5F75018BA370000D0D2F1 /* Security.framework */; };
		1EF5F75318BA371400D0D2F1 /* MobileCoreServices.framework in Frameworks */ = {isa = PBXBuildFile; fileRef = 1EF5F75218BA371400D0D2F1 /* MobileCoreServices.framework */; };
		1EF5F75518BA371C00D0D2F1 /* CoreMedia.framework in Frameworks */ = {isa = PBXBuildFile; fileRef = 1EF5F75418BA371C00D0D2F1 /* CoreMedia.framework */; };
		1EF5F75718BA372200D0D2F1 /* AVFoundation.framework in Frameworks */ = {isa = PBXBuildFile; fileRef = 1EF5F75618BA372200D0D2F1 /* AVFoundation.framework */; };
		1EF5F75918BA373600D0D2F1 /* Twitter.framework in Frameworks */ = {isa = PBXBuildFile; fileRef = 1EF5F75818BA373600D0D2F1 /* Twitter.framework */; settings = {ATTRIBUTES = (Weak, ); }; };
		1EF5F75B18BA373B00D0D2F1 /* AdSupport.framework in Frameworks */ = {isa = PBXBuildFile; fileRef = 1EF5F75A18BA373A00D0D2F1 /* AdSupport.framework */; settings = {ATTRIBUTES = (Weak, ); }; };
		1EF5F75D18BA374600D0D2F1 /* Accounts.framework in Frameworks */ = {isa = PBXBuildFile; fileRef = 1EF5F75C18BA374600D0D2F1 /* Accounts.framework */; settings = {ATTRIBUTES = (Weak, ); }; };
		1EF5F75F18BA375400D0D2F1 /* Social.framework in Frameworks */ = {isa = PBXBuildFile; fileRef = 1EF5F75E18BA375400D0D2F1 /* Social.framework */; settings = {ATTRIBUTES = (Weak, ); }; };
		1EF5F76118BA375A00D0D2F1 /* StoreKit.framework in Frameworks */ = {isa = PBXBuildFile; fileRef = 1EF5F76018BA375A00D0D2F1 /* StoreKit.framework */; settings = {ATTRIBUTES = (Weak, ); }; };
		1EF5F76618BA37E200D0D2F1 /* SharekitCustom.m in Sources */ = {isa = PBXBuildFile; fileRef = 1EF5F76518BA37E200D0D2F1 /* SharekitCustom.m */; };
		1EF5F76818BA3E1700D0D2F1 /* ShareKit.bundle in Resources */ = {isa = PBXBuildFile; fileRef = 1EF5F76718BA3E1700D0D2F1 /* ShareKit.bundle */; };
/* End PBXBuildFile section */

/* Begin PBXFileReference section */
		1E01CE9118B0BB9A00AD741B /* default */ = {isa = PBXFileReference; lastKnownFileType = file; path = default; sourceTree = "<group>"; };
		1E01CE9218B0BB9A00AD741B /* baseBarIcons@2x */ = {isa = PBXFileReference; lastKnownFileType = file; path = "baseBarIcons@2x"; sourceTree = "<group>"; };
		1E01CE9618B0C0F800AD741B /* FoodCategoryViewController.h */ = {isa = PBXFileReference; fileEncoding = 4; lastKnownFileType = sourcecode.c.h; name = FoodCategoryViewController.h; path = FoodViewController/FoodCategoryViewController.h; sourceTree = "<group>"; };
		1E01CE9718B0C0F800AD741B /* FoodCategoryViewController.m */ = {isa = PBXFileReference; fileEncoding = 4; lastKnownFileType = sourcecode.c.objc; name = FoodCategoryViewController.m; path = FoodViewController/FoodCategoryViewController.m; sourceTree = "<group>"; };
		1E01CE9818B0C0F800AD741B /* FoodCategoryViewController.xib */ = {isa = PBXFileReference; fileEncoding = 4; lastKnownFileType = file.xib; name = FoodCategoryViewController.xib; path = FoodViewController/FoodCategoryViewController.xib; sourceTree = "<group>"; };
		1E01CE9B18B0C1DD00AD741B /* PaleoNavigationController.h */ = {isa = PBXFileReference; fileEncoding = 4; lastKnownFileType = sourcecode.c.h; name = PaleoNavigationController.h; path = FoodNavigationBar/PaleoNavigationController.h; sourceTree = "<group>"; };
		1E01CE9C18B0C1DD00AD741B /* PaleoNavigationController.m */ = {isa = PBXFileReference; fileEncoding = 4; lastKnownFileType = sourcecode.c.objc; name = PaleoNavigationController.m; path = FoodNavigationBar/PaleoNavigationController.m; sourceTree = "<group>"; };
		1E01CEA018B0C9F300AD741B /* FoodCategoryCell.h */ = {isa = PBXFileReference; fileEncoding = 4; lastKnownFileType = sourcecode.c.h; name = FoodCategoryCell.h; path = FoodCategoryCell/FoodCategoryCell.h; sourceTree = "<group>"; };
		1E01CEA118B0C9F300AD741B /* FoodCategoryCell.m */ = {isa = PBXFileReference; fileEncoding = 4; lastKnownFileType = sourcecode.c.objc; name = FoodCategoryCell.m; path = FoodCategoryCell/FoodCategoryCell.m; sourceTree = "<group>"; };
		1E01CEA318B0CA0B00AD741B /* FoodCategoryCell.xib */ = {isa = PBXFileReference; fileEncoding = 4; lastKnownFileType = file.xib; name = FoodCategoryCell.xib; path = FoodCategoryCell/FoodCategoryCell.xib; sourceTree = "<group>"; };
		1E01CEA618B0CBBE00AD741B /* FoodSubcategoriesViewController.xib */ = {isa = PBXFileReference; fileEncoding = 4; lastKnownFileType = file.xib; name = FoodSubcategoriesViewController.xib; path = FoodSubcategoriesViewController/FoodSubcategoriesViewController.xib; sourceTree = "<group>"; };
		1E01CEA818B0CC0A00AD741B /* FoodSubcategoriesViewController.h */ = {isa = PBXFileReference; fileEncoding = 4; lastKnownFileType = sourcecode.c.h; name = FoodSubcategoriesViewController.h; path = FoodSubcategoriesViewController/FoodSubcategoriesViewController.h; sourceTree = "<group>"; };
		1E01CEA918B0CC0A00AD741B /* FoodSubcategoriesViewController.m */ = {isa = PBXFileReference; fileEncoding = 4; lastKnownFileType = sourcecode.c.objc; name = FoodSubcategoriesViewController.m; path = FoodSubcategoriesViewController/FoodSubcategoriesViewController.m; sourceTree = "<group>"; };
		1E01CEAC18B0CD0C00AD741B /* FoodSubcategoriesCell.h */ = {isa = PBXFileReference; fileEncoding = 4; lastKnownFileType = sourcecode.c.h; name = FoodSubcategoriesCell.h; path = FoodSubcategoriesCell/FoodSubcategoriesCell.h; sourceTree = "<group>"; };
		1E01CEAD18B0CD0C00AD741B /* FoodSubcategoriesCell.m */ = {isa = PBXFileReference; fileEncoding = 4; lastKnownFileType = sourcecode.c.objc; name = FoodSubcategoriesCell.m; path = FoodSubcategoriesCell/FoodSubcategoriesCell.m; sourceTree = "<group>"; };
		1E01CEAF18B0CD2800AD741B /* FoodSubcategoriesCell.xib */ = {isa = PBXFileReference; fileEncoding = 4; lastKnownFileType = file.xib; name = FoodSubcategoriesCell.xib; path = FoodSubcategoriesCell/FoodSubcategoriesCell.xib; sourceTree = "<group>"; };
		1E01CEB218B0D41400AD741B /* FoodItemViewController.h */ = {isa = PBXFileReference; fileEncoding = 4; lastKnownFileType = sourcecode.c.h; name = FoodItemViewController.h; path = FoodItemViewController/FoodItemViewController.h; sourceTree = "<group>"; };
		1E01CEB318B0D41400AD741B /* FoodItemViewController.m */ = {isa = PBXFileReference; fileEncoding = 4; lastKnownFileType = sourcecode.c.objc; name = FoodItemViewController.m; path = FoodItemViewController/FoodItemViewController.m; sourceTree = "<group>"; };
		1E01CEB418B0D41400AD741B /* FoodItemViewController.xib */ = {isa = PBXFileReference; fileEncoding = 4; lastKnownFileType = file.xib; name = FoodItemViewController.xib; path = FoodItemViewController/FoodItemViewController.xib; sourceTree = "<group>"; };
		1E0E6E2118B855BF00A3E28D /* tabBarItemFavorites.png */ = {isa = PBXFileReference; lastKnownFileType = image.png; path = tabBarItemFavorites.png; sourceTree = "<group>"; };
		1E0E6E2218B855BF00A3E28D /* tabBarItemFavorites@2x.png */ = {isa = PBXFileReference; lastKnownFileType = image.png; path = "tabBarItemFavorites@2x.png"; sourceTree = "<group>"; };
		1E0E6E2318B855BF00A3E28D /* tabBarItemFood.png */ = {isa = PBXFileReference; lastKnownFileType = image.png; path = tabBarItemFood.png; sourceTree = "<group>"; };
		1E0E6E2418B855BF00A3E28D /* tabBarItemFood@2x.png */ = {isa = PBXFileReference; lastKnownFileType = image.png; path = "tabBarItemFood@2x.png"; sourceTree = "<group>"; };
		1E0E6E2518B855BF00A3E28D /* tabBarItemSearch.png */ = {isa = PBXFileReference; lastKnownFileType = image.png; path = tabBarItemSearch.png; sourceTree = "<group>"; };
		1E0E6E2618B855BF00A3E28D /* tabBarItemSearch@2x.png */ = {isa = PBXFileReference; lastKnownFileType = image.png; path = "tabBarItemSearch@2x.png"; sourceTree = "<group>"; };
		1E0E6E2718B855BF00A3E28D /* tabBarItemSettings.png */ = {isa = PBXFileReference; lastKnownFileType = image.png; path = tabBarItemSettings.png; sourceTree = "<group>"; };
		1E0E6E2818B855BF00A3E28D /* tabBarItemSettings@2x.png */ = {isa = PBXFileReference; lastKnownFileType = image.png; path = "tabBarItemSettings@2x.png"; sourceTree = "<group>"; };
		1E0E6E3118B8DCCA00A3E28D /* PaleoDefines.h */ = {isa = PBXFileReference; fileEncoding = 4; lastKnownFileType = sourcecode.c.h; name = PaleoDefines.h; path = PaleoDefines/PaleoDefines.h; sourceTree = "<group>"; };
		1E0E6E3218B8DCCA00A3E28D /* PaleoDefines.m */ = {isa = PBXFileReference; fileEncoding = 4; lastKnownFileType = sourcecode.c.objc; name = PaleoDefines.m; path = PaleoDefines/PaleoDefines.m; sourceTree = "<group>"; };
		1E56B1E218B432D1004E8523 /* PaleoFoodTableView.h */ = {isa = PBXFileReference; fileEncoding = 4; lastKnownFileType = sourcecode.c.h; name = PaleoFoodTableView.h; path = PaleoProject/PaleoItemTableView/PaleoFoodTableView.h; sourceTree = "<group>"; };
		1E56B1E318B432D1004E8523 /* PaleoFoodTableView.m */ = {isa = PBXFileReference; fileEncoding = 4; lastKnownFileType = sourcecode.c.objc; name = PaleoFoodTableView.m; path = PaleoProject/PaleoItemTableView/PaleoFoodTableView.m; sourceTree = "<group>"; };
		1E56B1E618B43620004E8523 /* PaleoUtils.h */ = {isa = PBXFileReference; fileEncoding = 4; lastKnownFileType = sourcecode.c.h; name = PaleoUtils.h; path = PaleoProject/PaleoUtils/PaleoUtils.h; sourceTree = "<group>"; };
		1E56B1E718B43620004E8523 /* PaleoUtils.m */ = {isa = PBXFileReference; fileEncoding = 4; lastKnownFileType = sourcecode.c.objc; name = PaleoUtils.m; path = PaleoProject/PaleoUtils/PaleoUtils.m; sourceTree = "<group>"; };
		1E56B1EE18B43DEB004E8523 /* CoreData.framework */ = {isa = PBXFileReference; lastKnownFileType = wrapper.framework; name = CoreData.framework; path = System/Library/Frameworks/CoreData.framework; sourceTree = SDKROOT; };
		1E56B1F118B43EF5004E8523 /* PaleoDataModel.xcdatamodel */ = {isa = PBXFileReference; lastKnownFileType = wrapper.xcdatamodel; path = PaleoDataModel.xcdatamodel; sourceTree = "<group>"; };
		1E56B1FF18B443E1004E8523 /* libsqlite3.0.dylib */ = {isa = PBXFileReference; lastKnownFileType = "compiled.mach-o.dylib"; name = libsqlite3.0.dylib; path = usr/lib/libsqlite3.0.dylib; sourceTree = SDKROOT; };
		1E56B20218B44417004E8523 /* PaleoSqlite.h */ = {isa = PBXFileReference; fileEncoding = 4; lastKnownFileType = sourcecode.c.h; path = PaleoSqlite.h; sourceTree = "<group>"; };
		1E56B20318B44417004E8523 /* PaleoSqlite.m */ = {isa = PBXFileReference; fileEncoding = 4; lastKnownFileType = sourcecode.c.objc; path = PaleoSqlite.m; sourceTree = "<group>"; };
		1E56B20518B44E95004E8523 /* exemplo.sqlite */ = {isa = PBXFileReference; lastKnownFileType = file; path = exemplo.sqlite; sourceTree = "<group>"; };
		1E8C6B2218B593A400E251CC /* PaleoFoodManager.h */ = {isa = PBXFileReference; fileEncoding = 4; lastKnownFileType = sourcecode.c.h; name = PaleoFoodManager.h; path = PaleoFoodManager/PaleoFoodManager.h; sourceTree = "<group>"; };
		1E8C6B2318B593A500E251CC /* PaleoFoodManager.m */ = {isa = PBXFileReference; fileEncoding = 4; lastKnownFileType = sourcecode.c.objc; name = PaleoFoodManager.m; path = PaleoFoodManager/PaleoFoodManager.m; sourceTree = "<group>"; };
		1E8C6B2518B59B6B00E251CC /* bolo.jpg */ = {isa = PBXFileReference; lastKnownFileType = image.jpeg; path = bolo.jpg; sourceTree = "<group>"; };
		1E8C6B2818B59B6B00E251CC /* maca.jpg */ = {isa = PBXFileReference; lastKnownFileType = image.jpeg; path = maca.jpg; sourceTree = "<group>"; };
		1E8EE25E18B390C5000A01AF /* FavoritesViewController.h */ = {isa = PBXFileReference; fileEncoding = 4; lastKnownFileType = sourcecode.c.h; name = FavoritesViewController.h; path = FavoritesViewController/FavoritesViewController.h; sourceTree = "<group>"; };
		1E8EE25F18B390C5000A01AF /* FavoritesViewController.m */ = {isa = PBXFileReference; fileEncoding = 4; lastKnownFileType = sourcecode.c.objc; name = FavoritesViewController.m; path = FavoritesViewController/FavoritesViewController.m; sourceTree = "<group>"; };
		1E8EE26018B390C5000A01AF /* FavoritesViewController.xib */ = {isa = PBXFileReference; fileEncoding = 4; lastKnownFileType = file.xib; name = FavoritesViewController.xib; path = FavoritesViewController/FavoritesViewController.xib; sourceTree = "<group>"; };
		1E8EE26518B3B902000A01AF /* SettingsViewController.h */ = {isa = PBXFileReference; fileEncoding = 4; lastKnownFileType = sourcecode.c.h; path = SettingsViewController.h; sourceTree = "<group>"; };
		1E8EE26618B3B902000A01AF /* SettingsViewController.m */ = {isa = PBXFileReference; fileEncoding = 4; lastKnownFileType = sourcecode.c.objc; path = SettingsViewController.m; sourceTree = "<group>"; };
		1E8EE26718B3B902000A01AF /* SettingsViewController.xib */ = {isa = PBXFileReference; fileEncoding = 4; lastKnownFileType = file.xib; path = SettingsViewController.xib; sourceTree = "<group>"; };
		1E9DD6CD18B8E7890076F3DC /* FoodTypeModel.h */ = {isa = PBXFileReference; fileEncoding = 4; lastKnownFileType = sourcecode.c.h; name = FoodTypeModel.h; path = PaleoCoreData/FoodTypeModel.h; sourceTree = "<group>"; };
		1E9DD6CE18B8E7890076F3DC /* FoodTypeModel.m */ = {isa = PBXFileReference; fileEncoding = 4; lastKnownFileType = sourcecode.c.objc; name = FoodTypeModel.m; path = PaleoCoreData/FoodTypeModel.m; sourceTree = "<group>"; };
		1E9DD6D018B8E78A0076F3DC /* FoodCategoryModel.h */ = {isa = PBXFileReference; fileEncoding = 4; lastKnownFileType = sourcecode.c.h; name = FoodCategoryModel.h; path = PaleoCoreData/FoodCategoryModel.h; sourceTree = "<group>"; };
		1E9DD6D118B8E78A0076F3DC /* FoodCategoryModel.m */ = {isa = PBXFileReference; fileEncoding = 4; lastKnownFileType = sourcecode.c.objc; name = FoodCategoryModel.m; path = PaleoCoreData/FoodCategoryModel.m; sourceTree = "<group>"; };
		1E9DD6D318B8E78A0076F3DC /* FoodItemModel.h */ = {isa = PBXFileReference; fileEncoding = 4; lastKnownFileType = sourcecode.c.h; name = FoodItemModel.h; path = PaleoCoreData/FoodItemModel.h; sourceTree = "<group>"; };
		1E9DD6D418B8E78A0076F3DC /* FoodItemModel.m */ = {isa = PBXFileReference; fileEncoding = 4; lastKnownFileType = sourcecode.c.objc; name = FoodItemModel.m; path = PaleoCoreData/FoodItemModel.m; sourceTree = "<group>"; };
		1E9DD6D618B8E7BA0076F3DC /* PaleoCoreData.h */ = {isa = PBXFileReference; fileEncoding = 4; lastKnownFileType = sourcecode.c.h; name = PaleoCoreData.h; path = PaleoCoreData/PaleoCoreData.h; sourceTree = "<group>"; };
		1E9DD6D718B8E7BA0076F3DC /* PaleoCoreData.m */ = {isa = PBXFileReference; fileEncoding = 4; lastKnownFileType = sourcecode.c.objc; name = PaleoCoreData.m; path = PaleoCoreData/PaleoCoreData.m; sourceTree = "<group>"; };
		1E9DD6D918B8F4FD0076F3DC /* bolo1.png */ = {isa = PBXFileReference; lastKnownFileType = image.png; path = bolo1.png; sourceTree = "<group>"; };
		1E9DD6DA18B8F4FD0076F3DC /* bolo2.png */ = {isa = PBXFileReference; lastKnownFileType = image.png; path = bolo2.png; sourceTree = "<group>"; };
		1E9DD6DB18B8F4FD0076F3DC /* maca1.png */ = {isa = PBXFileReference; lastKnownFileType = image.png; path = maca1.png; sourceTree = "<group>"; };
		1E9DD6DC18B8F4FD0076F3DC /* maca2.png */ = {isa = PBXFileReference; lastKnownFileType = image.png; path = maca2.png; sourceTree = "<group>"; };
		1E9DD6DD18B8F4FD0076F3DC /* maca3.png */ = {isa = PBXFileReference; lastKnownFileType = image.png; path = maca3.png; sourceTree = "<group>"; };
		1E9DD6E418B8FF080076F3DC /* categoryCellBorder.png */ = {isa = PBXFileReference; lastKnownFileType = image.png; path = categoryCellBorder.png; sourceTree = "<group>"; };
		1E9DD6E518B8FF080076F3DC /* defaultImage.png */ = {isa = PBXFileReference; lastKnownFileType = image.png; path = defaultImage.png; sourceTree = "<group>"; };
		1E9DD6E618B8FF080076F3DC /* defaultMoreCellButton.png */ = {isa = PBXFileReference; lastKnownFileType = image.png; path = defaultMoreCellButton.png; sourceTree = "<group>"; };
		1E9DD6E718B8FF080076F3DC /* favorited.png */ = {isa = PBXFileReference; lastKnownFileType = image.png; path = favorited.png; sourceTree = "<group>"; };
		1E9DD6E818B8FF080076F3DC /* favoritedNot.png */ = {isa = PBXFileReference; lastKnownFileType = image.png; path = favoritedNot.png; sourceTree = "<group>"; };
		1E9DD6E918B8FF080076F3DC /* foodInfobackground.png */ = {isa = PBXFileReference; lastKnownFileType = image.png; path = foodInfobackground.png; sourceTree = "<group>"; };
		1E9DD6EA18B8FF080076F3DC /* foodItemCellBorder.png */ = {isa = PBXFileReference; lastKnownFileType = image.png; path = foodItemCellBorder.png; sourceTree = "<group>"; };
		1E9DD6EB18B8FF080076F3DC /* foodItemLastCellBorder.png */ = {isa = PBXFileReference; lastKnownFileType = image.png; path = foodItemLastCellBorder.png; sourceTree = "<group>"; };
		1E9DD6EC18B8FF080076F3DC /* foodItemTopCellBorder.png */ = {isa = PBXFileReference; lastKnownFileType = image.png; path = foodItemTopCellBorder.png; sourceTree = "<group>"; };
		1E9DD6F718B901F00076F3DC /* FoodSubcategoryHeadView.h */ = {isa = PBXFileReference; fileEncoding = 4; lastKnownFileType = sourcecode.c.h; name = FoodSubcategoryHeadView.h; path = FoodSubcategoryHeadCell/FoodSubcategoryHeadView.h; sourceTree = "<group>"; };
		1E9DD6F818B901F00076F3DC /* FoodSubcategoryHeadView.m */ = {isa = PBXFileReference; fileEncoding = 4; lastKnownFileType = sourcecode.c.objc; name = FoodSubcategoryHeadView.m; path = FoodSubcategoryHeadCell/FoodSubcategoryHeadView.m; sourceTree = "<group>"; };
		1E9DD6FC18B902180076F3DC /* FoodSubcategoryHeadView.xib */ = {isa = PBXFileReference; fileEncoding = 4; lastKnownFileType = file.xib; name = FoodSubcategoryHeadView.xib; path = FoodSubcategoryHeadCell/FoodSubcategoryHeadView.xib; sourceTree = "<group>"; };
		1E9DD6FF18B9270F0076F3DC /* Utils.h */ = {isa = PBXFileReference; fileEncoding = 4; lastKnownFileType = sourcecode.c.h; name = Utils.h; path = PaleoProject/Utils/Utils.h; sourceTree = "<group>"; };
		1E9DD70018B9270F0076F3DC /* Utils.m */ = {isa = PBXFileReference; fileEncoding = 4; lastKnownFileType = sourcecode.c.objc; name = Utils.m; path = PaleoProject/Utils/Utils.m; sourceTree = "<group>"; };
		1E9DD70318B930790076F3DC /* MessageUI.framework */ = {isa = PBXFileReference; lastKnownFileType = wrapper.framework; name = MessageUI.framework; path = System/Library/Frameworks/MessageUI.framework; sourceTree = SDKROOT; };
		1E9DD70618B931A00076F3DC /* PaleoMailController.h */ = {isa = PBXFileReference; fileEncoding = 4; lastKnownFileType = sourcecode.c.h; name = PaleoMailController.h; path = PaleoMailController/PaleoMailController.h; sourceTree = "<group>"; };
		1E9DD70718B931A00076F3DC /* PaleoMailController.m */ = {isa = PBXFileReference; fileEncoding = 4; lastKnownFileType = sourcecode.c.objc; name = PaleoMailController.m; path = PaleoMailController/PaleoMailController.m; sourceTree = "<group>"; };
		1E9DD70A18B935340076F3DC /* AboutAppView.h */ = {isa = PBXFileReference; fileEncoding = 4; lastKnownFileType = sourcecode.c.h; name = AboutAppView.h; path = AboutAppView/AboutAppView.h; sourceTree = "<group>"; };
		1E9DD70B18B935340076F3DC /* AboutAppView.m */ = {isa = PBXFileReference; fileEncoding = 4; lastKnownFileType = sourcecode.c.objc; name = AboutAppView.m; path = AboutAppView/AboutAppView.m; sourceTree = "<group>"; };
		1E9DD70D18B935430076F3DC /* AboutAppView.xib */ = {isa = PBXFileReference; fileEncoding = 4; lastKnownFileType = file.xib; name = AboutAppView.xib; path = AboutAppView/AboutAppView.xib; sourceTree = "<group>"; };
		1E9DD70F18B936AC0076F3DC /* closeX */ = {isa = PBXFileReference; lastKnownFileType = file; path = closeX; sourceTree = "<group>"; };
		1E9DD71218B99CF30076F3DC /* about.html */ = {isa = PBXFileReference; fileEncoding = 4; lastKnownFileType = text.html; path = about.html; sourceTree = "<group>"; };
		1E9DD71318B99CF30076F3DC /* test.png */ = {isa = PBXFileReference; lastKnownFileType = image.png; path = test.png; sourceTree = "<group>"; };
		1EC1253718B2E7D60063C1CB /* SearchViewController.h */ = {isa = PBXFileReference; fileEncoding = 4; lastKnownFileType = sourcecode.c.h; name = SearchViewController.h; path = SearchViewController/SearchViewController.h; sourceTree = "<group>"; };
		1EC1253818B2E7D60063C1CB /* SearchViewController.m */ = {isa = PBXFileReference; fileEncoding = 4; lastKnownFileType = sourcecode.c.objc; name = SearchViewController.m; path = SearchViewController/SearchViewController.m; sourceTree = "<group>"; };
		1EC1253918B2E7D60063C1CB /* SearchViewController.xib */ = {isa = PBXFileReference; fileEncoding = 4; lastKnownFileType = file.xib; name = SearchViewController.xib; path = SearchViewController/SearchViewController.xib; sourceTree = "<group>"; };
		1EC1253C18B2E8680063C1CB /* PaleoTabBarController.h */ = {isa = PBXFileReference; fileEncoding = 4; lastKnownFileType = sourcecode.c.h; name = PaleoTabBarController.h; path = PaleoProject/PeleoTabBarController/PaleoTabBarController.h; sourceTree = "<group>"; };
		1EC1253D18B2E8680063C1CB /* PaleoTabBarController.m */ = {isa = PBXFileReference; fileEncoding = 4; lastKnownFileType = sourcecode.c.objc; name = PaleoTabBarController.m; path = PaleoProject/PeleoTabBarController/PaleoTabBarController.m; sourceTree = "<group>"; };
		1ECCC4C618B06B7F0073992A /* PaleoProject.app */ = {isa = PBXFileReference; explicitFileType = wrapper.application; includeInIndex = 0; path = PaleoProject.app; sourceTree = BUILT_PRODUCTS_DIR; };
		1ECCC4C918B06B7F0073992A /* Foundation.framework */ = {isa = PBXFileReference; lastKnownFileType = wrapper.framework; name = Foundation.framework; path = System/Library/Frameworks/Foundation.framework; sourceTree = SDKROOT; };
		1ECCC4CB18B06B7F0073992A /* CoreGraphics.framework */ = {isa = PBXFileReference; lastKnownFileType = wrapper.framework; name = CoreGraphics.framework; path = System/Library/Frameworks/CoreGraphics.framework; sourceTree = SDKROOT; };
		1ECCC4CD18B06B7F0073992A /* UIKit.framework */ = {isa = PBXFileReference; lastKnownFileType = wrapper.framework; name = UIKit.framework; path = System/Library/Frameworks/UIKit.framework; sourceTree = SDKROOT; };
		1ECCC4D118B06B7F0073992A /* PaleoProject-Info.plist */ = {isa = PBXFileReference; lastKnownFileType = text.plist.xml; path = "PaleoProject-Info.plist"; sourceTree = "<group>"; };
		1ECCC4D318B06B7F0073992A /* en */ = {isa = PBXFileReference; lastKnownFileType = text.plist.strings; name = en; path = en.lproj/InfoPlist.strings; sourceTree = "<group>"; };
		1ECCC4D518B06B7F0073992A /* main.m */ = {isa = PBXFileReference; lastKnownFileType = sourcecode.c.objc; path = main.m; sourceTree = "<group>"; };
		1ECCC4D718B06B7F0073992A /* PaleoProject-Prefix.pch */ = {isa = PBXFileReference; lastKnownFileType = sourcecode.c.h; path = "PaleoProject-Prefix.pch"; sourceTree = "<group>"; };
		1ECCC4D818B06B7F0073992A /* AppDelegate.h */ = {isa = PBXFileReference; lastKnownFileType = sourcecode.c.h; path = AppDelegate.h; sourceTree = "<group>"; };
		1ECCC4D918B06B7F0073992A /* AppDelegate.m */ = {isa = PBXFileReference; lastKnownFileType = sourcecode.c.objc; path = AppDelegate.m; sourceTree = "<group>"; };
		1EF5F70B18BA364F00D0D2F1 /* FacebookSDK.framework */ = {isa = PBXFileReference; lastKnownFileType = wrapper.framework; path = FacebookSDK.framework; sourceTree = "<group>"; };
		1EF5F70D18BA364F00D0D2F1 /* Base64Transcoder.h */ = {isa = PBXFileReference; fileEncoding = 4; lastKnownFileType = sourcecode.c.h; path = Base64Transcoder.h; sourceTree = "<group>"; };
		1EF5F70E18BA364F00D0D2F1 /* DefaultSHKConfigurator.h */ = {isa = PBXFileReference; fileEncoding = 4; lastKnownFileType = sourcecode.c.h; path = DefaultSHKConfigurator.h; sourceTree = "<group>"; };
		1EF5F70F18BA364F00D0D2F1 /* DummyLibFile.h */ = {isa = PBXFileReference; fileEncoding = 4; lastKnownFileType = sourcecode.c.h; path = DummyLibFile.h; sourceTree = "<group>"; };
		1EF5F71018BA364F00D0D2F1 /* hmac.h */ = {isa = PBXFileReference; fileEncoding = 4; lastKnownFileType = sourcecode.c.h; path = hmac.h; sourceTree = "<group>"; };
		1EF5F71118BA364F00D0D2F1 /* MBRoundProgressView.h */ = {isa = PBXFileReference; fileEncoding = 4; lastKnownFileType = sourcecode.c.h; path = MBRoundProgressView.h; sourceTree = "<group>"; };
		1EF5F71218BA364F00D0D2F1 /* NSMutableURLRequest+Parameters.h */ = {isa = PBXFileReference; fileEncoding = 4; lastKnownFileType = sourcecode.c.h; path = "NSMutableURLRequest+Parameters.h"; sourceTree = "<group>"; };
		1EF5F71318BA364F00D0D2F1 /* NSString+LinkedIn.h */ = {isa = PBXFileReference; fileEncoding = 4; lastKnownFileType = sourcecode.c.h; path = "NSString+LinkedIn.h"; sourceTree = "<group>"; };
		1EF5F71418BA364F00D0D2F1 /* NSString+URLEncoding.h */ = {isa = PBXFileReference; fileEncoding = 4; lastKnownFileType = sourcecode.c.h; path = "NSString+URLEncoding.h"; sourceTree = "<group>"; };
		1EF5F71518BA364F00D0D2F1 /* NSURL+Base.h */ = {isa = PBXFileReference; fileEncoding = 4; lastKnownFileType = sourcecode.c.h; path = "NSURL+Base.h"; sourceTree = "<group>"; };
		1EF5F71618BA364F00D0D2F1 /* OAAsynchronousDataFetcher.h */ = {isa = PBXFileReference; fileEncoding = 4; lastKnownFileType = sourcecode.c.h; path = OAAsynchronousDataFetcher.h; sourceTree = "<group>"; };
		1EF5F71718BA364F00D0D2F1 /* OAConsumer.h */ = {isa = PBXFileReference; fileEncoding = 4; lastKnownFileType = sourcecode.c.h; path = OAConsumer.h; sourceTree = "<group>"; };
		1EF5F71818BA364F00D0D2F1 /* OADataFetcher.h */ = {isa = PBXFileReference; fileEncoding = 4; lastKnownFileType = sourcecode.c.h; path = OADataFetcher.h; sourceTree = "<group>"; };
		1EF5F71918BA364F00D0D2F1 /* OAHMAC_SHA1SignatureProvider.h */ = {isa = PBXFileReference; fileEncoding = 4; lastKnownFileType = sourcecode.c.h; path = OAHMAC_SHA1SignatureProvider.h; sourceTree = "<group>"; };
		1EF5F71A18BA364F00D0D2F1 /* OAMutableURLRequest.h */ = {isa = PBXFileReference; fileEncoding = 4; lastKnownFileType = sourcecode.c.h; path = OAMutableURLRequest.h; sourceTree = "<group>"; };
		1EF5F71B18BA364F00D0D2F1 /* OAPlaintextSignatureProvider.h */ = {isa = PBXFileReference; fileEncoding = 4; lastKnownFileType = sourcecode.c.h; path = OAPlaintextSignatureProvider.h; sourceTree = "<group>"; };
		1EF5F71C18BA364F00D0D2F1 /* OARequestParameter.h */ = {isa = PBXFileReference; fileEncoding = 4; lastKnownFileType = sourcecode.c.h; path = OARequestParameter.h; sourceTree = "<group>"; };
		1EF5F71D18BA364F00D0D2F1 /* OAServiceTicket.h */ = {isa = PBXFileReference; fileEncoding = 4; lastKnownFileType = sourcecode.c.h; path = OAServiceTicket.h; sourceTree = "<group>"; };
		1EF5F71E18BA364F00D0D2F1 /* OASignatureProviding.h */ = {isa = PBXFileReference; fileEncoding = 4; lastKnownFileType = sourcecode.c.h; path = OASignatureProviding.h; sourceTree = "<group>"; };
		1EF5F71F18BA364F00D0D2F1 /* OAToken.h */ = {isa = PBXFileReference; fileEncoding = 4; lastKnownFileType = sourcecode.c.h; path = OAToken.h; sourceTree = "<group>"; };
		1EF5F72018BA364F00D0D2F1 /* OAuthConsumer.h */ = {isa = PBXFileReference; fileEncoding = 4; lastKnownFileType = sourcecode.c.h; path = OAuthConsumer.h; sourceTree = "<group>"; };
		1EF5F72118BA364F00D0D2F1 /* sha1.h */ = {isa = PBXFileReference; fileEncoding = 4; lastKnownFileType = sourcecode.c.h; path = sha1.h; sourceTree = "<group>"; };
		1EF5F72218BA364F00D0D2F1 /* ShareKit.h */ = {isa = PBXFileReference; fileEncoding = 4; lastKnownFileType = sourcecode.c.h; path = ShareKit.h; sourceTree = "<group>"; };
		1EF5F72318BA364F00D0D2F1 /* SHK.h */ = {isa = PBXFileReference; fileEncoding = 4; lastKnownFileType = sourcecode.c.h; path = SHK.h; sourceTree = "<group>"; };
		1EF5F72418BA364F00D0D2F1 /* SHKAccountsViewController.h */ = {isa = PBXFileReference; fileEncoding = 4; lastKnownFileType = sourcecode.c.h; path = SHKAccountsViewController.h; sourceTree = "<group>"; };
		1EF5F72518BA364F00D0D2F1 /* SHKActionSheet.h */ = {isa = PBXFileReference; fileEncoding = 4; lastKnownFileType = sourcecode.c.h; path = SHKActionSheet.h; sourceTree = "<group>"; };
		1EF5F72618BA364F00D0D2F1 /* SHKActivityIndicator.h */ = {isa = PBXFileReference; fileEncoding = 4; lastKnownFileType = sourcecode.c.h; path = SHKActivityIndicator.h; sourceTree = "<group>"; };
		1EF5F72718BA364F00D0D2F1 /* SHKConfiguration.h */ = {isa = PBXFileReference; fileEncoding = 4; lastKnownFileType = sourcecode.c.h; path = SHKConfiguration.h; sourceTree = "<group>"; };
		1EF5F72818BA364F00D0D2F1 /* SHKFacebook.h */ = {isa = PBXFileReference; fileEncoding = 4; lastKnownFileType = sourcecode.c.h; path = SHKFacebook.h; sourceTree = "<group>"; };
		1EF5F72918BA364F00D0D2F1 /* SHKFacebookCommon.h */ = {isa = PBXFileReference; fileEncoding = 4; lastKnownFileType = sourcecode.c.h; path = SHKFacebookCommon.h; sourceTree = "<group>"; };
		1EF5F72A18BA364F00D0D2F1 /* SHKFile.h */ = {isa = PBXFileReference; fileEncoding = 4; lastKnownFileType = sourcecode.c.h; path = SHKFile.h; sourceTree = "<group>"; };
		1EF5F72B18BA364F00D0D2F1 /* SHKFormController.h */ = {isa = PBXFileReference; fileEncoding = 4; lastKnownFileType = sourcecode.c.h; path = SHKFormController.h; sourceTree = "<group>"; };
		1EF5F72C18BA364F00D0D2F1 /* SHKFormFieldCell.h */ = {isa = PBXFileReference; fileEncoding = 4; lastKnownFileType = sourcecode.c.h; path = SHKFormFieldCell.h; sourceTree = "<group>"; };
		1EF5F72D18BA364F00D0D2F1 /* SHKFormFieldCellOptionPicker.h */ = {isa = PBXFileReference; fileEncoding = 4; lastKnownFileType = sourcecode.c.h; path = SHKFormFieldCellOptionPicker.h; sourceTree = "<group>"; };
		1EF5F72E18BA364F00D0D2F1 /* SHKFormFieldCellSwitch.h */ = {isa = PBXFileReference; fileEncoding = 4; lastKnownFileType = sourcecode.c.h; path = SHKFormFieldCellSwitch.h; sourceTree = "<group>"; };
		1EF5F72F18BA364F00D0D2F1 /* SHKFormFieldCellText.h */ = {isa = PBXFileReference; fileEncoding = 4; lastKnownFileType = sourcecode.c.h; path = SHKFormFieldCellText.h; sourceTree = "<group>"; };
		1EF5F73018BA364F00D0D2F1 /* SHKFormFieldCellTextLarge.h */ = {isa = PBXFileReference; fileEncoding = 4; lastKnownFileType = sourcecode.c.h; path = SHKFormFieldCellTextLarge.h; sourceTree = "<group>"; };
		1EF5F73118BA364F00D0D2F1 /* SHKFormFieldLargeTextSettings.h */ = {isa = PBXFileReference; fileEncoding = 4; lastKnownFileType = sourcecode.c.h; path = SHKFormFieldLargeTextSettings.h; sourceTree = "<group>"; };
		1EF5F73218BA364F00D0D2F1 /* SHKFormFieldOptionPickerSettings.h */ = {isa = PBXFileReference; fileEncoding = 4; lastKnownFileType = sourcecode.c.h; path = SHKFormFieldOptionPickerSettings.h; sourceTree = "<group>"; };
		1EF5F73318BA364F00D0D2F1 /* SHKFormFieldSettings.h */ = {isa = PBXFileReference; fileEncoding = 4; lastKnownFileType = sourcecode.c.h; path = SHKFormFieldSettings.h; sourceTree = "<group>"; };
		1EF5F73418BA364F00D0D2F1 /* SHKFormOptionController.h */ = {isa = PBXFileReference; fileEncoding = 4; lastKnownFileType = sourcecode.c.h; path = SHKFormOptionController.h; sourceTree = "<group>"; };
		1EF5F73518BA364F00D0D2F1 /* SHKiOS5Twitter.h */ = {isa = PBXFileReference; fileEncoding = 4; lastKnownFileType = sourcecode.c.h; path = SHKiOS5Twitter.h; sourceTree = "<group>"; };
		1EF5F73618BA364F00D0D2F1 /* SHKiOSFacebook.h */ = {isa = PBXFileReference; fileEncoding = 4; lastKnownFileType = sourcecode.c.h; path = SHKiOSFacebook.h; sourceTree = "<group>"; };
		1EF5F73718BA364F00D0D2F1 /* SHKiOSSharer.h */ = {isa = PBXFileReference; fileEncoding = 4; lastKnownFileType = sourcecode.c.h; path = SHKiOSSharer.h; sourceTree = "<group>"; };
		1EF5F73818BA364F00D0D2F1 /* SHKiOSTwitter.h */ = {isa = PBXFileReference; fileEncoding = 4; lastKnownFileType = sourcecode.c.h; path = SHKiOSTwitter.h; sourceTree = "<group>"; };
		1EF5F73918BA364F00D0D2F1 /* SHKItem.h */ = {isa = PBXFileReference; fileEncoding = 4; lastKnownFileType = sourcecode.c.h; path = SHKItem.h; sourceTree = "<group>"; };
		1EF5F73A18BA364F00D0D2F1 /* SHKLinkedIn.h */ = {isa = PBXFileReference; fileEncoding = 4; lastKnownFileType = sourcecode.c.h; path = SHKLinkedIn.h; sourceTree = "<group>"; };
		1EF5F73B18BA364F00D0D2F1 /* SHKLogout.h */ = {isa = PBXFileReference; fileEncoding = 4; lastKnownFileType = sourcecode.c.h; path = SHKLogout.h; sourceTree = "<group>"; };
		1EF5F73C18BA364F00D0D2F1 /* SHKMail.h */ = {isa = PBXFileReference; fileEncoding = 4; lastKnownFileType = sourcecode.c.h; path = SHKMail.h; sourceTree = "<group>"; };
		1EF5F73D18BA364F00D0D2F1 /* SHKOAuthSharer.h */ = {isa = PBXFileReference; fileEncoding = 4; lastKnownFileType = sourcecode.c.h; path = SHKOAuthSharer.h; sourceTree = "<group>"; };
		1EF5F73E18BA364F00D0D2F1 /* SHKOAuthView.h */ = {isa = PBXFileReference; fileEncoding = 4; lastKnownFileType = sourcecode.c.h; path = SHKOAuthView.h; sourceTree = "<group>"; };
		1EF5F73F18BA364F00D0D2F1 /* SHKOfflineSharer.h */ = {isa = PBXFileReference; fileEncoding = 4; lastKnownFileType = sourcecode.c.h; path = SHKOfflineSharer.h; sourceTree = "<group>"; };
		1EF5F74018BA364F00D0D2F1 /* SHKReachability.h */ = {isa = PBXFileReference; fileEncoding = 4; lastKnownFileType = sourcecode.c.h; path = SHKReachability.h; sourceTree = "<group>"; };
		1EF5F74118BA364F00D0D2F1 /* SHKRequest.h */ = {isa = PBXFileReference; fileEncoding = 4; lastKnownFileType = sourcecode.c.h; path = SHKRequest.h; sourceTree = "<group>"; };
		1EF5F74218BA364F00D0D2F1 /* SHKShareItemDelegate.h */ = {isa = PBXFileReference; fileEncoding = 4; lastKnownFileType = sourcecode.c.h; path = SHKShareItemDelegate.h; sourceTree = "<group>"; };
		1EF5F74318BA364F00D0D2F1 /* SHKShareMenu.h */ = {isa = PBXFileReference; fileEncoding = 4; lastKnownFileType = sourcecode.c.h; path = SHKShareMenu.h; sourceTree = "<group>"; };
		1EF5F74418BA364F00D0D2F1 /* SHKSharer.h */ = {isa = PBXFileReference; fileEncoding = 4; lastKnownFileType = sourcecode.c.h; path = SHKSharer.h; sourceTree = "<group>"; };
		1EF5F74518BA364F00D0D2F1 /* SHKSharerDelegate.h */ = {isa = PBXFileReference; fileEncoding = 4; lastKnownFileType = sourcecode.c.h; path = SHKSharerDelegate.h; sourceTree = "<group>"; };
		1EF5F74618BA364F00D0D2F1 /* SHKTwitter.h */ = {isa = PBXFileReference; fileEncoding = 4; lastKnownFileType = sourcecode.c.h; path = SHKTwitter.h; sourceTree = "<group>"; };
		1EF5F74718BA364F00D0D2F1 /* SHKTwitterCommon.h */ = {isa = PBXFileReference; fileEncoding = 4; lastKnownFileType = sourcecode.c.h; path = SHKTwitterCommon.h; sourceTree = "<group>"; };
		1EF5F74818BA364F00D0D2F1 /* SHKUploadInfo.h */ = {isa = PBXFileReference; fileEncoding = 4; lastKnownFileType = sourcecode.c.h; path = SHKUploadInfo.h; sourceTree = "<group>"; };
		1EF5F74918BA364F00D0D2F1 /* SHKUploadsViewCell.h */ = {isa = PBXFileReference; fileEncoding = 4; lastKnownFileType = sourcecode.c.h; path = SHKUploadsViewCell.h; sourceTree = "<group>"; };
		1EF5F74A18BA364F00D0D2F1 /* SHKXMLResponseParser.h */ = {isa = PBXFileReference; fileEncoding = 4; lastKnownFileType = sourcecode.c.h; path = SHKXMLResponseParser.h; sourceTree = "<group>"; };
		1EF5F74B18BA364F00D0D2F1 /* libShareKit.a */ = {isa = PBXFileReference; lastKnownFileType = archive.ar; path = libShareKit.a; sourceTree = "<group>"; };
		1EF5F74E18BA36F800D0D2F1 /* SystemConfiguration.framework */ = {isa = PBXFileReference; lastKnownFileType = wrapper.framework; name = SystemConfiguration.framework; path = System/Library/Frameworks/SystemConfiguration.framework; sourceTree = SDKROOT; };
		1EF5F75018BA370000D0D2F1 /* Security.framework */ = {isa = PBXFileReference; lastKnownFileType = wrapper.framework; name = Security.framework; path = System/Library/Frameworks/Security.framework; sourceTree = SDKROOT; };
		1EF5F75218BA371400D0D2F1 /* MobileCoreServices.framework */ = {isa = PBXFileReference; lastKnownFileType = wrapper.framework; name = MobileCoreServices.framework; path = System/Library/Frameworks/MobileCoreServices.framework; sourceTree = SDKROOT; };
		1EF5F75418BA371C00D0D2F1 /* CoreMedia.framework */ = {isa = PBXFileReference; lastKnownFileType = wrapper.framework; name = CoreMedia.framework; path = System/Library/Frameworks/CoreMedia.framework; sourceTree = SDKROOT; };
		1EF5F75618BA372200D0D2F1 /* AVFoundation.framework */ = {isa = PBXFileReference; lastKnownFileType = wrapper.framework; name = AVFoundation.framework; path = System/Library/Frameworks/AVFoundation.framework; sourceTree = SDKROOT; };
		1EF5F75818BA373600D0D2F1 /* Twitter.framework */ = {isa = PBXFileReference; lastKnownFileType = wrapper.framework; name = Twitter.framework; path = System/Library/Frameworks/Twitter.framework; sourceTree = SDKROOT; };
		1EF5F75A18BA373A00D0D2F1 /* AdSupport.framework */ = {isa = PBXFileReference; lastKnownFileType = wrapper.framework; name = AdSupport.framework; path = System/Library/Frameworks/AdSupport.framework; sourceTree = SDKROOT; };
		1EF5F75C18BA374600D0D2F1 /* Accounts.framework */ = {isa = PBXFileReference; lastKnownFileType = wrapper.framework; name = Accounts.framework; path = System/Library/Frameworks/Accounts.framework; sourceTree = SDKROOT; };
		1EF5F75E18BA375400D0D2F1 /* Social.framework */ = {isa = PBXFileReference; lastKnownFileType = wrapper.framework; name = Social.framework; path = System/Library/Frameworks/Social.framework; sourceTree = SDKROOT; };
		1EF5F76018BA375A00D0D2F1 /* StoreKit.framework */ = {isa = PBXFileReference; lastKnownFileType = wrapper.framework; name = StoreKit.framework; path = System/Library/Frameworks/StoreKit.framework; sourceTree = SDKROOT; };
		1EF5F76418BA37E200D0D2F1 /* SharekitCustom.h */ = {isa = PBXFileReference; fileEncoding = 4; lastKnownFileType = sourcecode.c.h; name = SharekitCustom.h; path = PaleoProject/SharekitCustom/SharekitCustom.h; sourceTree = "<group>"; };
		1EF5F76518BA37E200D0D2F1 /* SharekitCustom.m */ = {isa = PBXFileReference; fileEncoding = 4; lastKnownFileType = sourcecode.c.objc; name = SharekitCustom.m; path = PaleoProject/SharekitCustom/SharekitCustom.m; sourceTree = "<group>"; };
		1EF5F76718BA3E1700D0D2F1 /* ShareKit.bundle */ = {isa = PBXFileReference; lastKnownFileType = "wrapper.plug-in"; path = ShareKit.bundle; sourceTree = "<group>"; };
/* End PBXFileReference section */

/* Begin PBXFrameworksBuildPhase section */
		1ECCC4C318B06B7E0073992A /* Frameworks */ = {
			isa = PBXFrameworksBuildPhase;
			buildActionMask = 2147483647;
			files = (
				1EF5F76118BA375A00D0D2F1 /* StoreKit.framework in Frameworks */,
				1EF5F75F18BA375400D0D2F1 /* Social.framework in Frameworks */,
				1EF5F75D18BA374600D0D2F1 /* Accounts.framework in Frameworks */,
				1EF5F75B18BA373B00D0D2F1 /* AdSupport.framework in Frameworks */,
				1EF5F75918BA373600D0D2F1 /* Twitter.framework in Frameworks */,
				1EF5F75718BA372200D0D2F1 /* AVFoundation.framework in Frameworks */,
				1EF5F75518BA371C00D0D2F1 /* CoreMedia.framework in Frameworks */,
				1EF5F75318BA371400D0D2F1 /* MobileCoreServices.framework in Frameworks */,
				1EF5F75118BA370000D0D2F1 /* Security.framework in Frameworks */,
				1EF5F74F18BA36F800D0D2F1 /* SystemConfiguration.framework in Frameworks */,
				1E9DD70518B931260076F3DC /* MessageUI.framework in Frameworks */,
				1E56B20018B443E1004E8523 /* libsqlite3.0.dylib in Frameworks */,
				1E56B1EF18B43DEB004E8523 /* CoreData.framework in Frameworks */,
				1ECCC4CC18B06B7F0073992A /* CoreGraphics.framework in Frameworks */,
				1ECCC4CE18B06B7F0073992A /* UIKit.framework in Frameworks */,
				1ECCC4CA18B06B7F0073992A /* Foundation.framework in Frameworks */,
				1EF5F74D18BA364F00D0D2F1 /* libShareKit.a in Frameworks */,
				1EF5F74C18BA364F00D0D2F1 /* FacebookSDK.framework in Frameworks */,
			);
			runOnlyForDeploymentPostprocessing = 0;
		};
/* End PBXFrameworksBuildPhase section */

/* Begin PBXGroup section */
		1E01CE9018B0BB9A00AD741B /* images */ = {
			isa = PBXGroup;
			children = (
				1E9DD70F18B936AC0076F3DC /* closeX */,
				1E9DD6E318B8FF080076F3DC /* ImagesTest */,
				1E9DD6D918B8F4FD0076F3DC /* bolo1.png */,
				1E9DD6DA18B8F4FD0076F3DC /* bolo2.png */,
				1E9DD6DB18B8F4FD0076F3DC /* maca1.png */,
				1E9DD6DC18B8F4FD0076F3DC /* maca2.png */,
				1E9DD6DD18B8F4FD0076F3DC /* maca3.png */,
				1E8C6B2518B59B6B00E251CC /* bolo.jpg */,
				1E8C6B2818B59B6B00E251CC /* maca.jpg */,
				1E01CE9118B0BB9A00AD741B /* default */,
				1E01CE9218B0BB9A00AD741B /* baseBarIcons@2x */,
				1E0E6E2118B855BF00A3E28D /* tabBarItemFavorites.png */,
				1E0E6E2218B855BF00A3E28D /* tabBarItemFavorites@2x.png */,
				1E0E6E2318B855BF00A3E28D /* tabBarItemFood.png */,
				1E0E6E2418B855BF00A3E28D /* tabBarItemFood@2x.png */,
				1E0E6E2518B855BF00A3E28D /* tabBarItemSearch.png */,
				1E0E6E2618B855BF00A3E28D /* tabBarItemSearch@2x.png */,
				1E0E6E2718B855BF00A3E28D /* tabBarItemSettings.png */,
				1E0E6E2818B855BF00A3E28D /* tabBarItemSettings@2x.png */,
			);
			path = images;
			sourceTree = "<group>";
		};
		1E01CE9518B0C09700AD741B /* FoodCategoryViewController */ = {
			isa = PBXGroup;
			children = (
				1E01CE9F18B0C9BF00AD741B /* FoodCategoryCell */,
				1E01CE9618B0C0F800AD741B /* FoodCategoryViewController.h */,
				1E01CE9718B0C0F800AD741B /* FoodCategoryViewController.m */,
				1E01CE9818B0C0F800AD741B /* FoodCategoryViewController.xib */,
			);
			name = FoodCategoryViewController;
			sourceTree = "<group>";
		};
		1E01CE9E18B0C1E500AD741B /* PaleoNavigationController */ = {
			isa = PBXGroup;
			children = (
				1E01CE9B18B0C1DD00AD741B /* PaleoNavigationController.h */,
				1E01CE9C18B0C1DD00AD741B /* PaleoNavigationController.m */,
			);
			name = PaleoNavigationController;
			path = PaleoProject;
			sourceTree = "<group>";
		};
		1E01CE9F18B0C9BF00AD741B /* FoodCategoryCell */ = {
			isa = PBXGroup;
			children = (
				1E01CEA018B0C9F300AD741B /* FoodCategoryCell.h */,
				1E01CEA118B0C9F300AD741B /* FoodCategoryCell.m */,
				1E01CEA318B0CA0B00AD741B /* FoodCategoryCell.xib */,
			);
			name = FoodCategoryCell;
			sourceTree = "<group>";
		};
		1E01CEA518B0CB8300AD741B /* FoodSubcategoriesViewController */ = {
			isa = PBXGroup;
			children = (
				1E9DD6F618B901C50076F3DC /* FoodSubcategoryHeadView */,
				1E01CEAB18B0CCEE00AD741B /* FoodSubcategoriesCell */,
				1E01CEA818B0CC0A00AD741B /* FoodSubcategoriesViewController.h */,
				1E01CEA918B0CC0A00AD741B /* FoodSubcategoriesViewController.m */,
				1E01CEA618B0CBBE00AD741B /* FoodSubcategoriesViewController.xib */,
			);
			name = FoodSubcategoriesViewController;
			sourceTree = "<group>";
		};
		1E01CEAB18B0CCEE00AD741B /* FoodSubcategoriesCell */ = {
			isa = PBXGroup;
			children = (
				1E01CEAC18B0CD0C00AD741B /* FoodSubcategoriesCell.h */,
				1E01CEAD18B0CD0C00AD741B /* FoodSubcategoriesCell.m */,
				1E01CEAF18B0CD2800AD741B /* FoodSubcategoriesCell.xib */,
			);
			name = FoodSubcategoriesCell;
			sourceTree = "<group>";
		};
		1E01CEB118B0D3AB00AD741B /* FoodItemViewController */ = {
			isa = PBXGroup;
			children = (
				1E01CEB218B0D41400AD741B /* FoodItemViewController.h */,
				1E01CEB318B0D41400AD741B /* FoodItemViewController.m */,
				1E01CEB418B0D41400AD741B /* FoodItemViewController.xib */,
			);
			name = FoodItemViewController;
			sourceTree = "<group>";
		};
		1E0E6E3418B8DCEA00A3E28D /* PaleoDefines */ = {
			isa = PBXGroup;
			children = (
				1E0E6E3118B8DCCA00A3E28D /* PaleoDefines.h */,
				1E0E6E3218B8DCCA00A3E28D /* PaleoDefines.m */,
			);
			name = PaleoDefines;
			sourceTree = "<group>";
		};
		1E56B1E018B42C81004E8523 /* PaleoCustomControllerAndView */ = {
			isa = PBXGroup;
			children = (
				1E56B1E118B4327B004E8523 /* PaleoFoodTableView */,
				1EC1253F18B2E8710063C1CB /* PeleoTabBarController */,
				1E01CE9E18B0C1E500AD741B /* PaleoNavigationController */,
			);
			name = PaleoCustomControllerAndView;
			path = ..;
			sourceTree = "<group>";
		};
		1E56B1E118B4327B004E8523 /* PaleoFoodTableView */ = {
			isa = PBXGroup;
			children = (
				1E56B1E218B432D1004E8523 /* PaleoFoodTableView.h */,
				1E56B1E318B432D1004E8523 /* PaleoFoodTableView.m */,
			);
			name = PaleoFoodTableView;
			sourceTree = "<group>";
		};
		1E56B1E518B43609004E8523 /* PaleoUtils */ = {
			isa = PBXGroup;
			children = (
				1E56B1E618B43620004E8523 /* PaleoUtils.h */,
				1E56B1E718B43620004E8523 /* PaleoUtils.m */,
			);
			name = PaleoUtils;
			path = ..;
			sourceTree = "<group>";
		};
		1E56B1E918B43D01004E8523 /* ViewControllers */ = {
			isa = PBXGroup;
			children = (
				1E8EE26418B3B8EA000A01AF /* Settings */,
				1E8EE25D18B3909A000A01AF /* Favorites */,
				1EC1253518B2E7B10063C1CB /* Search */,
				1EC1253418B2E7950063C1CB /* Food */,
			);
			name = ViewControllers;
			path = ..;
			sourceTree = "<group>";
		};
		1E56B1EA18B43D91004E8523 /* PaleoCoreData */ = {
			isa = PBXGroup;
			children = (
				1E9DD6D618B8E7BA0076F3DC /* PaleoCoreData.h */,
				1E9DD6D718B8E7BA0076F3DC /* PaleoCoreData.m */,
				1E56B1F018B43EF5004E8523 /* PaleoDataModel.xcdatamodeld */,
				1E9DD6D318B8E78A0076F3DC /* FoodItemModel.h */,
				1E9DD6D418B8E78A0076F3DC /* FoodItemModel.m */,
				1E9DD6D018B8E78A0076F3DC /* FoodCategoryModel.h */,
				1E9DD6D118B8E78A0076F3DC /* FoodCategoryModel.m */,
				1E9DD6CD18B8E7890076F3DC /* FoodTypeModel.h */,
				1E9DD6CE18B8E7890076F3DC /* FoodTypeModel.m */,
			);
			name = PaleoCoreData;
			sourceTree = "<group>";
		};
		1E56B20118B443EA004E8523 /* PaleoSqlite */ = {
			isa = PBXGroup;
			children = (
				1E56B20518B44E95004E8523 /* exemplo.sqlite */,
				1E56B20218B44417004E8523 /* PaleoSqlite.h */,
				1E56B20318B44417004E8523 /* PaleoSqlite.m */,
			);
			name = PaleoSqlite;
			sourceTree = "<group>";
		};
		1E8C6B2118B5937800E251CC /* PaleoFoodManager */ = {
			isa = PBXGroup;
			children = (
				1E8C6B2218B593A400E251CC /* PaleoFoodManager.h */,
				1E8C6B2318B593A500E251CC /* PaleoFoodManager.m */,
			);
			name = PaleoFoodManager;
			sourceTree = "<group>";
		};
		1E8EE25D18B3909A000A01AF /* Favorites */ = {
			isa = PBXGroup;
			children = (
				1E8EE26318B3B8DA000A01AF /* FavoritesViewController */,
			);
			name = Favorites;
			path = PaleoProject;
			sourceTree = "<group>";
		};
		1E8EE26318B3B8DA000A01AF /* FavoritesViewController */ = {
			isa = PBXGroup;
			children = (
				1E8EE25E18B390C5000A01AF /* FavoritesViewController.h */,
				1E8EE25F18B390C5000A01AF /* FavoritesViewController.m */,
				1E8EE26018B390C5000A01AF /* FavoritesViewController.xib */,
			);
			name = FavoritesViewController;
			sourceTree = "<group>";
		};
		1E8EE26418B3B8EA000A01AF /* Settings */ = {
			isa = PBXGroup;
			children = (
				1E9DD70918B935120076F3DC /* AboutAppView */,
				1E9DD70218B9301B0076F3DC /* PaleoMailController */,
				1E8EE26518B3B902000A01AF /* SettingsViewController.h */,
				1E8EE26618B3B902000A01AF /* SettingsViewController.m */,
				1E8EE26718B3B902000A01AF /* SettingsViewController.xib */,
			);
			name = Settings;
			path = PaleoProject;
			sourceTree = "<group>";
		};
		1E9DD6E318B8FF080076F3DC /* ImagesTest */ = {
			isa = PBXGroup;
			children = (
				1E9DD6E418B8FF080076F3DC /* categoryCellBorder.png */,
				1E9DD6E518B8FF080076F3DC /* defaultImage.png */,
				1E9DD6E618B8FF080076F3DC /* defaultMoreCellButton.png */,
				1E9DD6E718B8FF080076F3DC /* favorited.png */,
				1E9DD6E818B8FF080076F3DC /* favoritedNot.png */,
				1E9DD6E918B8FF080076F3DC /* foodInfobackground.png */,
				1E9DD6EA18B8FF080076F3DC /* foodItemCellBorder.png */,
				1E9DD6EB18B8FF080076F3DC /* foodItemLastCellBorder.png */,
				1E9DD6EC18B8FF080076F3DC /* foodItemTopCellBorder.png */,
			);
			path = ImagesTest;
			sourceTree = "<group>";
		};
		1E9DD6F618B901C50076F3DC /* FoodSubcategoryHeadView */ = {
			isa = PBXGroup;
			children = (
				1E9DD6F718B901F00076F3DC /* FoodSubcategoryHeadView.h */,
				1E9DD6F818B901F00076F3DC /* FoodSubcategoryHeadView.m */,
				1E9DD6FC18B902180076F3DC /* FoodSubcategoryHeadView.xib */,
			);
			name = FoodSubcategoryHeadView;
			sourceTree = "<group>";
		};
		1E9DD6FE18B926E60076F3DC /* Others */ = {
			isa = PBXGroup;
			children = (
				1EF5F76318BA379B00D0D2F1 /* SharekitCustom */,
				1EF5F76218BA378B00D0D2F1 /* Utils */,
			);
			name = Others;
			sourceTree = "<group>";
		};
		1E9DD70218B9301B0076F3DC /* PaleoMailController */ = {
			isa = PBXGroup;
			children = (
				1E9DD70618B931A00076F3DC /* PaleoMailController.h */,
				1E9DD70718B931A00076F3DC /* PaleoMailController.m */,
			);
			name = PaleoMailController;
			sourceTree = "<group>";
		};
		1E9DD70918B935120076F3DC /* AboutAppView */ = {
			isa = PBXGroup;
			children = (
				1E9DD70A18B935340076F3DC /* AboutAppView.h */,
				1E9DD70B18B935340076F3DC /* AboutAppView.m */,
				1E9DD70D18B935430076F3DC /* AboutAppView.xib */,
			);
			name = AboutAppView;
			sourceTree = "<group>";
		};
		1E9DD71118B99CF30076F3DC /* html */ = {
			isa = PBXGroup;
			children = (
				1E9DD71218B99CF30076F3DC /* about.html */,
				1E9DD71318B99CF30076F3DC /* test.png */,
			);
			name = html;
			path = PaleoProject/html;
			sourceTree = "<group>";
		};
		1EC1253418B2E7950063C1CB /* Food */ = {
			isa = PBXGroup;
			children = (
				1E01CEB118B0D3AB00AD741B /* FoodItemViewController */,
				1E01CEA518B0CB8300AD741B /* FoodSubcategoriesViewController */,
				1E01CE9518B0C09700AD741B /* FoodCategoryViewController */,
			);
			name = Food;
			path = PaleoProject;
			sourceTree = "<group>";
		};
		1EC1253518B2E7B10063C1CB /* Search */ = {
			isa = PBXGroup;
			children = (
				1EC1253618B2E7BD0063C1CB /* SearchViewController */,
			);
			name = Search;
			path = PaleoProject;
			sourceTree = "<group>";
		};
		1EC1253618B2E7BD0063C1CB /* SearchViewController */ = {
			isa = PBXGroup;
			children = (
				1EC1253718B2E7D60063C1CB /* SearchViewController.h */,
				1EC1253818B2E7D60063C1CB /* SearchViewController.m */,
				1EC1253918B2E7D60063C1CB /* SearchViewController.xib */,
			);
			name = SearchViewController;
			sourceTree = "<group>";
		};
		1EC1253F18B2E8710063C1CB /* PeleoTabBarController */ = {
			isa = PBXGroup;
			children = (
				1EC1253C18B2E8680063C1CB /* PaleoTabBarController.h */,
				1EC1253D18B2E8680063C1CB /* PaleoTabBarController.m */,
			);
			name = PeleoTabBarController;
			sourceTree = "<group>";
		};
		1ECCC4BD18B06B7E0073992A = {
			isa = PBXGroup;
			children = (
				1EF5F70918BA364F00D0D2F1 /* External Libraries */,
				1E9DD71118B99CF30076F3DC /* html */,
				1E9DD6FE18B926E60076F3DC /* Others */,
				1ECCC4CF18B06B7F0073992A /* PaleoProject */,
				1ECCC4C818B06B7F0073992A /* Frameworks */,
				1ECCC4C718B06B7F0073992A /* Products */,
				1E01CE9018B0BB9A00AD741B /* images */,
			);
			sourceTree = "<group>";
		};
		1ECCC4C718B06B7F0073992A /* Products */ = {
			isa = PBXGroup;
			children = (
				1ECCC4C618B06B7F0073992A /* PaleoProject.app */,
			);
			name = Products;
			sourceTree = "<group>";
		};
		1ECCC4C818B06B7F0073992A /* Frameworks */ = {
			isa = PBXGroup;
			children = (
				1EF5F76018BA375A00D0D2F1 /* StoreKit.framework */,
				1EF5F75E18BA375400D0D2F1 /* Social.framework */,
				1EF5F75C18BA374600D0D2F1 /* Accounts.framework */,
				1EF5F75A18BA373A00D0D2F1 /* AdSupport.framework */,
				1EF5F75818BA373600D0D2F1 /* Twitter.framework */,
				1EF5F75618BA372200D0D2F1 /* AVFoundation.framework */,
				1EF5F75418BA371C00D0D2F1 /* CoreMedia.framework */,
				1EF5F75218BA371400D0D2F1 /* MobileCoreServices.framework */,
				1EF5F75018BA370000D0D2F1 /* Security.framework */,
				1EF5F74E18BA36F800D0D2F1 /* SystemConfiguration.framework */,
				1E9DD70318B930790076F3DC /* MessageUI.framework */,
				1E56B1FF18B443E1004E8523 /* libsqlite3.0.dylib */,
				1E56B1EE18B43DEB004E8523 /* CoreData.framework */,
				1ECCC4C918B06B7F0073992A /* Foundation.framework */,
				1ECCC4CB18B06B7F0073992A /* CoreGraphics.framework */,
				1ECCC4CD18B06B7F0073992A /* UIKit.framework */,
			);
			name = Frameworks;
			sourceTree = "<group>";
		};
		1ECCC4CF18B06B7F0073992A /* PaleoProject */ = {
			isa = PBXGroup;
			children = (
				1E0E6E3418B8DCEA00A3E28D /* PaleoDefines */,
				1E8C6B2118B5937800E251CC /* PaleoFoodManager */,
				1E56B20118B443EA004E8523 /* PaleoSqlite */,
				1E56B1EA18B43D91004E8523 /* PaleoCoreData */,
				1E56B1E918B43D01004E8523 /* ViewControllers */,
				1E56B1E518B43609004E8523 /* PaleoUtils */,
				1E56B1E018B42C81004E8523 /* PaleoCustomControllerAndView */,
				1ECCC4D818B06B7F0073992A /* AppDelegate.h */,
				1ECCC4D918B06B7F0073992A /* AppDelegate.m */,
				1ECCC4D018B06B7F0073992A /* Supporting Files */,
			);
			path = PaleoProject;
			sourceTree = "<group>";
		};
		1ECCC4D018B06B7F0073992A /* Supporting Files */ = {
			isa = PBXGroup;
			children = (
				1ECCC4D118B06B7F0073992A /* PaleoProject-Info.plist */,
				1ECCC4D218B06B7F0073992A /* InfoPlist.strings */,
				1ECCC4D518B06B7F0073992A /* main.m */,
				1ECCC4D718B06B7F0073992A /* PaleoProject-Prefix.pch */,
			);
			name = "Supporting Files";
			sourceTree = "<group>";
		};
		1EF5F70918BA364F00D0D2F1 /* External Libraries */ = {
			isa = PBXGroup;
			children = (
				1EF5F70A18BA364F00D0D2F1 /* ShareKit */,
			);
			name = "External Libraries";
			path = "PaleoProject/External Libraries";
			sourceTree = "<group>";
		};
		1EF5F70A18BA364F00D0D2F1 /* ShareKit */ = {
			isa = PBXGroup;
			children = (
				1EF5F76718BA3E1700D0D2F1 /* ShareKit.bundle */,
				1EF5F70B18BA364F00D0D2F1 /* FacebookSDK.framework */,
				1EF5F70C18BA364F00D0D2F1 /* include */,
				1EF5F74B18BA364F00D0D2F1 /* libShareKit.a */,
			);
			path = ShareKit;
			sourceTree = "<group>";
		};
		1EF5F70C18BA364F00D0D2F1 /* include */ = {
			isa = PBXGroup;
			children = (
				1EF5F70D18BA364F00D0D2F1 /* Base64Transcoder.h */,
				1EF5F70E18BA364F00D0D2F1 /* DefaultSHKConfigurator.h */,
				1EF5F70F18BA364F00D0D2F1 /* DummyLibFile.h */,
				1EF5F71018BA364F00D0D2F1 /* hmac.h */,
				1EF5F71118BA364F00D0D2F1 /* MBRoundProgressView.h */,
				1EF5F71218BA364F00D0D2F1 /* NSMutableURLRequest+Parameters.h */,
				1EF5F71318BA364F00D0D2F1 /* NSString+LinkedIn.h */,
				1EF5F71418BA364F00D0D2F1 /* NSString+URLEncoding.h */,
				1EF5F71518BA364F00D0D2F1 /* NSURL+Base.h */,
				1EF5F71618BA364F00D0D2F1 /* OAAsynchronousDataFetcher.h */,
				1EF5F71718BA364F00D0D2F1 /* OAConsumer.h */,
				1EF5F71818BA364F00D0D2F1 /* OADataFetcher.h */,
				1EF5F71918BA364F00D0D2F1 /* OAHMAC_SHA1SignatureProvider.h */,
				1EF5F71A18BA364F00D0D2F1 /* OAMutableURLRequest.h */,
				1EF5F71B18BA364F00D0D2F1 /* OAPlaintextSignatureProvider.h */,
				1EF5F71C18BA364F00D0D2F1 /* OARequestParameter.h */,
				1EF5F71D18BA364F00D0D2F1 /* OAServiceTicket.h */,
				1EF5F71E18BA364F00D0D2F1 /* OASignatureProviding.h */,
				1EF5F71F18BA364F00D0D2F1 /* OAToken.h */,
				1EF5F72018BA364F00D0D2F1 /* OAuthConsumer.h */,
				1EF5F72118BA364F00D0D2F1 /* sha1.h */,
				1EF5F72218BA364F00D0D2F1 /* ShareKit.h */,
				1EF5F72318BA364F00D0D2F1 /* SHK.h */,
				1EF5F72418BA364F00D0D2F1 /* SHKAccountsViewController.h */,
				1EF5F72518BA364F00D0D2F1 /* SHKActionSheet.h */,
				1EF5F72618BA364F00D0D2F1 /* SHKActivityIndicator.h */,
				1EF5F72718BA364F00D0D2F1 /* SHKConfiguration.h */,
				1EF5F72818BA364F00D0D2F1 /* SHKFacebook.h */,
				1EF5F72918BA364F00D0D2F1 /* SHKFacebookCommon.h */,
				1EF5F72A18BA364F00D0D2F1 /* SHKFile.h */,
				1EF5F72B18BA364F00D0D2F1 /* SHKFormController.h */,
				1EF5F72C18BA364F00D0D2F1 /* SHKFormFieldCell.h */,
				1EF5F72D18BA364F00D0D2F1 /* SHKFormFieldCellOptionPicker.h */,
				1EF5F72E18BA364F00D0D2F1 /* SHKFormFieldCellSwitch.h */,
				1EF5F72F18BA364F00D0D2F1 /* SHKFormFieldCellText.h */,
				1EF5F73018BA364F00D0D2F1 /* SHKFormFieldCellTextLarge.h */,
				1EF5F73118BA364F00D0D2F1 /* SHKFormFieldLargeTextSettings.h */,
				1EF5F73218BA364F00D0D2F1 /* SHKFormFieldOptionPickerSettings.h */,
				1EF5F73318BA364F00D0D2F1 /* SHKFormFieldSettings.h */,
				1EF5F73418BA364F00D0D2F1 /* SHKFormOptionController.h */,
				1EF5F73518BA364F00D0D2F1 /* SHKiOS5Twitter.h */,
				1EF5F73618BA364F00D0D2F1 /* SHKiOSFacebook.h */,
				1EF5F73718BA364F00D0D2F1 /* SHKiOSSharer.h */,
				1EF5F73818BA364F00D0D2F1 /* SHKiOSTwitter.h */,
				1EF5F73918BA364F00D0D2F1 /* SHKItem.h */,
				1EF5F73A18BA364F00D0D2F1 /* SHKLinkedIn.h */,
				1EF5F73B18BA364F00D0D2F1 /* SHKLogout.h */,
				1EF5F73C18BA364F00D0D2F1 /* SHKMail.h */,
				1EF5F73D18BA364F00D0D2F1 /* SHKOAuthSharer.h */,
				1EF5F73E18BA364F00D0D2F1 /* SHKOAuthView.h */,
				1EF5F73F18BA364F00D0D2F1 /* SHKOfflineSharer.h */,
				1EF5F74018BA364F00D0D2F1 /* SHKReachability.h */,
				1EF5F74118BA364F00D0D2F1 /* SHKRequest.h */,
				1EF5F74218BA364F00D0D2F1 /* SHKShareItemDelegate.h */,
				1EF5F74318BA364F00D0D2F1 /* SHKShareMenu.h */,
				1EF5F74418BA364F00D0D2F1 /* SHKSharer.h */,
				1EF5F74518BA364F00D0D2F1 /* SHKSharerDelegate.h */,
				1EF5F74618BA364F00D0D2F1 /* SHKTwitter.h */,
				1EF5F74718BA364F00D0D2F1 /* SHKTwitterCommon.h */,
				1EF5F74818BA364F00D0D2F1 /* SHKUploadInfo.h */,
				1EF5F74918BA364F00D0D2F1 /* SHKUploadsViewCell.h */,
				1EF5F74A18BA364F00D0D2F1 /* SHKXMLResponseParser.h */,
			);
			path = include;
			sourceTree = "<group>";
		};
		1EF5F76218BA378B00D0D2F1 /* Utils */ = {
			isa = PBXGroup;
			children = (
				1E9DD6FF18B9270F0076F3DC /* Utils.h */,
				1E9DD70018B9270F0076F3DC /* Utils.m */,
			);
			name = Utils;
			sourceTree = "<group>";
		};
		1EF5F76318BA379B00D0D2F1 /* SharekitCustom */ = {
			isa = PBXGroup;
			children = (
				1EF5F76418BA37E200D0D2F1 /* SharekitCustom.h */,
				1EF5F76518BA37E200D0D2F1 /* SharekitCustom.m */,
			);
			name = SharekitCustom;
			sourceTree = "<group>";
		};
/* End PBXGroup section */

/* Begin PBXNativeTarget section */
		1ECCC4C518B06B7E0073992A /* PaleoProject */ = {
			isa = PBXNativeTarget;
			buildConfigurationList = 1ECCC4F218B06B7F0073992A /* Build configuration list for PBXNativeTarget "PaleoProject" */;
			buildPhases = (
				1ECCC4C218B06B7E0073992A /* Sources */,
				1ECCC4C318B06B7E0073992A /* Frameworks */,
				1ECCC4C418B06B7E0073992A /* Resources */,
			);
			buildRules = (
			);
			dependencies = (
			);
			name = PaleoProject;
			productName = PaleoProject;
			productReference = 1ECCC4C618B06B7F0073992A /* PaleoProject.app */;
			productType = "com.apple.product-type.application";
		};
/* End PBXNativeTarget section */

/* Begin PBXProject section */
		1ECCC4BE18B06B7E0073992A /* Project object */ = {
			isa = PBXProject;
			attributes = {
				LastUpgradeCheck = 0500;
				ORGANIZATIONNAME = "renan veloso silva";
			};
			buildConfigurationList = 1ECCC4C118B06B7E0073992A /* Build configuration list for PBXProject "PaleoProject" */;
			compatibilityVersion = "Xcode 3.2";
			developmentRegion = English;
			hasScannedForEncodings = 0;
			knownRegions = (
				en,
			);
			mainGroup = 1ECCC4BD18B06B7E0073992A;
			productRefGroup = 1ECCC4C718B06B7F0073992A /* Products */;
			projectDirPath = "";
			projectRoot = "";
			targets = (
				1ECCC4C518B06B7E0073992A /* PaleoProject */,
			);
		};
/* End PBXProject section */

/* Begin PBXResourcesBuildPhase section */
		1ECCC4C418B06B7E0073992A /* Resources */ = {
			isa = PBXResourcesBuildPhase;
			buildActionMask = 2147483647;
			files = (
				1E9DD71018B936AD0076F3DC /* closeX in Resources */,
				1E9DD6E218B8F4FD0076F3DC /* maca3.png in Resources */,
				1E9DD6FD18B902180076F3DC /* FoodSubcategoryHeadView.xib in Resources */,
				1E9DD6F018B8FF080076F3DC /* favorited.png in Resources */,
				1E56B20618B44E95004E8523 /* exemplo.sqlite in Resources */,
				1ECCC4D418B06B7F0073992A /* InfoPlist.strings in Resources */,
				1EF5F76818BA3E1700D0D2F1 /* ShareKit.bundle in Resources */,
				1E01CE9418B0BB9A00AD741B /* baseBarIcons@2x in Resources */,
				1E01CEB018B0CD2800AD741B /* FoodSubcategoriesCell.xib in Resources */,
				1E9DD71418B99CF30076F3DC /* about.html in Resources */,
				1E01CEA718B0CBBE00AD741B /* FoodSubcategoriesViewController.xib in Resources */,
				1E0E6E2D18B855BF00A3E28D /* tabBarItemSearch.png in Resources */,
				1E9DD6F518B8FF080076F3DC /* foodItemTopCellBorder.png in Resources */,
				1E9DD6DE18B8F4FD0076F3DC /* bolo1.png in Resources */,
				1E8EE26218B390C5000A01AF /* FavoritesViewController.xib in Resources */,
				1E9DD71518B99CF30076F3DC /* test.png in Resources */,
				1E01CE9A18B0C0F800AD741B /* FoodCategoryViewController.xib in Resources */,
				1E9DD6DF18B8F4FD0076F3DC /* bolo2.png in Resources */,
				1E8EE26918B3B902000A01AF /* SettingsViewController.xib in Resources */,
				1E0E6E2918B855BF00A3E28D /* tabBarItemFavorites.png in Resources */,
				1E9DD6ED18B8FF080076F3DC /* categoryCellBorder.png in Resources */,
				1E8C6B2F18B59B6C00E251CC /* maca.jpg in Resources */,
				1E01CE9318B0BB9A00AD741B /* default in Resources */,
				1E9DD6F218B8FF080076F3DC /* foodInfobackground.png in Resources */,
				1E9DD70E18B935430076F3DC /* AboutAppView.xib in Resources */,
				1E01CEA418B0CA0B00AD741B /* FoodCategoryCell.xib in Resources */,
				1E0E6E2C18B855BF00A3E28D /* tabBarItemFood@2x.png in Resources */,
				1E9DD6F118B8FF080076F3DC /* favoritedNot.png in Resources */,
				1E9DD6EF18B8FF080076F3DC /* defaultMoreCellButton.png in Resources */,
				1E9DD6E018B8F4FD0076F3DC /* maca1.png in Resources */,
				1E0E6E2A18B855BF00A3E28D /* tabBarItemFavorites@2x.png in Resources */,
				1E9DD6EE18B8FF080076F3DC /* defaultImage.png in Resources */,
				1EC1254018B2E98F0063C1CB /* SearchViewController.xib in Resources */,
				1E0E6E2F18B855BF00A3E28D /* tabBarItemSettings.png in Resources */,
				1E01CEB618B0D41400AD741B /* FoodItemViewController.xib in Resources */,
				1E0E6E2B18B855BF00A3E28D /* tabBarItemFood.png in Resources */,
				1E8C6B2C18B59B6C00E251CC /* bolo.jpg in Resources */,
				1E9DD6F318B8FF080076F3DC /* foodItemCellBorder.png in Resources */,
				1E0E6E2E18B855BF00A3E28D /* tabBarItemSearch@2x.png in Resources */,
				1E0E6E3018B855BF00A3E28D /* tabBarItemSettings@2x.png in Resources */,
				1E9DD6E118B8F4FD0076F3DC /* maca2.png in Resources */,
				1E9DD6F418B8FF080076F3DC /* foodItemLastCellBorder.png in Resources */,
			);
			runOnlyForDeploymentPostprocessing = 0;
		};
/* End PBXResourcesBuildPhase section */

/* Begin PBXSourcesBuildPhase section */
		1ECCC4C218B06B7E0073992A /* Sources */ = {
			isa = PBXSourcesBuildPhase;
			buildActionMask = 2147483647;
			files = (
				1EC1253E18B2E8680063C1CB /* PaleoTabBarController.m in Sources */,
				1E01CEAA18B0CC0A00AD741B /* FoodSubcategoriesViewController.m in Sources */,
				1E9DD6D818B8E7BA0076F3DC /* PaleoCoreData.m in Sources */,
				1E9DD70118B9270F0076F3DC /* Utils.m in Sources */,
				1E8EE26118B390C5000A01AF /* FavoritesViewController.m in Sources */,
				1E9DD6F918B901F00076F3DC /* FoodSubcategoryHeadView.m in Sources */,
				1E56B20418B44417004E8523 /* PaleoSqlite.m in Sources */,
				1E9DD70818B931A00076F3DC /* PaleoMailController.m in Sources */,
				1E0E6E3318B8DCCA00A3E28D /* PaleoDefines.m in Sources */,
				1E9DD6D218B8E78A0076F3DC /* FoodCategoryModel.m in Sources */,
				1ECCC4DA18B06B7F0073992A /* AppDelegate.m in Sources */,
				1EC1253A18B2E7D60063C1CB /* SearchViewController.m in Sources */,
				1E9DD6CF18B8E7890076F3DC /* FoodTypeModel.m in Sources */,
				1E01CEAE18B0CD0C00AD741B /* FoodSubcategoriesCell.m in Sources */,
				1E01CEB518B0D41400AD741B /* FoodItemViewController.m in Sources */,
				1E56B1E818B43620004E8523 /* PaleoUtils.m in Sources */,
				1E9DD70C18B935340076F3DC /* AboutAppView.m in Sources */,
				1E01CE9D18B0C1DD00AD741B /* PaleoNavigationController.m in Sources */,
				1E01CEA218B0C9F300AD741B /* FoodCategoryCell.m in Sources */,
				1E56B1E418B432D1004E8523 /* PaleoFoodTableView.m in Sources */,
				1E01CE9918B0C0F800AD741B /* FoodCategoryViewController.m in Sources */,
				1E9DD6D518B8E78A0076F3DC /* FoodItemModel.m in Sources */,
				1EF5F76618BA37E200D0D2F1 /* SharekitCustom.m in Sources */,
				1ECCC4D618B06B7F0073992A /* main.m in Sources */,
				1E8C6B2418B593A500E251CC /* PaleoFoodManager.m in Sources */,
				1E8EE26818B3B902000A01AF /* SettingsViewController.m in Sources */,
				1E56B1F218B43EF5004E8523 /* PaleoDataModel.xcdatamodeld in Sources */,
			);
			runOnlyForDeploymentPostprocessing = 0;
		};
/* End PBXSourcesBuildPhase section */

/* Begin PBXVariantGroup section */
		1ECCC4D218B06B7F0073992A /* InfoPlist.strings */ = {
			isa = PBXVariantGroup;
			children = (
				1ECCC4D318B06B7F0073992A /* en */,
			);
			name = InfoPlist.strings;
			sourceTree = "<group>";
		};
/* End PBXVariantGroup section */

/* Begin XCBuildConfiguration section */
		1ECCC4F018B06B7F0073992A /* Debug */ = {
			isa = XCBuildConfiguration;
			buildSettings = {
				ALWAYS_SEARCH_USER_PATHS = NO;
				ARCHS = "$(ARCHS_STANDARD_INCLUDING_64_BIT)";
				CLANG_CXX_LANGUAGE_STANDARD = "gnu++0x";
				CLANG_CXX_LIBRARY = "libc++";
				CLANG_ENABLE_MODULES = YES;
				CLANG_ENABLE_OBJC_ARC = NO;
				CLANG_WARN_BOOL_CONVERSION = YES;
				CLANG_WARN_CONSTANT_CONVERSION = YES;
				CLANG_WARN_DIRECT_OBJC_ISA_USAGE = YES_ERROR;
				CLANG_WARN_EMPTY_BODY = YES;
				CLANG_WARN_ENUM_CONVERSION = YES;
				CLANG_WARN_INT_CONVERSION = YES;
				CLANG_WARN_OBJC_ROOT_CLASS = YES_ERROR;
				CLANG_WARN__DUPLICATE_METHOD_MATCH = YES;
				"CODE_SIGN_IDENTITY[sdk=iphoneos*]" = "iPhone Developer";
				COPY_PHASE_STRIP = NO;
				GCC_C_LANGUAGE_STANDARD = gnu99;
				GCC_DYNAMIC_NO_PIC = NO;
				GCC_OPTIMIZATION_LEVEL = 0;
				GCC_PREPROCESSOR_DEFINITIONS = (
					"DEBUG=1",
					"$(inherited)",
				);
				GCC_SYMBOLS_PRIVATE_EXTERN = NO;
				GCC_WARN_64_TO_32_BIT_CONVERSION = YES;
				GCC_WARN_ABOUT_RETURN_TYPE = YES_ERROR;
				GCC_WARN_UNDECLARED_SELECTOR = YES;
				GCC_WARN_UNINITIALIZED_AUTOS = YES;
				GCC_WARN_UNUSED_FUNCTION = YES;
				GCC_WARN_UNUSED_VARIABLE = YES;
				IPHONEOS_DEPLOYMENT_TARGET = 6.0;
				ONLY_ACTIVE_ARCH = YES;
				PROVISIONING_PROFILE = "7067423D-0940-4F87-B5C6-195521FC9993";
				SDKROOT = iphoneos;
			};
			name = Debug;
		};
		1ECCC4F118B06B7F0073992A /* Release */ = {
			isa = XCBuildConfiguration;
			buildSettings = {
				ALWAYS_SEARCH_USER_PATHS = NO;
				ARCHS = "$(ARCHS_STANDARD_INCLUDING_64_BIT)";
				CLANG_CXX_LANGUAGE_STANDARD = "gnu++0x";
				CLANG_CXX_LIBRARY = "libc++";
				CLANG_ENABLE_MODULES = YES;
				CLANG_ENABLE_OBJC_ARC = NO;
				CLANG_WARN_BOOL_CONVERSION = YES;
				CLANG_WARN_CONSTANT_CONVERSION = YES;
				CLANG_WARN_DIRECT_OBJC_ISA_USAGE = YES_ERROR;
				CLANG_WARN_EMPTY_BODY = YES;
				CLANG_WARN_ENUM_CONVERSION = YES;
				CLANG_WARN_INT_CONVERSION = YES;
				CLANG_WARN_OBJC_ROOT_CLASS = YES_ERROR;
				CLANG_WARN__DUPLICATE_METHOD_MATCH = YES;
				CODE_SIGN_IDENTITY = "iPhone Distribution: Digital Pages Publicacoes Electronicas Ltda (3ZVNY23SVJ)";
				"CODE_SIGN_IDENTITY[sdk=iphoneos*]" = "iPhone Distribution: Digital Pages Publicacoes Electronicas Ltda (3ZVNY23SVJ)";
				COPY_PHASE_STRIP = YES;
				ENABLE_NS_ASSERTIONS = NO;
				GCC_C_LANGUAGE_STANDARD = gnu99;
				GCC_WARN_64_TO_32_BIT_CONVERSION = YES;
				GCC_WARN_ABOUT_RETURN_TYPE = YES_ERROR;
				GCC_WARN_UNDECLARED_SELECTOR = YES;
				GCC_WARN_UNINITIALIZED_AUTOS = YES;
				GCC_WARN_UNUSED_FUNCTION = YES;
				GCC_WARN_UNUSED_VARIABLE = YES;
				IPHONEOS_DEPLOYMENT_TARGET = 6.0;
				PROVISIONING_PROFILE = "7067423D-0940-4F87-B5C6-195521FC9993";
				SDKROOT = iphoneos;
				VALIDATE_PRODUCT = YES;
			};
			name = Release;
		};
		1ECCC4F318B06B7F0073992A /* Debug */ = {
			isa = XCBuildConfiguration;
			buildSettings = {
				ASSETCATALOG_COMPILER_APPICON_NAME = AppIcon;
				ASSETCATALOG_COMPILER_LAUNCHIMAGE_NAME = LaunchImage;
				FRAMEWORK_SEARCH_PATHS = (
					"$(inherited)",
					"/Users/renansilva/Projects/DoctorPaleo/PaleoProject/PaleoProject/External\\ Libraries/ShareKit",
				);
				GCC_PRECOMPILE_PREFIX_HEADER = YES;
				GCC_PREFIX_HEADER = "PaleoProject/PaleoProject-Prefix.pch";
				INFOPLIST_FILE = "PaleoProject/PaleoProject-Info.plist";
				LIBRARY_SEARCH_PATHS = (
					"$(inherited)",
					"/Users/renansilva/Projects/DoctorPaleo/PaleoProject/PaleoProject/External\\ Libraries/ShareKit",
				);
				PRODUCT_NAME = "$(TARGET_NAME)";
				WRAPPER_EXTENSION = app;
			};
			name = Debug;
		};
		1ECCC4F418B06B7F0073992A /* Release */ = {
			isa = XCBuildConfiguration;
			buildSettings = {
				ASSETCATALOG_COMPILER_APPICON_NAME = AppIcon;
				ASSETCATALOG_COMPILER_LAUNCHIMAGE_NAME = LaunchImage;
				FRAMEWORK_SEARCH_PATHS = (
					"$(inherited)",
					"/Users/renansilva/Projects/DoctorPaleo/PaleoProject/PaleoProject/External\\ Libraries/ShareKit",
				);
				GCC_PRECOMPILE_PREFIX_HEADER = YES;
				GCC_PREFIX_HEADER = "PaleoProject/PaleoProject-Prefix.pch";
				INFOPLIST_FILE = "PaleoProject/PaleoProject-Info.plist";
				LIBRARY_SEARCH_PATHS = (
					"$(inherited)",
					"/Users/renansilva/Projects/DoctorPaleo/PaleoProject/PaleoProject/External\\ Libraries/ShareKit",
				);
				PRODUCT_NAME = "$(TARGET_NAME)";
				WRAPPER_EXTENSION = app;
			};
			name = Release;
		};
/* End XCBuildConfiguration section */

/* Begin XCConfigurationList section */
		1ECCC4C118B06B7E0073992A /* Build configuration list for PBXProject "PaleoProject" */ = {
			isa = XCConfigurationList;
			buildConfigurations = (
				1ECCC4F018B06B7F0073992A /* Debug */,
				1ECCC4F118B06B7F0073992A /* Release */,
			);
			defaultConfigurationIsVisible = 0;
			defaultConfigurationName = Release;
		};
		1ECCC4F218B06B7F0073992A /* Build configuration list for PBXNativeTarget "PaleoProject" */ = {
			isa = XCConfigurationList;
			buildConfigurations = (
				1ECCC4F318B06B7F0073992A /* Debug */,
				1ECCC4F418B06B7F0073992A /* Release */,
			);
			defaultConfigurationIsVisible = 0;
			defaultConfigurationName = Release;
		};
/* End XCConfigurationList section */

/* Begin XCVersionGroup section */
		1E56B1F018B43EF5004E8523 /* PaleoDataModel.xcdatamodeld */ = {
			isa = XCVersionGroup;
			children = (
				1E56B1F118B43EF5004E8523 /* PaleoDataModel.xcdatamodel */,
			);
			currentVersion = 1E56B1F118B43EF5004E8523 /* PaleoDataModel.xcdatamodel */;
			name = PaleoDataModel.xcdatamodeld;
			path = PaleoCoreData/PaleoDataModel.xcdatamodeld;
			sourceTree = "<group>";
			versionGroupType = wrapper.xcdatamodel;
		};
/* End XCVersionGroup section */
	};
	rootObject = 1ECCC4BE18B06B7E0073992A /* Project object */;
}
