// !$*UTF8*$!
{
	archiveVersion = 1;
	classes = {
	};
	objectVersion = 46;
	objects = {

/* Begin PBXBuildFile section */
		1E157AC918C050AC00E0BC61 /* FavoritesViewController.m in Sources */ = {isa = PBXBuildFile; fileRef = 1E157A0D18C050AB00E0BC61 /* FavoritesViewController.m */; };
		1E157ACA18C050AC00E0BC61 /* FavoritesViewController.xib in Resources */ = {isa = PBXBuildFile; fileRef = 1E157A0E18C050AB00E0BC61 /* FavoritesViewController.xib */; };
		1E157ACB18C050AC00E0BC61 /* FoodItemViewController.m in Sources */ = {isa = PBXBuildFile; fileRef = 1E157A1218C050AB00E0BC61 /* FoodItemViewController.m */; };
		1E157ACC18C050AC00E0BC61 /* FoodItemViewController.xib in Resources */ = {isa = PBXBuildFile; fileRef = 1E157A1318C050AB00E0BC61 /* FoodItemViewController.xib */; };
		1E157ACD18C050AC00E0BC61 /* FoodSubcategoriesViewController.m in Sources */ = {isa = PBXBuildFile; fileRef = 1E157A1618C050AB00E0BC61 /* FoodSubcategoriesViewController.m */; };
		1E157ACE18C050AC00E0BC61 /* FoodSubcategoriesViewController.xib in Resources */ = {isa = PBXBuildFile; fileRef = 1E157A1718C050AB00E0BC61 /* FoodSubcategoriesViewController.xib */; };
		1E157ACF18C050AC00E0BC61 /* FoodCategoryViewController.m in Sources */ = {isa = PBXBuildFile; fileRef = 1E157A1A18C050AB00E0BC61 /* FoodCategoryViewController.m */; };
		1E157AD018C050AC00E0BC61 /* FoodCategoryViewController.xib in Resources */ = {isa = PBXBuildFile; fileRef = 1E157A1B18C050AB00E0BC61 /* FoodCategoryViewController.xib */; };
		1E157AD118C050AC00E0BC61 /* SearchViewController.m in Sources */ = {isa = PBXBuildFile; fileRef = 1E157A1F18C050AB00E0BC61 /* SearchViewController.m */; };
		1E157AD218C050AC00E0BC61 /* SearchViewController.xib in Resources */ = {isa = PBXBuildFile; fileRef = 1E157A2018C050AB00E0BC61 /* SearchViewController.xib */; };
		1E157AD318C050AC00E0BC61 /* AboutAppView.m in Sources */ = {isa = PBXBuildFile; fileRef = 1E157A2418C050AB00E0BC61 /* AboutAppView.m */; };
		1E157AD418C050AC00E0BC61 /* AboutAppView.xib in Resources */ = {isa = PBXBuildFile; fileRef = 1E157A2518C050AB00E0BC61 /* AboutAppView.xib */; };
		1E157AD518C050AC00E0BC61 /* PaleoMailController.m in Sources */ = {isa = PBXBuildFile; fileRef = 1E157A2818C050AB00E0BC61 /* PaleoMailController.m */; };
		1E157AD618C050AC00E0BC61 /* SettingsViewController.m in Sources */ = {isa = PBXBuildFile; fileRef = 1E157A2B18C050AB00E0BC61 /* SettingsViewController.m */; };
		1E157AD718C050AC00E0BC61 /* SettingsViewController.xib in Resources */ = {isa = PBXBuildFile; fileRef = 1E157A2C18C050AB00E0BC61 /* SettingsViewController.xib */; };
		1E157AD818C050AC00E0BC61 /* FoodCategoryCell.m in Sources */ = {isa = PBXBuildFile; fileRef = 1E157A3118C050AB00E0BC61 /* FoodCategoryCell.m */; };
		1E157AD918C050AC00E0BC61 /* FoodCategoryCell.xib in Resources */ = {isa = PBXBuildFile; fileRef = 1E157A3218C050AB00E0BC61 /* FoodCategoryCell.xib */; };
		1E157ADA18C050AC00E0BC61 /* FoodSubcategoriesCell.m in Sources */ = {isa = PBXBuildFile; fileRef = 1E157A3518C050AB00E0BC61 /* FoodSubcategoriesCell.m */; };
		1E157ADB18C050AC00E0BC61 /* FoodSubcategoriesCell.xib in Resources */ = {isa = PBXBuildFile; fileRef = 1E157A3618C050AB00E0BC61 /* FoodSubcategoriesCell.xib */; };
		1E157ADC18C050AC00E0BC61 /* FoodSubcategoryHeadView.m in Sources */ = {isa = PBXBuildFile; fileRef = 1E157A3918C050AB00E0BC61 /* FoodSubcategoryHeadView.m */; };
		1E157ADD18C050AC00E0BC61 /* FoodSubcategoryHeadView.xib in Resources */ = {isa = PBXBuildFile; fileRef = 1E157A3A18C050AB00E0BC61 /* FoodSubcategoryHeadView.xib */; };
		1E157ADE18C050AC00E0BC61 /* PaleoNavigationController.m in Sources */ = {isa = PBXBuildFile; fileRef = 1E157A3E18C050AB00E0BC61 /* PaleoNavigationController.m */; };
		1E157ADF18C050AC00E0BC61 /* PaleoTabBarController.m in Sources */ = {isa = PBXBuildFile; fileRef = 1E157A4118C050AB00E0BC61 /* PaleoTabBarController.m */; };
		1E157AE018C050AC00E0BC61 /* PaleoFoodTableView.m in Sources */ = {isa = PBXBuildFile; fileRef = 1E157A4518C050AB00E0BC61 /* PaleoFoodTableView.m */; };
		1E157AE118C050AC00E0BC61 /* FacebookSDK.framework in Frameworks */ = {isa = PBXBuildFile; fileRef = 1E157A4818C050AB00E0BC61 /* FacebookSDK.framework */; };
		1E157AE218C050AC00E0BC61 /* libShareKit.a in Frameworks */ = {isa = PBXBuildFile; fileRef = 1E157A8818C050AB00E0BC61 /* libShareKit.a */; };
		1E157AE318C050AC00E0BC61 /* ShareKit.bundle in Resources */ = {isa = PBXBuildFile; fileRef = 1E157A8918C050AB00E0BC61 /* ShareKit.bundle */; };
		1E157AE418C050AC00E0BC61 /* about.html in Resources */ = {isa = PBXBuildFile; fileRef = 1E157A8B18C050AB00E0BC61 /* about.html */; };
		1E157AE518C050AC00E0BC61 /* test.png in Resources */ = {isa = PBXBuildFile; fileRef = 1E157A8C18C050AB00E0BC61 /* test.png */; };
		1E157AE618C050AC00E0BC61 /* baseBarIcons@2x in Resources */ = {isa = PBXBuildFile; fileRef = 1E157A8E18C050AC00E0BC61 /* baseBarIcons@2x */; };
		1E157AE718C050AC00E0BC61 /* bolo.jpg in Resources */ = {isa = PBXBuildFile; fileRef = 1E157A8F18C050AC00E0BC61 /* bolo.jpg */; };
		1E157AE818C050AC00E0BC61 /* bolo1.png in Resources */ = {isa = PBXBuildFile; fileRef = 1E157A9018C050AC00E0BC61 /* bolo1.png */; };
		1E157AE918C050AC00E0BC61 /* bolo2.png in Resources */ = {isa = PBXBuildFile; fileRef = 1E157A9118C050AC00E0BC61 /* bolo2.png */; };
		1E157AEA18C050AC00E0BC61 /* closeX in Resources */ = {isa = PBXBuildFile; fileRef = 1E157A9218C050AC00E0BC61 /* closeX */; };
		1E157AEB18C050AC00E0BC61 /* default in Resources */ = {isa = PBXBuildFile; fileRef = 1E157A9318C050AC00E0BC61 /* default */; };
		1E157AEC18C050AC00E0BC61 /* categoryCellBorder.png in Resources */ = {isa = PBXBuildFile; fileRef = 1E157A9518C050AC00E0BC61 /* categoryCellBorder.png */; };
		1E157AED18C050AC00E0BC61 /* defaultImage.png in Resources */ = {isa = PBXBuildFile; fileRef = 1E157A9618C050AC00E0BC61 /* defaultImage.png */; };
		1E157AEE18C050AC00E0BC61 /* defaultMoreCellButton.png in Resources */ = {isa = PBXBuildFile; fileRef = 1E157A9718C050AC00E0BC61 /* defaultMoreCellButton.png */; };
		1E157AEF18C050AC00E0BC61 /* favorited.png in Resources */ = {isa = PBXBuildFile; fileRef = 1E157A9818C050AC00E0BC61 /* favorited.png */; };
		1E157AF018C050AC00E0BC61 /* favoritedNot.png in Resources */ = {isa = PBXBuildFile; fileRef = 1E157A9918C050AC00E0BC61 /* favoritedNot.png */; };
		1E157AF118C050AC00E0BC61 /* foodInfobackground.png in Resources */ = {isa = PBXBuildFile; fileRef = 1E157A9A18C050AC00E0BC61 /* foodInfobackground.png */; };
		1E157AF218C050AC00E0BC61 /* foodItemCellBorder.png in Resources */ = {isa = PBXBuildFile; fileRef = 1E157A9B18C050AC00E0BC61 /* foodItemCellBorder.png */; };
		1E157AF318C050AC00E0BC61 /* foodItemLastCellBorder.png in Resources */ = {isa = PBXBuildFile; fileRef = 1E157A9C18C050AC00E0BC61 /* foodItemLastCellBorder.png */; };
		1E157AF418C050AC00E0BC61 /* foodItemTopCellBorder.png in Resources */ = {isa = PBXBuildFile; fileRef = 1E157A9D18C050AC00E0BC61 /* foodItemTopCellBorder.png */; };
		1E157AF518C050AC00E0BC61 /* maca.jpg in Resources */ = {isa = PBXBuildFile; fileRef = 1E157A9E18C050AC00E0BC61 /* maca.jpg */; };
		1E157AF618C050AC00E0BC61 /* maca1.png in Resources */ = {isa = PBXBuildFile; fileRef = 1E157A9F18C050AC00E0BC61 /* maca1.png */; };
		1E157AF718C050AC00E0BC61 /* maca2.png in Resources */ = {isa = PBXBuildFile; fileRef = 1E157AA018C050AC00E0BC61 /* maca2.png */; };
		1E157AF818C050AC00E0BC61 /* maca3.png in Resources */ = {isa = PBXBuildFile; fileRef = 1E157AA118C050AC00E0BC61 /* maca3.png */; };
		1E157AF918C050AC00E0BC61 /* tabBarItemFavorites.png in Resources */ = {isa = PBXBuildFile; fileRef = 1E157AA218C050AC00E0BC61 /* tabBarItemFavorites.png */; };
		1E157AFA18C050AC00E0BC61 /* tabBarItemFavorites@2x.png in Resources */ = {isa = PBXBuildFile; fileRef = 1E157AA318C050AC00E0BC61 /* tabBarItemFavorites@2x.png */; };
		1E157AFB18C050AC00E0BC61 /* tabBarItemFood.png in Resources */ = {isa = PBXBuildFile; fileRef = 1E157AA418C050AC00E0BC61 /* tabBarItemFood.png */; };
		1E157AFC18C050AC00E0BC61 /* tabBarItemFood@2x.png in Resources */ = {isa = PBXBuildFile; fileRef = 1E157AA518C050AC00E0BC61 /* tabBarItemFood@2x.png */; };
		1E157AFD18C050AC00E0BC61 /* tabBarItemSearch.png in Resources */ = {isa = PBXBuildFile; fileRef = 1E157AA618C050AC00E0BC61 /* tabBarItemSearch.png */; };
		1E157AFE18C050AC00E0BC61 /* tabBarItemSearch@2x.png in Resources */ = {isa = PBXBuildFile; fileRef = 1E157AA718C050AC00E0BC61 /* tabBarItemSearch@2x.png */; };
		1E157AFF18C050AC00E0BC61 /* tabBarItemSettings.png in Resources */ = {isa = PBXBuildFile; fileRef = 1E157AA818C050AC00E0BC61 /* tabBarItemSettings.png */; };
		1E157B0018C050AC00E0BC61 /* tabBarItemSettings@2x.png in Resources */ = {isa = PBXBuildFile; fileRef = 1E157AA918C050AC00E0BC61 /* tabBarItemSettings@2x.png */; };
		1E157B0118C050AC00E0BC61 /* FoodCategoryModel.m in Sources */ = {isa = PBXBuildFile; fileRef = 1E157AAC18C050AC00E0BC61 /* FoodCategoryModel.m */; };
		1E157B0218C050AC00E0BC61 /* FoodItemModel.m in Sources */ = {isa = PBXBuildFile; fileRef = 1E157AAE18C050AC00E0BC61 /* FoodItemModel.m */; };
		1E157B0318C050AC00E0BC61 /* FoodTypeModel.m in Sources */ = {isa = PBXBuildFile; fileRef = 1E157AB018C050AC00E0BC61 /* FoodTypeModel.m */; };
		1E157B0418C050AC00E0BC61 /* PaleoCoreData.m in Sources */ = {isa = PBXBuildFile; fileRef = 1E157AB218C050AC00E0BC61 /* PaleoCoreData.m */; };
		1E157B0518C050AC00E0BC61 /* PaleoDataModel.xcdatamodeld in Sources */ = {isa = PBXBuildFile; fileRef = 1E157AB318C050AC00E0BC61 /* PaleoDataModel.xcdatamodeld */; };
		1E157B0618C050AC00E0BC61 /* PaleoDefines.m in Sources */ = {isa = PBXBuildFile; fileRef = 1E157AB718C050AC00E0BC61 /* PaleoDefines.m */; };
		1E157B0718C050AC00E0BC61 /* PaleoFoodManager.m in Sources */ = {isa = PBXBuildFile; fileRef = 1E157ABA18C050AC00E0BC61 /* PaleoFoodManager.m */; };
		1E157B0818C050AC00E0BC61 /* exemplo.sqlite in Resources */ = {isa = PBXBuildFile; fileRef = 1E157ABC18C050AC00E0BC61 /* exemplo.sqlite */; };
		1E157B0918C050AC00E0BC61 /* PaleoSqlite.m in Sources */ = {isa = PBXBuildFile; fileRef = 1E157ABE18C050AC00E0BC61 /* PaleoSqlite.m */; };
		1E157B0A18C050AC00E0BC61 /* PaleoUtils.m in Sources */ = {isa = PBXBuildFile; fileRef = 1E157AC118C050AC00E0BC61 /* PaleoUtils.m */; };
		1E157B0B18C050AC00E0BC61 /* SharekitCustom.m in Sources */ = {isa = PBXBuildFile; fileRef = 1E157AC518C050AC00E0BC61 /* SharekitCustom.m */; };
		1E157B0C18C050AC00E0BC61 /* Utils.m in Sources */ = {isa = PBXBuildFile; fileRef = 1E157AC818C050AC00E0BC61 /* Utils.m */; };
		1E56B1EF18B43DEB004E8523 /* CoreData.framework in Frameworks */ = {isa = PBXBuildFile; fileRef = 1E56B1EE18B43DEB004E8523 /* CoreData.framework */; };
		1E56B20018B443E1004E8523 /* libsqlite3.0.dylib in Frameworks */ = {isa = PBXBuildFile; fileRef = 1E56B1FF18B443E1004E8523 /* libsqlite3.0.dylib */; settings = {ATTRIBUTES = (Weak, ); }; };
		1E92781118C3CEBE0056B4FB /* foodItemTopCellBorder1.png in Resources */ = {isa = PBXBuildFile; fileRef = 1E92780E18C3CEBE0056B4FB /* foodItemTopCellBorder1.png */; };
		1E92781218C3CEBE0056B4FB /* foodItemTopCellBorder2.png in Resources */ = {isa = PBXBuildFile; fileRef = 1E92780F18C3CEBE0056B4FB /* foodItemTopCellBorder2.png */; };
		1E92781318C3CEBE0056B4FB /* foodItemTopCellBorder3.png in Resources */ = {isa = PBXBuildFile; fileRef = 1E92781018C3CEBE0056B4FB /* foodItemTopCellBorder3.png */; };
		1E9DD70518B931260076F3DC /* MessageUI.framework in Frameworks */ = {isa = PBXBuildFile; fileRef = 1E9DD70318B930790076F3DC /* MessageUI.framework */; };
		1ECCC4CA18B06B7F0073992A /* Foundation.framework in Frameworks */ = {isa = PBXBuildFile; fileRef = 1ECCC4C918B06B7F0073992A /* Foundation.framework */; };
		1ECCC4CC18B06B7F0073992A /* CoreGraphics.framework in Frameworks */ = {isa = PBXBuildFile; fileRef = 1ECCC4CB18B06B7F0073992A /* CoreGraphics.framework */; };
		1ECCC4CE18B06B7F0073992A /* UIKit.framework in Frameworks */ = {isa = PBXBuildFile; fileRef = 1ECCC4CD18B06B7F0073992A /* UIKit.framework */; };
		1ECCC4D418B06B7F0073992A /* InfoPlist.strings in Resources */ = {isa = PBXBuildFile; fileRef = 1ECCC4D218B06B7F0073992A /* InfoPlist.strings */; };
		1ECCC4D618B06B7F0073992A /* main.m in Sources */ = {isa = PBXBuildFile; fileRef = 1ECCC4D518B06B7F0073992A /* main.m */; };
		1ECCC4DA18B06B7F0073992A /* AppDelegate.m in Sources */ = {isa = PBXBuildFile; fileRef = 1ECCC4D918B06B7F0073992A /* AppDelegate.m */; };
		1EF5F74F18BA36F800D0D2F1 /* SystemConfiguration.framework in Frameworks */ = {isa = PBXBuildFile; fileRef = 1EF5F74E18BA36F800D0D2F1 /* SystemConfiguration.framework */; };
		1EF5F75118BA370000D0D2F1 /* Security.framework in Frameworks */ = {isa = PBXBuildFile; fileRef = 1EF5F75018BA370000D0D2F1 /* Security.framework */; };
		1EF5F75318BA371400D0D2F1 /* MobileCoreServices.framework in Frameworks */ = {isa = PBXBuildFile; fileRef = 1EF5F75218BA371400D0D2F1 /* MobileCoreServices.framework */; };
		1EF5F75518BA371C00D0D2F1 /* CoreMedia.framework in Frameworks */ = {isa = PBXBuildFile; fileRef = 1EF5F75418BA371C00D0D2F1 /* CoreMedia.framework */; };
		1EF5F75718BA372200D0D2F1 /* AVFoundation.framework in Frameworks */ = {isa = PBXBuildFile; fileRef = 1EF5F75618BA372200D0D2F1 /* AVFoundation.framework */; };
		1EF5F75918BA373600D0D2F1 /* Twitter.framework in Frameworks */ = {isa = PBXBuildFile; fileRef = 1EF5F75818BA373600D0D2F1 /* Twitter.framework */; settings = {ATTRIBUTES = (Weak, ); }; };
		1EF5F75B18BA373B00D0D2F1 /* AdSupport.framework in Frameworks */ = {isa = PBXBuildFile; fileRef = 1EF5F75A18BA373A00D0D2F1 /* AdSupport.framework */; settings = {ATTRIBUTES = (Weak, ); }; };
		1EF5F75D18BA374600D0D2F1 /* Accounts.framework in Frameworks */ = {isa = PBXBuildFile; fileRef = 1EF5F75C18BA374600D0D2F1 /* Accounts.framework */; settings = {ATTRIBUTES = (Weak, ); }; };
		1EF5F75F18BA375400D0D2F1 /* Social.framework in Frameworks */ = {isa = PBXBuildFile; fileRef = 1EF5F75E18BA375400D0D2F1 /* Social.framework */; settings = {ATTRIBUTES = (Weak, ); }; };
		1EF5F76118BA375A00D0D2F1 /* StoreKit.framework in Frameworks */ = {isa = PBXBuildFile; fileRef = 1EF5F76018BA375A00D0D2F1 /* StoreKit.framework */; settings = {ATTRIBUTES = (Weak, ); }; };
/* End PBXBuildFile section */

/* Begin PBXFileReference section */
		1E157A0C18C050AB00E0BC61 /* FavoritesViewController.h */ = {isa = PBXFileReference; fileEncoding = 4; lastKnownFileType = sourcecode.c.h; path = FavoritesViewController.h; sourceTree = "<group>"; };
		1E157A0D18C050AB00E0BC61 /* FavoritesViewController.m */ = {isa = PBXFileReference; fileEncoding = 4; lastKnownFileType = sourcecode.c.objc; path = FavoritesViewController.m; sourceTree = "<group>"; };
		1E157A0E18C050AB00E0BC61 /* FavoritesViewController.xib */ = {isa = PBXFileReference; fileEncoding = 4; lastKnownFileType = file.xib; path = FavoritesViewController.xib; sourceTree = "<group>"; };
		1E157A1118C050AB00E0BC61 /* FoodItemViewController.h */ = {isa = PBXFileReference; fileEncoding = 4; lastKnownFileType = sourcecode.c.h; path = FoodItemViewController.h; sourceTree = "<group>"; };
		1E157A1218C050AB00E0BC61 /* FoodItemViewController.m */ = {isa = PBXFileReference; fileEncoding = 4; lastKnownFileType = sourcecode.c.objc; path = FoodItemViewController.m; sourceTree = "<group>"; };
		1E157A1318C050AB00E0BC61 /* FoodItemViewController.xib */ = {isa = PBXFileReference; fileEncoding = 4; lastKnownFileType = file.xib; path = FoodItemViewController.xib; sourceTree = "<group>"; };
		1E157A1518C050AB00E0BC61 /* FoodSubcategoriesViewController.h */ = {isa = PBXFileReference; fileEncoding = 4; lastKnownFileType = sourcecode.c.h; path = FoodSubcategoriesViewController.h; sourceTree = "<group>"; };
		1E157A1618C050AB00E0BC61 /* FoodSubcategoriesViewController.m */ = {isa = PBXFileReference; fileEncoding = 4; lastKnownFileType = sourcecode.c.objc; path = FoodSubcategoriesViewController.m; sourceTree = "<group>"; };
		1E157A1718C050AB00E0BC61 /* FoodSubcategoriesViewController.xib */ = {isa = PBXFileReference; fileEncoding = 4; lastKnownFileType = file.xib; path = FoodSubcategoriesViewController.xib; sourceTree = "<group>"; };
		1E157A1918C050AB00E0BC61 /* FoodCategoryViewController.h */ = {isa = PBXFileReference; fileEncoding = 4; lastKnownFileType = sourcecode.c.h; path = FoodCategoryViewController.h; sourceTree = "<group>"; };
		1E157A1A18C050AB00E0BC61 /* FoodCategoryViewController.m */ = {isa = PBXFileReference; fileEncoding = 4; lastKnownFileType = sourcecode.c.objc; path = FoodCategoryViewController.m; sourceTree = "<group>"; };
		1E157A1B18C050AB00E0BC61 /* FoodCategoryViewController.xib */ = {isa = PBXFileReference; fileEncoding = 4; lastKnownFileType = file.xib; path = FoodCategoryViewController.xib; sourceTree = "<group>"; };
		1E157A1E18C050AB00E0BC61 /* SearchViewController.h */ = {isa = PBXFileReference; fileEncoding = 4; lastKnownFileType = sourcecode.c.h; path = SearchViewController.h; sourceTree = "<group>"; };
		1E157A1F18C050AB00E0BC61 /* SearchViewController.m */ = {isa = PBXFileReference; fileEncoding = 4; lastKnownFileType = sourcecode.c.objc; path = SearchViewController.m; sourceTree = "<group>"; };
		1E157A2018C050AB00E0BC61 /* SearchViewController.xib */ = {isa = PBXFileReference; fileEncoding = 4; lastKnownFileType = file.xib; path = SearchViewController.xib; sourceTree = "<group>"; };
		1E157A2318C050AB00E0BC61 /* AboutAppView.h */ = {isa = PBXFileReference; fileEncoding = 4; lastKnownFileType = sourcecode.c.h; path = AboutAppView.h; sourceTree = "<group>"; };
		1E157A2418C050AB00E0BC61 /* AboutAppView.m */ = {isa = PBXFileReference; fileEncoding = 4; lastKnownFileType = sourcecode.c.objc; path = AboutAppView.m; sourceTree = "<group>"; };
		1E157A2518C050AB00E0BC61 /* AboutAppView.xib */ = {isa = PBXFileReference; fileEncoding = 4; lastKnownFileType = file.xib; path = AboutAppView.xib; sourceTree = "<group>"; };
		1E157A2718C050AB00E0BC61 /* PaleoMailController.h */ = {isa = PBXFileReference; fileEncoding = 4; lastKnownFileType = sourcecode.c.h; path = PaleoMailController.h; sourceTree = "<group>"; };
		1E157A2818C050AB00E0BC61 /* PaleoMailController.m */ = {isa = PBXFileReference; fileEncoding = 4; lastKnownFileType = sourcecode.c.objc; path = PaleoMailController.m; sourceTree = "<group>"; };
		1E157A2A18C050AB00E0BC61 /* SettingsViewController.h */ = {isa = PBXFileReference; fileEncoding = 4; lastKnownFileType = sourcecode.c.h; path = SettingsViewController.h; sourceTree = "<group>"; };
		1E157A2B18C050AB00E0BC61 /* SettingsViewController.m */ = {isa = PBXFileReference; fileEncoding = 4; lastKnownFileType = sourcecode.c.objc; path = SettingsViewController.m; sourceTree = "<group>"; };
		1E157A2C18C050AB00E0BC61 /* SettingsViewController.xib */ = {isa = PBXFileReference; fileEncoding = 4; lastKnownFileType = file.xib; path = SettingsViewController.xib; sourceTree = "<group>"; };
		1E157A3018C050AB00E0BC61 /* FoodCategoryCell.h */ = {isa = PBXFileReference; fileEncoding = 4; lastKnownFileType = sourcecode.c.h; path = FoodCategoryCell.h; sourceTree = "<group>"; };
		1E157A3118C050AB00E0BC61 /* FoodCategoryCell.m */ = {isa = PBXFileReference; fileEncoding = 4; lastKnownFileType = sourcecode.c.objc; path = FoodCategoryCell.m; sourceTree = "<group>"; };
		1E157A3218C050AB00E0BC61 /* FoodCategoryCell.xib */ = {isa = PBXFileReference; fileEncoding = 4; lastKnownFileType = file.xib; path = FoodCategoryCell.xib; sourceTree = "<group>"; };
		1E157A3418C050AB00E0BC61 /* FoodSubcategoriesCell.h */ = {isa = PBXFileReference; fileEncoding = 4; lastKnownFileType = sourcecode.c.h; path = FoodSubcategoriesCell.h; sourceTree = "<group>"; };
		1E157A3518C050AB00E0BC61 /* FoodSubcategoriesCell.m */ = {isa = PBXFileReference; fileEncoding = 4; lastKnownFileType = sourcecode.c.objc; path = FoodSubcategoriesCell.m; sourceTree = "<group>"; };
		1E157A3618C050AB00E0BC61 /* FoodSubcategoriesCell.xib */ = {isa = PBXFileReference; fileEncoding = 4; lastKnownFileType = file.xib; path = FoodSubcategoriesCell.xib; sourceTree = "<group>"; };
		1E157A3818C050AB00E0BC61 /* FoodSubcategoryHeadView.h */ = {isa = PBXFileReference; fileEncoding = 4; lastKnownFileType = sourcecode.c.h; path = FoodSubcategoryHeadView.h; sourceTree = "<group>"; };
		1E157A3918C050AB00E0BC61 /* FoodSubcategoryHeadView.m */ = {isa = PBXFileReference; fileEncoding = 4; lastKnownFileType = sourcecode.c.objc; path = FoodSubcategoryHeadView.m; sourceTree = "<group>"; };
		1E157A3A18C050AB00E0BC61 /* FoodSubcategoryHeadView.xib */ = {isa = PBXFileReference; fileEncoding = 4; lastKnownFileType = file.xib; path = FoodSubcategoryHeadView.xib; sourceTree = "<group>"; };
		1E157A3D18C050AB00E0BC61 /* PaleoNavigationController.h */ = {isa = PBXFileReference; fileEncoding = 4; lastKnownFileType = sourcecode.c.h; path = PaleoNavigationController.h; sourceTree = "<group>"; };
		1E157A3E18C050AB00E0BC61 /* PaleoNavigationController.m */ = {isa = PBXFileReference; fileEncoding = 4; lastKnownFileType = sourcecode.c.objc; path = PaleoNavigationController.m; sourceTree = "<group>"; };
		1E157A4018C050AB00E0BC61 /* PaleoTabBarController.h */ = {isa = PBXFileReference; fileEncoding = 4; lastKnownFileType = sourcecode.c.h; path = PaleoTabBarController.h; sourceTree = "<group>"; };
		1E157A4118C050AB00E0BC61 /* PaleoTabBarController.m */ = {isa = PBXFileReference; fileEncoding = 4; lastKnownFileType = sourcecode.c.objc; path = PaleoTabBarController.m; sourceTree = "<group>"; };
		1E157A4418C050AB00E0BC61 /* PaleoFoodTableView.h */ = {isa = PBXFileReference; fileEncoding = 4; lastKnownFileType = sourcecode.c.h; path = PaleoFoodTableView.h; sourceTree = "<group>"; };
		1E157A4518C050AB00E0BC61 /* PaleoFoodTableView.m */ = {isa = PBXFileReference; fileEncoding = 4; lastKnownFileType = sourcecode.c.objc; path = PaleoFoodTableView.m; sourceTree = "<group>"; };
		1E157A4818C050AB00E0BC61 /* FacebookSDK.framework */ = {isa = PBXFileReference; lastKnownFileType = wrapper.framework; path = FacebookSDK.framework; sourceTree = "<group>"; };
		1E157A4A18C050AB00E0BC61 /* Base64Transcoder.h */ = {isa = PBXFileReference; fileEncoding = 4; lastKnownFileType = sourcecode.c.h; path = Base64Transcoder.h; sourceTree = "<group>"; };
		1E157A4B18C050AB00E0BC61 /* DefaultSHKConfigurator.h */ = {isa = PBXFileReference; fileEncoding = 4; lastKnownFileType = sourcecode.c.h; path = DefaultSHKConfigurator.h; sourceTree = "<group>"; };
		1E157A4C18C050AB00E0BC61 /* DummyLibFile.h */ = {isa = PBXFileReference; fileEncoding = 4; lastKnownFileType = sourcecode.c.h; path = DummyLibFile.h; sourceTree = "<group>"; };
		1E157A4D18C050AB00E0BC61 /* hmac.h */ = {isa = PBXFileReference; fileEncoding = 4; lastKnownFileType = sourcecode.c.h; path = hmac.h; sourceTree = "<group>"; };
		1E157A4E18C050AB00E0BC61 /* MBRoundProgressView.h */ = {isa = PBXFileReference; fileEncoding = 4; lastKnownFileType = sourcecode.c.h; path = MBRoundProgressView.h; sourceTree = "<group>"; };
		1E157A4F18C050AB00E0BC61 /* NSMutableURLRequest+Parameters.h */ = {isa = PBXFileReference; fileEncoding = 4; lastKnownFileType = sourcecode.c.h; path = "NSMutableURLRequest+Parameters.h"; sourceTree = "<group>"; };
		1E157A5018C050AB00E0BC61 /* NSString+LinkedIn.h */ = {isa = PBXFileReference; fileEncoding = 4; lastKnownFileType = sourcecode.c.h; path = "NSString+LinkedIn.h"; sourceTree = "<group>"; };
		1E157A5118C050AB00E0BC61 /* NSString+URLEncoding.h */ = {isa = PBXFileReference; fileEncoding = 4; lastKnownFileType = sourcecode.c.h; path = "NSString+URLEncoding.h"; sourceTree = "<group>"; };
		1E157A5218C050AB00E0BC61 /* NSURL+Base.h */ = {isa = PBXFileReference; fileEncoding = 4; lastKnownFileType = sourcecode.c.h; path = "NSURL+Base.h"; sourceTree = "<group>"; };
		1E157A5318C050AB00E0BC61 /* OAAsynchronousDataFetcher.h */ = {isa = PBXFileReference; fileEncoding = 4; lastKnownFileType = sourcecode.c.h; path = OAAsynchronousDataFetcher.h; sourceTree = "<group>"; };
		1E157A5418C050AB00E0BC61 /* OAConsumer.h */ = {isa = PBXFileReference; fileEncoding = 4; lastKnownFileType = sourcecode.c.h; path = OAConsumer.h; sourceTree = "<group>"; };
		1E157A5518C050AB00E0BC61 /* OADataFetcher.h */ = {isa = PBXFileReference; fileEncoding = 4; lastKnownFileType = sourcecode.c.h; path = OADataFetcher.h; sourceTree = "<group>"; };
		1E157A5618C050AB00E0BC61 /* OAHMAC_SHA1SignatureProvider.h */ = {isa = PBXFileReference; fileEncoding = 4; lastKnownFileType = sourcecode.c.h; path = OAHMAC_SHA1SignatureProvider.h; sourceTree = "<group>"; };
		1E157A5718C050AB00E0BC61 /* OAMutableURLRequest.h */ = {isa = PBXFileReference; fileEncoding = 4; lastKnownFileType = sourcecode.c.h; path = OAMutableURLRequest.h; sourceTree = "<group>"; };
		1E157A5818C050AB00E0BC61 /* OAPlaintextSignatureProvider.h */ = {isa = PBXFileReference; fileEncoding = 4; lastKnownFileType = sourcecode.c.h; path = OAPlaintextSignatureProvider.h; sourceTree = "<group>"; };
		1E157A5918C050AB00E0BC61 /* OARequestParameter.h */ = {isa = PBXFileReference; fileEncoding = 4; lastKnownFileType = sourcecode.c.h; path = OARequestParameter.h; sourceTree = "<group>"; };
		1E157A5A18C050AB00E0BC61 /* OAServiceTicket.h */ = {isa = PBXFileReference; fileEncoding = 4; lastKnownFileType = sourcecode.c.h; path = OAServiceTicket.h; sourceTree = "<group>"; };
		1E157A5B18C050AB00E0BC61 /* OASignatureProviding.h */ = {isa = PBXFileReference; fileEncoding = 4; lastKnownFileType = sourcecode.c.h; path = OASignatureProviding.h; sourceTree = "<group>"; };
		1E157A5C18C050AB00E0BC61 /* OAToken.h */ = {isa = PBXFileReference; fileEncoding = 4; lastKnownFileType = sourcecode.c.h; path = OAToken.h; sourceTree = "<group>"; };
		1E157A5D18C050AB00E0BC61 /* OAuthConsumer.h */ = {isa = PBXFileReference; fileEncoding = 4; lastKnownFileType = sourcecode.c.h; path = OAuthConsumer.h; sourceTree = "<group>"; };
		1E157A5E18C050AB00E0BC61 /* sha1.h */ = {isa = PBXFileReference; fileEncoding = 4; lastKnownFileType = sourcecode.c.h; path = sha1.h; sourceTree = "<group>"; };
		1E157A5F18C050AB00E0BC61 /* ShareKit.h */ = {isa = PBXFileReference; fileEncoding = 4; lastKnownFileType = sourcecode.c.h; path = ShareKit.h; sourceTree = "<group>"; };
		1E157A6018C050AB00E0BC61 /* SHK.h */ = {isa = PBXFileReference; fileEncoding = 4; lastKnownFileType = sourcecode.c.h; path = SHK.h; sourceTree = "<group>"; };
		1E157A6118C050AB00E0BC61 /* SHKAccountsViewController.h */ = {isa = PBXFileReference; fileEncoding = 4; lastKnownFileType = sourcecode.c.h; path = SHKAccountsViewController.h; sourceTree = "<group>"; };
		1E157A6218C050AB00E0BC61 /* SHKActionSheet.h */ = {isa = PBXFileReference; fileEncoding = 4; lastKnownFileType = sourcecode.c.h; path = SHKActionSheet.h; sourceTree = "<group>"; };
		1E157A6318C050AB00E0BC61 /* SHKActivityIndicator.h */ = {isa = PBXFileReference; fileEncoding = 4; lastKnownFileType = sourcecode.c.h; path = SHKActivityIndicator.h; sourceTree = "<group>"; };
		1E157A6418C050AB00E0BC61 /* SHKConfiguration.h */ = {isa = PBXFileReference; fileEncoding = 4; lastKnownFileType = sourcecode.c.h; path = SHKConfiguration.h; sourceTree = "<group>"; };
		1E157A6518C050AB00E0BC61 /* SHKFacebook.h */ = {isa = PBXFileReference; fileEncoding = 4; lastKnownFileType = sourcecode.c.h; path = SHKFacebook.h; sourceTree = "<group>"; };
		1E157A6618C050AB00E0BC61 /* SHKFacebookCommon.h */ = {isa = PBXFileReference; fileEncoding = 4; lastKnownFileType = sourcecode.c.h; path = SHKFacebookCommon.h; sourceTree = "<group>"; };
		1E157A6718C050AB00E0BC61 /* SHKFile.h */ = {isa = PBXFileReference; fileEncoding = 4; lastKnownFileType = sourcecode.c.h; path = SHKFile.h; sourceTree = "<group>"; };
		1E157A6818C050AB00E0BC61 /* SHKFormController.h */ = {isa = PBXFileReference; fileEncoding = 4; lastKnownFileType = sourcecode.c.h; path = SHKFormController.h; sourceTree = "<group>"; };
		1E157A6918C050AB00E0BC61 /* SHKFormFieldCell.h */ = {isa = PBXFileReference; fileEncoding = 4; lastKnownFileType = sourcecode.c.h; path = SHKFormFieldCell.h; sourceTree = "<group>"; };
		1E157A6A18C050AB00E0BC61 /* SHKFormFieldCellOptionPicker.h */ = {isa = PBXFileReference; fileEncoding = 4; lastKnownFileType = sourcecode.c.h; path = SHKFormFieldCellOptionPicker.h; sourceTree = "<group>"; };
		1E157A6B18C050AB00E0BC61 /* SHKFormFieldCellSwitch.h */ = {isa = PBXFileReference; fileEncoding = 4; lastKnownFileType = sourcecode.c.h; path = SHKFormFieldCellSwitch.h; sourceTree = "<group>"; };
		1E157A6C18C050AB00E0BC61 /* SHKFormFieldCellText.h */ = {isa = PBXFileReference; fileEncoding = 4; lastKnownFileType = sourcecode.c.h; path = SHKFormFieldCellText.h; sourceTree = "<group>"; };
		1E157A6D18C050AB00E0BC61 /* SHKFormFieldCellTextLarge.h */ = {isa = PBXFileReference; fileEncoding = 4; lastKnownFileType = sourcecode.c.h; path = SHKFormFieldCellTextLarge.h; sourceTree = "<group>"; };
		1E157A6E18C050AB00E0BC61 /* SHKFormFieldLargeTextSettings.h */ = {isa = PBXFileReference; fileEncoding = 4; lastKnownFileType = sourcecode.c.h; path = SHKFormFieldLargeTextSettings.h; sourceTree = "<group>"; };
		1E157A6F18C050AB00E0BC61 /* SHKFormFieldOptionPickerSettings.h */ = {isa = PBXFileReference; fileEncoding = 4; lastKnownFileType = sourcecode.c.h; path = SHKFormFieldOptionPickerSettings.h; sourceTree = "<group>"; };
		1E157A7018C050AB00E0BC61 /* SHKFormFieldSettings.h */ = {isa = PBXFileReference; fileEncoding = 4; lastKnownFileType = sourcecode.c.h; path = SHKFormFieldSettings.h; sourceTree = "<group>"; };
		1E157A7118C050AB00E0BC61 /* SHKFormOptionController.h */ = {isa = PBXFileReference; fileEncoding = 4; lastKnownFileType = sourcecode.c.h; path = SHKFormOptionController.h; sourceTree = "<group>"; };
		1E157A7218C050AB00E0BC61 /* SHKiOS5Twitter.h */ = {isa = PBXFileReference; fileEncoding = 4; lastKnownFileType = sourcecode.c.h; path = SHKiOS5Twitter.h; sourceTree = "<group>"; };
		1E157A7318C050AB00E0BC61 /* SHKiOSFacebook.h */ = {isa = PBXFileReference; fileEncoding = 4; lastKnownFileType = sourcecode.c.h; path = SHKiOSFacebook.h; sourceTree = "<group>"; };
		1E157A7418C050AB00E0BC61 /* SHKiOSSharer.h */ = {isa = PBXFileReference; fileEncoding = 4; lastKnownFileType = sourcecode.c.h; path = SHKiOSSharer.h; sourceTree = "<group>"; };
		1E157A7518C050AB00E0BC61 /* SHKiOSTwitter.h */ = {isa = PBXFileReference; fileEncoding = 4; lastKnownFileType = sourcecode.c.h; path = SHKiOSTwitter.h; sourceTree = "<group>"; };
		1E157A7618C050AB00E0BC61 /* SHKItem.h */ = {isa = PBXFileReference; fileEncoding = 4; lastKnownFileType = sourcecode.c.h; path = SHKItem.h; sourceTree = "<group>"; };
		1E157A7718C050AB00E0BC61 /* SHKLinkedIn.h */ = {isa = PBXFileReference; fileEncoding = 4; lastKnownFileType = sourcecode.c.h; path = SHKLinkedIn.h; sourceTree = "<group>"; };
		1E157A7818C050AB00E0BC61 /* SHKLogout.h */ = {isa = PBXFileReference; fileEncoding = 4; lastKnownFileType = sourcecode.c.h; path = SHKLogout.h; sourceTree = "<group>"; };
		1E157A7918C050AB00E0BC61 /* SHKMail.h */ = {isa = PBXFileReference; fileEncoding = 4; lastKnownFileType = sourcecode.c.h; path = SHKMail.h; sourceTree = "<group>"; };
		1E157A7A18C050AB00E0BC61 /* SHKOAuthSharer.h */ = {isa = PBXFileReference; fileEncoding = 4; lastKnownFileType = sourcecode.c.h; path = SHKOAuthSharer.h; sourceTree = "<group>"; };
		1E157A7B18C050AB00E0BC61 /* SHKOAuthView.h */ = {isa = PBXFileReference; fileEncoding = 4; lastKnownFileType = sourcecode.c.h; path = SHKOAuthView.h; sourceTree = "<group>"; };
		1E157A7C18C050AB00E0BC61 /* SHKOfflineSharer.h */ = {isa = PBXFileReference; fileEncoding = 4; lastKnownFileType = sourcecode.c.h; path = SHKOfflineSharer.h; sourceTree = "<group>"; };
		1E157A7D18C050AB00E0BC61 /* SHKReachability.h */ = {isa = PBXFileReference; fileEncoding = 4; lastKnownFileType = sourcecode.c.h; path = SHKReachability.h; sourceTree = "<group>"; };
		1E157A7E18C050AB00E0BC61 /* SHKRequest.h */ = {isa = PBXFileReference; fileEncoding = 4; lastKnownFileType = sourcecode.c.h; path = SHKRequest.h; sourceTree = "<group>"; };
		1E157A7F18C050AB00E0BC61 /* SHKShareItemDelegate.h */ = {isa = PBXFileReference; fileEncoding = 4; lastKnownFileType = sourcecode.c.h; path = SHKShareItemDelegate.h; sourceTree = "<group>"; };
		1E157A8018C050AB00E0BC61 /* SHKShareMenu.h */ = {isa = PBXFileReference; fileEncoding = 4; lastKnownFileType = sourcecode.c.h; path = SHKShareMenu.h; sourceTree = "<group>"; };
		1E157A8118C050AB00E0BC61 /* SHKSharer.h */ = {isa = PBXFileReference; fileEncoding = 4; lastKnownFileType = sourcecode.c.h; path = SHKSharer.h; sourceTree = "<group>"; };
		1E157A8218C050AB00E0BC61 /* SHKSharerDelegate.h */ = {isa = PBXFileReference; fileEncoding = 4; lastKnownFileType = sourcecode.c.h; path = SHKSharerDelegate.h; sourceTree = "<group>"; };
		1E157A8318C050AB00E0BC61 /* SHKTwitter.h */ = {isa = PBXFileReference; fileEncoding = 4; lastKnownFileType = sourcecode.c.h; path = SHKTwitter.h; sourceTree = "<group>"; };
		1E157A8418C050AB00E0BC61 /* SHKTwitterCommon.h */ = {isa = PBXFileReference; fileEncoding = 4; lastKnownFileType = sourcecode.c.h; path = SHKTwitterCommon.h; sourceTree = "<group>"; };
		1E157A8518C050AB00E0BC61 /* SHKUploadInfo.h */ = {isa = PBXFileReference; fileEncoding = 4; lastKnownFileType = sourcecode.c.h; path = SHKUploadInfo.h; sourceTree = "<group>"; };
		1E157A8618C050AB00E0BC61 /* SHKUploadsViewCell.h */ = {isa = PBXFileReference; fileEncoding = 4; lastKnownFileType = sourcecode.c.h; path = SHKUploadsViewCell.h; sourceTree = "<group>"; };
		1E157A8718C050AB00E0BC61 /* SHKXMLResponseParser.h */ = {isa = PBXFileReference; fileEncoding = 4; lastKnownFileType = sourcecode.c.h; path = SHKXMLResponseParser.h; sourceTree = "<group>"; };
		1E157A8818C050AB00E0BC61 /* libShareKit.a */ = {isa = PBXFileReference; lastKnownFileType = archive.ar; path = libShareKit.a; sourceTree = "<group>"; };
		1E157A8918C050AB00E0BC61 /* ShareKit.bundle */ = {isa = PBXFileReference; lastKnownFileType = "wrapper.plug-in"; path = ShareKit.bundle; sourceTree = "<group>"; };
		1E157A8B18C050AB00E0BC61 /* about.html */ = {isa = PBXFileReference; fileEncoding = 4; lastKnownFileType = text.html; path = about.html; sourceTree = "<group>"; };
		1E157A8C18C050AB00E0BC61 /* test.png */ = {isa = PBXFileReference; lastKnownFileType = image.png; path = test.png; sourceTree = "<group>"; };
		1E157A8E18C050AC00E0BC61 /* baseBarIcons@2x */ = {isa = PBXFileReference; lastKnownFileType = file; path = "baseBarIcons@2x"; sourceTree = "<group>"; };
		1E157A8F18C050AC00E0BC61 /* bolo.jpg */ = {isa = PBXFileReference; lastKnownFileType = image.jpeg; path = bolo.jpg; sourceTree = "<group>"; };
		1E157A9018C050AC00E0BC61 /* bolo1.png */ = {isa = PBXFileReference; lastKnownFileType = image.png; path = bolo1.png; sourceTree = "<group>"; };
		1E157A9118C050AC00E0BC61 /* bolo2.png */ = {isa = PBXFileReference; lastKnownFileType = image.png; path = bolo2.png; sourceTree = "<group>"; };
		1E157A9218C050AC00E0BC61 /* closeX */ = {isa = PBXFileReference; lastKnownFileType = file; path = closeX; sourceTree = "<group>"; };
		1E157A9318C050AC00E0BC61 /* default */ = {isa = PBXFileReference; lastKnownFileType = file; path = default; sourceTree = "<group>"; };
		1E157A9518C050AC00E0BC61 /* categoryCellBorder.png */ = {isa = PBXFileReference; lastKnownFileType = image.png; path = categoryCellBorder.png; sourceTree = "<group>"; };
		1E157A9618C050AC00E0BC61 /* defaultImage.png */ = {isa = PBXFileReference; lastKnownFileType = image.png; path = defaultImage.png; sourceTree = "<group>"; };
		1E157A9718C050AC00E0BC61 /* defaultMoreCellButton.png */ = {isa = PBXFileReference; lastKnownFileType = image.png; path = defaultMoreCellButton.png; sourceTree = "<group>"; };
		1E157A9818C050AC00E0BC61 /* favorited.png */ = {isa = PBXFileReference; lastKnownFileType = image.png; path = favorited.png; sourceTree = "<group>"; };
		1E157A9918C050AC00E0BC61 /* favoritedNot.png */ = {isa = PBXFileReference; lastKnownFileType = image.png; path = favoritedNot.png; sourceTree = "<group>"; };
		1E157A9A18C050AC00E0BC61 /* foodInfobackground.png */ = {isa = PBXFileReference; lastKnownFileType = image.png; path = foodInfobackground.png; sourceTree = "<group>"; };
		1E157A9B18C050AC00E0BC61 /* foodItemCellBorder.png */ = {isa = PBXFileReference; lastKnownFileType = image.png; path = foodItemCellBorder.png; sourceTree = "<group>"; };
		1E157A9C18C050AC00E0BC61 /* foodItemLastCellBorder.png */ = {isa = PBXFileReference; lastKnownFileType = image.png; path = foodItemLastCellBorder.png; sourceTree = "<group>"; };
		1E157A9D18C050AC00E0BC61 /* foodItemTopCellBorder.png */ = {isa = PBXFileReference; lastKnownFileType = image.png; path = foodItemTopCellBorder.png; sourceTree = "<group>"; };
		1E157A9E18C050AC00E0BC61 /* maca.jpg */ = {isa = PBXFileReference; lastKnownFileType = image.jpeg; path = maca.jpg; sourceTree = "<group>"; };
		1E157A9F18C050AC00E0BC61 /* maca1.png */ = {isa = PBXFileReference; lastKnownFileType = image.png; path = maca1.png; sourceTree = "<group>"; };
		1E157AA018C050AC00E0BC61 /* maca2.png */ = {isa = PBXFileReference; lastKnownFileType = image.png; path = maca2.png; sourceTree = "<group>"; };
		1E157AA118C050AC00E0BC61 /* maca3.png */ = {isa = PBXFileReference; lastKnownFileType = image.png; path = maca3.png; sourceTree = "<group>"; };
		1E157AA218C050AC00E0BC61 /* tabBarItemFavorites.png */ = {isa = PBXFileReference; lastKnownFileType = image.png; path = tabBarItemFavorites.png; sourceTree = "<group>"; };
		1E157AA318C050AC00E0BC61 /* tabBarItemFavorites@2x.png */ = {isa = PBXFileReference; lastKnownFileType = image.png; path = "tabBarItemFavorites@2x.png"; sourceTree = "<group>"; };
		1E157AA418C050AC00E0BC61 /* tabBarItemFood.png */ = {isa = PBXFileReference; lastKnownFileType = image.png; path = tabBarItemFood.png; sourceTree = "<group>"; };
		1E157AA518C050AC00E0BC61 /* tabBarItemFood@2x.png */ = {isa = PBXFileReference; lastKnownFileType = image.png; path = "tabBarItemFood@2x.png"; sourceTree = "<group>"; };
		1E157AA618C050AC00E0BC61 /* tabBarItemSearch.png */ = {isa = PBXFileReference; lastKnownFileType = image.png; path = tabBarItemSearch.png; sourceTree = "<group>"; };
		1E157AA718C050AC00E0BC61 /* tabBarItemSearch@2x.png */ = {isa = PBXFileReference; lastKnownFileType = image.png; path = "tabBarItemSearch@2x.png"; sourceTree = "<group>"; };
		1E157AA818C050AC00E0BC61 /* tabBarItemSettings.png */ = {isa = PBXFileReference; lastKnownFileType = image.png; path = tabBarItemSettings.png; sourceTree = "<group>"; };
		1E157AA918C050AC00E0BC61 /* tabBarItemSettings@2x.png */ = {isa = PBXFileReference; lastKnownFileType = image.png; path = "tabBarItemSettings@2x.png"; sourceTree = "<group>"; };
		1E157AAB18C050AC00E0BC61 /* FoodCategoryModel.h */ = {isa = PBXFileReference; fileEncoding = 4; lastKnownFileType = sourcecode.c.h; path = FoodCategoryModel.h; sourceTree = "<group>"; };
		1E157AAC18C050AC00E0BC61 /* FoodCategoryModel.m */ = {isa = PBXFileReference; fileEncoding = 4; lastKnownFileType = sourcecode.c.objc; path = FoodCategoryModel.m; sourceTree = "<group>"; };
		1E157AAD18C050AC00E0BC61 /* FoodItemModel.h */ = {isa = PBXFileReference; fileEncoding = 4; lastKnownFileType = sourcecode.c.h; path = FoodItemModel.h; sourceTree = "<group>"; };
		1E157AAE18C050AC00E0BC61 /* FoodItemModel.m */ = {isa = PBXFileReference; fileEncoding = 4; lastKnownFileType = sourcecode.c.objc; path = FoodItemModel.m; sourceTree = "<group>"; };
		1E157AAF18C050AC00E0BC61 /* FoodTypeModel.h */ = {isa = PBXFileReference; fileEncoding = 4; lastKnownFileType = sourcecode.c.h; path = FoodTypeModel.h; sourceTree = "<group>"; };
		1E157AB018C050AC00E0BC61 /* FoodTypeModel.m */ = {isa = PBXFileReference; fileEncoding = 4; lastKnownFileType = sourcecode.c.objc; path = FoodTypeModel.m; sourceTree = "<group>"; };
		1E157AB118C050AC00E0BC61 /* PaleoCoreData.h */ = {isa = PBXFileReference; fileEncoding = 4; lastKnownFileType = sourcecode.c.h; path = PaleoCoreData.h; sourceTree = "<group>"; };
		1E157AB218C050AC00E0BC61 /* PaleoCoreData.m */ = {isa = PBXFileReference; fileEncoding = 4; lastKnownFileType = sourcecode.c.objc; path = PaleoCoreData.m; sourceTree = "<group>"; };
		1E157AB418C050AC00E0BC61 /* PaleoDataModel.xcdatamodel */ = {isa = PBXFileReference; lastKnownFileType = wrapper.xcdatamodel; path = PaleoDataModel.xcdatamodel; sourceTree = "<group>"; };
		1E157AB618C050AC00E0BC61 /* PaleoDefines.h */ = {isa = PBXFileReference; fileEncoding = 4; lastKnownFileType = sourcecode.c.h; path = PaleoDefines.h; sourceTree = "<group>"; };
		1E157AB718C050AC00E0BC61 /* PaleoDefines.m */ = {isa = PBXFileReference; fileEncoding = 4; lastKnownFileType = sourcecode.c.objc; path = PaleoDefines.m; sourceTree = "<group>"; };
		1E157AB918C050AC00E0BC61 /* PaleoFoodManager.h */ = {isa = PBXFileReference; fileEncoding = 4; lastKnownFileType = sourcecode.c.h; path = PaleoFoodManager.h; sourceTree = "<group>"; };
		1E157ABA18C050AC00E0BC61 /* PaleoFoodManager.m */ = {isa = PBXFileReference; fileEncoding = 4; lastKnownFileType = sourcecode.c.objc; path = PaleoFoodManager.m; sourceTree = "<group>"; };
		1E157ABC18C050AC00E0BC61 /* exemplo.sqlite */ = {isa = PBXFileReference; lastKnownFileType = file; path = exemplo.sqlite; sourceTree = "<group>"; };
		1E157ABD18C050AC00E0BC61 /* PaleoSqlite.h */ = {isa = PBXFileReference; fileEncoding = 4; lastKnownFileType = sourcecode.c.h; path = PaleoSqlite.h; sourceTree = "<group>"; };
		1E157ABE18C050AC00E0BC61 /* PaleoSqlite.m */ = {isa = PBXFileReference; fileEncoding = 4; lastKnownFileType = sourcecode.c.objc; path = PaleoSqlite.m; sourceTree = "<group>"; };
		1E157AC018C050AC00E0BC61 /* PaleoUtils.h */ = {isa = PBXFileReference; fileEncoding = 4; lastKnownFileType = sourcecode.c.h; path = PaleoUtils.h; sourceTree = "<group>"; };
		1E157AC118C050AC00E0BC61 /* PaleoUtils.m */ = {isa = PBXFileReference; fileEncoding = 4; lastKnownFileType = sourcecode.c.objc; path = PaleoUtils.m; sourceTree = "<group>"; };
		1E157AC418C050AC00E0BC61 /* SharekitCustom.h */ = {isa = PBXFileReference; fileEncoding = 4; lastKnownFileType = sourcecode.c.h; path = SharekitCustom.h; sourceTree = "<group>"; };
		1E157AC518C050AC00E0BC61 /* SharekitCustom.m */ = {isa = PBXFileReference; fileEncoding = 4; lastKnownFileType = sourcecode.c.objc; path = SharekitCustom.m; sourceTree = "<group>"; };
		1E157AC718C050AC00E0BC61 /* Utils.h */ = {isa = PBXFileReference; fileEncoding = 4; lastKnownFileType = sourcecode.c.h; path = Utils.h; sourceTree = "<group>"; };
		1E157AC818C050AC00E0BC61 /* Utils.m */ = {isa = PBXFileReference; fileEncoding = 4; lastKnownFileType = sourcecode.c.objc; path = Utils.m; sourceTree = "<group>"; };
		1E56B1EE18B43DEB004E8523 /* CoreData.framework */ = {isa = PBXFileReference; lastKnownFileType = wrapper.framework; name = CoreData.framework; path = System/Library/Frameworks/CoreData.framework; sourceTree = SDKROOT; };
		1E56B1FF18B443E1004E8523 /* libsqlite3.0.dylib */ = {isa = PBXFileReference; lastKnownFileType = "compiled.mach-o.dylib"; name = libsqlite3.0.dylib; path = usr/lib/libsqlite3.0.dylib; sourceTree = SDKROOT; };
		1E92780E18C3CEBE0056B4FB /* foodItemTopCellBorder1.png */ = {isa = PBXFileReference; lastKnownFileType = image.png; path = foodItemTopCellBorder1.png; sourceTree = "<group>"; };
		1E92780F18C3CEBE0056B4FB /* foodItemTopCellBorder2.png */ = {isa = PBXFileReference; lastKnownFileType = image.png; path = foodItemTopCellBorder2.png; sourceTree = "<group>"; };
		1E92781018C3CEBE0056B4FB /* foodItemTopCellBorder3.png */ = {isa = PBXFileReference; lastKnownFileType = image.png; path = foodItemTopCellBorder3.png; sourceTree = "<group>"; };
		1E9DD70318B930790076F3DC /* MessageUI.framework */ = {isa = PBXFileReference; lastKnownFileType = wrapper.framework; name = MessageUI.framework; path = System/Library/Frameworks/MessageUI.framework; sourceTree = SDKROOT; };
		1ECCC4C618B06B7F0073992A /* PaleoProject.app */ = {isa = PBXFileReference; explicitFileType = wrapper.application; includeInIndex = 0; path = PaleoProject.app; sourceTree = BUILT_PRODUCTS_DIR; };
		1ECCC4C918B06B7F0073992A /* Foundation.framework */ = {isa = PBXFileReference; lastKnownFileType = wrapper.framework; name = Foundation.framework; path = System/Library/Frameworks/Foundation.framework; sourceTree = SDKROOT; };
		1ECCC4CB18B06B7F0073992A /* CoreGraphics.framework */ = {isa = PBXFileReference; lastKnownFileType = wrapper.framework; name = CoreGraphics.framework; path = System/Library/Frameworks/CoreGraphics.framework; sourceTree = SDKROOT; };
		1ECCC4CD18B06B7F0073992A /* UIKit.framework */ = {isa = PBXFileReference; lastKnownFileType = wrapper.framework; name = UIKit.framework; path = System/Library/Frameworks/UIKit.framework; sourceTree = SDKROOT; };
		1ECCC4D118B06B7F0073992A /* PaleoProject-Info.plist */ = {isa = PBXFileReference; lastKnownFileType = text.plist.xml; path = "PaleoProject-Info.plist"; sourceTree = "<group>"; };
		1ECCC4D318B06B7F0073992A /* en */ = {isa = PBXFileReference; lastKnownFileType = text.plist.strings; name = en; path = en.lproj/InfoPlist.strings; sourceTree = "<group>"; };
		1ECCC4D518B06B7F0073992A /* main.m */ = {isa = PBXFileReference; lastKnownFileType = sourcecode.c.objc; path = main.m; sourceTree = "<group>"; };
		1ECCC4D718B06B7F0073992A /* PaleoProject-Prefix.pch */ = {isa = PBXFileReference; lastKnownFileType = sourcecode.c.h; path = "PaleoProject-Prefix.pch"; sourceTree = "<group>"; };
		1ECCC4D818B06B7F0073992A /* AppDelegate.h */ = {isa = PBXFileReference; lastKnownFileType = sourcecode.c.h; name = AppDelegate.h; path = PaleoProject/AppDelegate.h; sourceTree = "<group>"; };
		1ECCC4D918B06B7F0073992A /* AppDelegate.m */ = {isa = PBXFileReference; lastKnownFileType = sourcecode.c.objc; name = AppDelegate.m; path = PaleoProject/AppDelegate.m; sourceTree = "<group>"; };
		1EF5F74E18BA36F800D0D2F1 /* SystemConfiguration.framework */ = {isa = PBXFileReference; lastKnownFileType = wrapper.framework; name = SystemConfiguration.framework; path = System/Library/Frameworks/SystemConfiguration.framework; sourceTree = SDKROOT; };
		1EF5F75018BA370000D0D2F1 /* Security.framework */ = {isa = PBXFileReference; lastKnownFileType = wrapper.framework; name = Security.framework; path = System/Library/Frameworks/Security.framework; sourceTree = SDKROOT; };
		1EF5F75218BA371400D0D2F1 /* MobileCoreServices.framework */ = {isa = PBXFileReference; lastKnownFileType = wrapper.framework; name = MobileCoreServices.framework; path = System/Library/Frameworks/MobileCoreServices.framework; sourceTree = SDKROOT; };
		1EF5F75418BA371C00D0D2F1 /* CoreMedia.framework */ = {isa = PBXFileReference; lastKnownFileType = wrapper.framework; name = CoreMedia.framework; path = System/Library/Frameworks/CoreMedia.framework; sourceTree = SDKROOT; };
		1EF5F75618BA372200D0D2F1 /* AVFoundation.framework */ = {isa = PBXFileReference; lastKnownFileType = wrapper.framework; name = AVFoundation.framework; path = System/Library/Frameworks/AVFoundation.framework; sourceTree = SDKROOT; };
		1EF5F75818BA373600D0D2F1 /* Twitter.framework */ = {isa = PBXFileReference; lastKnownFileType = wrapper.framework; name = Twitter.framework; path = System/Library/Frameworks/Twitter.framework; sourceTree = SDKROOT; };
		1EF5F75A18BA373A00D0D2F1 /* AdSupport.framework */ = {isa = PBXFileReference; lastKnownFileType = wrapper.framework; name = AdSupport.framework; path = System/Library/Frameworks/AdSupport.framework; sourceTree = SDKROOT; };
		1EF5F75C18BA374600D0D2F1 /* Accounts.framework */ = {isa = PBXFileReference; lastKnownFileType = wrapper.framework; name = Accounts.framework; path = System/Library/Frameworks/Accounts.framework; sourceTree = SDKROOT; };
		1EF5F75E18BA375400D0D2F1 /* Social.framework */ = {isa = PBXFileReference; lastKnownFileType = wrapper.framework; name = Social.framework; path = System/Library/Frameworks/Social.framework; sourceTree = SDKROOT; };
		1EF5F76018BA375A00D0D2F1 /* StoreKit.framework */ = {isa = PBXFileReference; lastKnownFileType = wrapper.framework; name = StoreKit.framework; path = System/Library/Frameworks/StoreKit.framework; sourceTree = SDKROOT; };
/* End PBXFileReference section */

/* Begin PBXFrameworksBuildPhase section */
		1ECCC4C318B06B7E0073992A /* Frameworks */ = {
			isa = PBXFrameworksBuildPhase;
			buildActionMask = 2147483647;
			files = (
				1EF5F76118BA375A00D0D2F1 /* StoreKit.framework in Frameworks */,
				1EF5F75F18BA375400D0D2F1 /* Social.framework in Frameworks */,
				1EF5F75D18BA374600D0D2F1 /* Accounts.framework in Frameworks */,
				1EF5F75B18BA373B00D0D2F1 /* AdSupport.framework in Frameworks */,
				1EF5F75918BA373600D0D2F1 /* Twitter.framework in Frameworks */,
				1EF5F75718BA372200D0D2F1 /* AVFoundation.framework in Frameworks */,
				1EF5F75518BA371C00D0D2F1 /* CoreMedia.framework in Frameworks */,
				1EF5F75318BA371400D0D2F1 /* MobileCoreServices.framework in Frameworks */,
				1E157AE118C050AC00E0BC61 /* FacebookSDK.framework in Frameworks */,
				1EF5F75118BA370000D0D2F1 /* Security.framework in Frameworks */,
				1E157AE218C050AC00E0BC61 /* libShareKit.a in Frameworks */,
				1EF5F74F18BA36F800D0D2F1 /* SystemConfiguration.framework in Frameworks */,
				1E9DD70518B931260076F3DC /* MessageUI.framework in Frameworks */,
				1E56B20018B443E1004E8523 /* libsqlite3.0.dylib in Frameworks */,
				1E56B1EF18B43DEB004E8523 /* CoreData.framework in Frameworks */,
				1ECCC4CC18B06B7F0073992A /* CoreGraphics.framework in Frameworks */,
				1ECCC4CE18B06B7F0073992A /* UIKit.framework in Frameworks */,
				1ECCC4CA18B06B7F0073992A /* Foundation.framework in Frameworks */,
			);
			runOnlyForDeploymentPostprocessing = 0;
		};
/* End PBXFrameworksBuildPhase section */

/* Begin PBXGroup section */
		1E157A0918C050AB00E0BC61 /* Controllers */ = {
			isa = PBXGroup;
			children = (
				1E157A0A18C050AB00E0BC61 /* Favorites */,
				1E157A0F18C050AB00E0BC61 /* Food */,
				1E157A1C18C050AB00E0BC61 /* Search */,
				1E157A2118C050AB00E0BC61 /* Settings */,
			);
			name = Controllers;
			path = PaleoProject/Controllers;
			sourceTree = "<group>";
		};
		1E157A0A18C050AB00E0BC61 /* Favorites */ = {
			isa = PBXGroup;
			children = (
				1E157A0B18C050AB00E0BC61 /* FavoritesViewController */,
			);
			path = Favorites;
			sourceTree = "<group>";
		};
		1E157A0B18C050AB00E0BC61 /* FavoritesViewController */ = {
			isa = PBXGroup;
			children = (
				1E157A0C18C050AB00E0BC61 /* FavoritesViewController.h */,
				1E157A0D18C050AB00E0BC61 /* FavoritesViewController.m */,
				1E157A0E18C050AB00E0BC61 /* FavoritesViewController.xib */,
			);
			path = FavoritesViewController;
			sourceTree = "<group>";
		};
		1E157A0F18C050AB00E0BC61 /* Food */ = {
			isa = PBXGroup;
			children = (
				1E157A1018C050AB00E0BC61 /* FoodItemViewController */,
				1E157A1418C050AB00E0BC61 /* FoodSubcategoriesViewController */,
				1E157A1818C050AB00E0BC61 /* FoodViewController */,
			);
			path = Food;
			sourceTree = "<group>";
		};
		1E157A1018C050AB00E0BC61 /* FoodItemViewController */ = {
			isa = PBXGroup;
			children = (
				1E157A1118C050AB00E0BC61 /* FoodItemViewController.h */,
				1E157A1218C050AB00E0BC61 /* FoodItemViewController.m */,
				1E157A1318C050AB00E0BC61 /* FoodItemViewController.xib */,
			);
			path = FoodItemViewController;
			sourceTree = "<group>";
		};
		1E157A1418C050AB00E0BC61 /* FoodSubcategoriesViewController */ = {
			isa = PBXGroup;
			children = (
				1E157A1518C050AB00E0BC61 /* FoodSubcategoriesViewController.h */,
				1E157A1618C050AB00E0BC61 /* FoodSubcategoriesViewController.m */,
				1E157A1718C050AB00E0BC61 /* FoodSubcategoriesViewController.xib */,
			);
			path = FoodSubcategoriesViewController;
			sourceTree = "<group>";
		};
		1E157A1818C050AB00E0BC61 /* FoodViewController */ = {
			isa = PBXGroup;
			children = (
				1E157A1918C050AB00E0BC61 /* FoodCategoryViewController.h */,
				1E157A1A18C050AB00E0BC61 /* FoodCategoryViewController.m */,
				1E157A1B18C050AB00E0BC61 /* FoodCategoryViewController.xib */,
			);
			path = FoodViewController;
			sourceTree = "<group>";
		};
		1E157A1C18C050AB00E0BC61 /* Search */ = {
			isa = PBXGroup;
			children = (
				1E157A1D18C050AB00E0BC61 /* SearchViewController */,
			);
			path = Search;
			sourceTree = "<group>";
		};
		1E157A1D18C050AB00E0BC61 /* SearchViewController */ = {
			isa = PBXGroup;
			children = (
				1E157A1E18C050AB00E0BC61 /* SearchViewController.h */,
				1E157A1F18C050AB00E0BC61 /* SearchViewController.m */,
				1E157A2018C050AB00E0BC61 /* SearchViewController.xib */,
			);
			path = SearchViewController;
			sourceTree = "<group>";
		};
		1E157A2118C050AB00E0BC61 /* Settings */ = {
			isa = PBXGroup;
			children = (
				1E157A2218C050AB00E0BC61 /* AboutAppView */,
				1E157A2618C050AB00E0BC61 /* PaleoMailController */,
				1E157A2918C050AB00E0BC61 /* SettingsViewController */,
			);
			path = Settings;
			sourceTree = "<group>";
		};
		1E157A2218C050AB00E0BC61 /* AboutAppView */ = {
			isa = PBXGroup;
			children = (
				1E157A2318C050AB00E0BC61 /* AboutAppView.h */,
				1E157A2418C050AB00E0BC61 /* AboutAppView.m */,
				1E157A2518C050AB00E0BC61 /* AboutAppView.xib */,
			);
			path = AboutAppView;
			sourceTree = "<group>";
		};
		1E157A2618C050AB00E0BC61 /* PaleoMailController */ = {
			isa = PBXGroup;
			children = (
				1E157A2718C050AB00E0BC61 /* PaleoMailController.h */,
				1E157A2818C050AB00E0BC61 /* PaleoMailController.m */,
			);
			path = PaleoMailController;
			sourceTree = "<group>";
		};
		1E157A2918C050AB00E0BC61 /* SettingsViewController */ = {
			isa = PBXGroup;
			children = (
				1E157A2A18C050AB00E0BC61 /* SettingsViewController.h */,
				1E157A2B18C050AB00E0BC61 /* SettingsViewController.m */,
				1E157A2C18C050AB00E0BC61 /* SettingsViewController.xib */,
			);
			path = SettingsViewController;
			sourceTree = "<group>";
		};
		1E157A2D18C050AB00E0BC61 /* Custom */ = {
			isa = PBXGroup;
			children = (
				1E157A2E18C050AB00E0BC61 /* CustomCells */,
				1E157A3B18C050AB00E0BC61 /* CustomController */,
				1E157A4218C050AB00E0BC61 /* CutomView */,
			);
			name = Custom;
			path = PaleoProject/Custom;
			sourceTree = "<group>";
		};
		1E157A2E18C050AB00E0BC61 /* CustomCells */ = {
			isa = PBXGroup;
			children = (
				1E157A2F18C050AB00E0BC61 /* FoodCategoryCell */,
				1E157A3318C050AB00E0BC61 /* FoodSubcategoriesCell */,
				1E157A3718C050AB00E0BC61 /* FoodSubcategoryHeadCell */,
			);
			path = CustomCells;
			sourceTree = "<group>";
		};
		1E157A2F18C050AB00E0BC61 /* FoodCategoryCell */ = {
			isa = PBXGroup;
			children = (
				1E157A3018C050AB00E0BC61 /* FoodCategoryCell.h */,
				1E157A3118C050AB00E0BC61 /* FoodCategoryCell.m */,
				1E157A3218C050AB00E0BC61 /* FoodCategoryCell.xib */,
			);
			path = FoodCategoryCell;
			sourceTree = "<group>";
		};
		1E157A3318C050AB00E0BC61 /* FoodSubcategoriesCell */ = {
			isa = PBXGroup;
			children = (
				1E157A3418C050AB00E0BC61 /* FoodSubcategoriesCell.h */,
				1E157A3518C050AB00E0BC61 /* FoodSubcategoriesCell.m */,
				1E157A3618C050AB00E0BC61 /* FoodSubcategoriesCell.xib */,
			);
			path = FoodSubcategoriesCell;
			sourceTree = "<group>";
		};
		1E157A3718C050AB00E0BC61 /* FoodSubcategoryHeadCell */ = {
			isa = PBXGroup;
			children = (
				1E157A3818C050AB00E0BC61 /* FoodSubcategoryHeadView.h */,
				1E157A3918C050AB00E0BC61 /* FoodSubcategoryHeadView.m */,
				1E157A3A18C050AB00E0BC61 /* FoodSubcategoryHeadView.xib */,
			);
			path = FoodSubcategoryHeadCell;
			sourceTree = "<group>";
		};
		1E157A3B18C050AB00E0BC61 /* CustomController */ = {
			isa = PBXGroup;
			children = (
				1E157A3C18C050AB00E0BC61 /* FoodNavigationBar */,
				1E157A3F18C050AB00E0BC61 /* PeleoTabBarController */,
			);
			path = CustomController;
			sourceTree = "<group>";
		};
		1E157A3C18C050AB00E0BC61 /* FoodNavigationBar */ = {
			isa = PBXGroup;
			children = (
				1E157A3D18C050AB00E0BC61 /* PaleoNavigationController.h */,
				1E157A3E18C050AB00E0BC61 /* PaleoNavigationController.m */,
			);
			path = FoodNavigationBar;
			sourceTree = "<group>";
		};
		1E157A3F18C050AB00E0BC61 /* PeleoTabBarController */ = {
			isa = PBXGroup;
			children = (
				1E157A4018C050AB00E0BC61 /* PaleoTabBarController.h */,
				1E157A4118C050AB00E0BC61 /* PaleoTabBarController.m */,
			);
			path = PeleoTabBarController;
			sourceTree = "<group>";
		};
		1E157A4218C050AB00E0BC61 /* CutomView */ = {
			isa = PBXGroup;
			children = (
				1E157A4318C050AB00E0BC61 /* PaleoFoodTableView */,
			);
			path = CutomView;
			sourceTree = "<group>";
		};
		1E157A4318C050AB00E0BC61 /* PaleoFoodTableView */ = {
			isa = PBXGroup;
			children = (
				1E157A4418C050AB00E0BC61 /* PaleoFoodTableView.h */,
				1E157A4518C050AB00E0BC61 /* PaleoFoodTableView.m */,
			);
			path = PaleoFoodTableView;
			sourceTree = "<group>";
		};
		1E157A4618C050AB00E0BC61 /* External Libraries */ = {
			isa = PBXGroup;
			children = (
				1E157A4718C050AB00E0BC61 /* ShareKit */,
			);
			name = "External Libraries";
			path = "PaleoProject/External Libraries";
			sourceTree = "<group>";
		};
		1E157A4718C050AB00E0BC61 /* ShareKit */ = {
			isa = PBXGroup;
			children = (
				1E157A4818C050AB00E0BC61 /* FacebookSDK.framework */,
				1E157A4918C050AB00E0BC61 /* include */,
				1E157A8818C050AB00E0BC61 /* libShareKit.a */,
				1E157A8918C050AB00E0BC61 /* ShareKit.bundle */,
			);
			path = ShareKit;
			sourceTree = "<group>";
		};
		1E157A4918C050AB00E0BC61 /* include */ = {
			isa = PBXGroup;
			children = (
				1E157A4A18C050AB00E0BC61 /* Base64Transcoder.h */,
				1E157A4B18C050AB00E0BC61 /* DefaultSHKConfigurator.h */,
				1E157A4C18C050AB00E0BC61 /* DummyLibFile.h */,
				1E157A4D18C050AB00E0BC61 /* hmac.h */,
				1E157A4E18C050AB00E0BC61 /* MBRoundProgressView.h */,
				1E157A4F18C050AB00E0BC61 /* NSMutableURLRequest+Parameters.h */,
				1E157A5018C050AB00E0BC61 /* NSString+LinkedIn.h */,
				1E157A5118C050AB00E0BC61 /* NSString+URLEncoding.h */,
				1E157A5218C050AB00E0BC61 /* NSURL+Base.h */,
				1E157A5318C050AB00E0BC61 /* OAAsynchronousDataFetcher.h */,
				1E157A5418C050AB00E0BC61 /* OAConsumer.h */,
				1E157A5518C050AB00E0BC61 /* OADataFetcher.h */,
				1E157A5618C050AB00E0BC61 /* OAHMAC_SHA1SignatureProvider.h */,
				1E157A5718C050AB00E0BC61 /* OAMutableURLRequest.h */,
				1E157A5818C050AB00E0BC61 /* OAPlaintextSignatureProvider.h */,
				1E157A5918C050AB00E0BC61 /* OARequestParameter.h */,
				1E157A5A18C050AB00E0BC61 /* OAServiceTicket.h */,
				1E157A5B18C050AB00E0BC61 /* OASignatureProviding.h */,
				1E157A5C18C050AB00E0BC61 /* OAToken.h */,
				1E157A5D18C050AB00E0BC61 /* OAuthConsumer.h */,
				1E157A5E18C050AB00E0BC61 /* sha1.h */,
				1E157A5F18C050AB00E0BC61 /* ShareKit.h */,
				1E157A6018C050AB00E0BC61 /* SHK.h */,
				1E157A6118C050AB00E0BC61 /* SHKAccountsViewController.h */,
				1E157A6218C050AB00E0BC61 /* SHKActionSheet.h */,
				1E157A6318C050AB00E0BC61 /* SHKActivityIndicator.h */,
				1E157A6418C050AB00E0BC61 /* SHKConfiguration.h */,
				1E157A6518C050AB00E0BC61 /* SHKFacebook.h */,
				1E157A6618C050AB00E0BC61 /* SHKFacebookCommon.h */,
				1E157A6718C050AB00E0BC61 /* SHKFile.h */,
				1E157A6818C050AB00E0BC61 /* SHKFormController.h */,
				1E157A6918C050AB00E0BC61 /* SHKFormFieldCell.h */,
				1E157A6A18C050AB00E0BC61 /* SHKFormFieldCellOptionPicker.h */,
				1E157A6B18C050AB00E0BC61 /* SHKFormFieldCellSwitch.h */,
				1E157A6C18C050AB00E0BC61 /* SHKFormFieldCellText.h */,
				1E157A6D18C050AB00E0BC61 /* SHKFormFieldCellTextLarge.h */,
				1E157A6E18C050AB00E0BC61 /* SHKFormFieldLargeTextSettings.h */,
				1E157A6F18C050AB00E0BC61 /* SHKFormFieldOptionPickerSettings.h */,
				1E157A7018C050AB00E0BC61 /* SHKFormFieldSettings.h */,
				1E157A7118C050AB00E0BC61 /* SHKFormOptionController.h */,
				1E157A7218C050AB00E0BC61 /* SHKiOS5Twitter.h */,
				1E157A7318C050AB00E0BC61 /* SHKiOSFacebook.h */,
				1E157A7418C050AB00E0BC61 /* SHKiOSSharer.h */,
				1E157A7518C050AB00E0BC61 /* SHKiOSTwitter.h */,
				1E157A7618C050AB00E0BC61 /* SHKItem.h */,
				1E157A7718C050AB00E0BC61 /* SHKLinkedIn.h */,
				1E157A7818C050AB00E0BC61 /* SHKLogout.h */,
				1E157A7918C050AB00E0BC61 /* SHKMail.h */,
				1E157A7A18C050AB00E0BC61 /* SHKOAuthSharer.h */,
				1E157A7B18C050AB00E0BC61 /* SHKOAuthView.h */,
				1E157A7C18C050AB00E0BC61 /* SHKOfflineSharer.h */,
				1E157A7D18C050AB00E0BC61 /* SHKReachability.h */,
				1E157A7E18C050AB00E0BC61 /* SHKRequest.h */,
				1E157A7F18C050AB00E0BC61 /* SHKShareItemDelegate.h */,
				1E157A8018C050AB00E0BC61 /* SHKShareMenu.h */,
				1E157A8118C050AB00E0BC61 /* SHKSharer.h */,
				1E157A8218C050AB00E0BC61 /* SHKSharerDelegate.h */,
				1E157A8318C050AB00E0BC61 /* SHKTwitter.h */,
				1E157A8418C050AB00E0BC61 /* SHKTwitterCommon.h */,
				1E157A8518C050AB00E0BC61 /* SHKUploadInfo.h */,
				1E157A8618C050AB00E0BC61 /* SHKUploadsViewCell.h */,
				1E157A8718C050AB00E0BC61 /* SHKXMLResponseParser.h */,
			);
			path = include;
			sourceTree = "<group>";
		};
		1E157A8A18C050AB00E0BC61 /* HTML */ = {
			isa = PBXGroup;
			children = (
				1E157A8B18C050AB00E0BC61 /* about.html */,
				1E157A8C18C050AB00E0BC61 /* test.png */,
			);
			name = HTML;
			path = PaleoProject/HTML;
			sourceTree = "<group>";
		};
		1E157A8D18C050AB00E0BC61 /* images */ = {
			isa = PBXGroup;
			children = (
				1E157A8E18C050AC00E0BC61 /* baseBarIcons@2x */,
				1E157A8F18C050AC00E0BC61 /* bolo.jpg */,
				1E157A9018C050AC00E0BC61 /* bolo1.png */,
				1E157A9118C050AC00E0BC61 /* bolo2.png */,
				1E157A9218C050AC00E0BC61 /* closeX */,
				1E157A9318C050AC00E0BC61 /* default */,
				1E157A9418C050AC00E0BC61 /* ImagesTest */,
				1E157A9E18C050AC00E0BC61 /* maca.jpg */,
				1E157A9F18C050AC00E0BC61 /* maca1.png */,
				1E157AA018C050AC00E0BC61 /* maca2.png */,
				1E157AA118C050AC00E0BC61 /* maca3.png */,
				1E157AA218C050AC00E0BC61 /* tabBarItemFavorites.png */,
				1E157AA318C050AC00E0BC61 /* tabBarItemFavorites@2x.png */,
				1E157AA418C050AC00E0BC61 /* tabBarItemFood.png */,
				1E157AA518C050AC00E0BC61 /* tabBarItemFood@2x.png */,
				1E157AA618C050AC00E0BC61 /* tabBarItemSearch.png */,
				1E157AA718C050AC00E0BC61 /* tabBarItemSearch@2x.png */,
				1E157AA818C050AC00E0BC61 /* tabBarItemSettings.png */,
				1E157AA918C050AC00E0BC61 /* tabBarItemSettings@2x.png */,
			);
			name = images;
			path = PaleoProject/images;
			sourceTree = "<group>";
		};
		1E157A9418C050AC00E0BC61 /* ImagesTest */ = {
			isa = PBXGroup;
			children = (
				1E92780E18C3CEBE0056B4FB /* foodItemTopCellBorder1.png */,
				1E92780F18C3CEBE0056B4FB /* foodItemTopCellBorder2.png */,
				1E92781018C3CEBE0056B4FB /* foodItemTopCellBorder3.png */,
				1E157A9518C050AC00E0BC61 /* categoryCellBorder.png */,
				1E157A9618C050AC00E0BC61 /* defaultImage.png */,
				1E157A9718C050AC00E0BC61 /* defaultMoreCellButton.png */,
				1E157A9818C050AC00E0BC61 /* favorited.png */,
				1E157A9918C050AC00E0BC61 /* favoritedNot.png */,
				1E157A9A18C050AC00E0BC61 /* foodInfobackground.png */,
				1E157A9B18C050AC00E0BC61 /* foodItemCellBorder.png */,
				1E157A9C18C050AC00E0BC61 /* foodItemLastCellBorder.png */,
				1E157A9D18C050AC00E0BC61 /* foodItemTopCellBorder.png */,
			);
			path = ImagesTest;
			sourceTree = "<group>";
		};
		1E157AAA18C050AC00E0BC61 /* PaleoCoreData */ = {
			isa = PBXGroup;
			children = (
				1E157AAB18C050AC00E0BC61 /* FoodCategoryModel.h */,
				1E157AAC18C050AC00E0BC61 /* FoodCategoryModel.m */,
				1E157AAD18C050AC00E0BC61 /* FoodItemModel.h */,
				1E157AAE18C050AC00E0BC61 /* FoodItemModel.m */,
				1E157AAF18C050AC00E0BC61 /* FoodTypeModel.h */,
				1E157AB018C050AC00E0BC61 /* FoodTypeModel.m */,
				1E157AB118C050AC00E0BC61 /* PaleoCoreData.h */,
				1E157AB218C050AC00E0BC61 /* PaleoCoreData.m */,
				1E157AB318C050AC00E0BC61 /* PaleoDataModel.xcdatamodeld */,
			);
			name = PaleoCoreData;
			path = PaleoProject/PaleoCoreData;
			sourceTree = "<group>";
		};
		1E157AB518C050AC00E0BC61 /* PaleoDefines */ = {
			isa = PBXGroup;
			children = (
				1E157AB618C050AC00E0BC61 /* PaleoDefines.h */,
				1E157AB718C050AC00E0BC61 /* PaleoDefines.m */,
			);
			name = PaleoDefines;
			path = PaleoProject/PaleoDefines;
			sourceTree = "<group>";
		};
		1E157AB818C050AC00E0BC61 /* PaleoFoodManager */ = {
			isa = PBXGroup;
			children = (
				1E157AB918C050AC00E0BC61 /* PaleoFoodManager.h */,
				1E157ABA18C050AC00E0BC61 /* PaleoFoodManager.m */,
			);
			name = PaleoFoodManager;
			path = PaleoProject/PaleoFoodManager;
			sourceTree = "<group>";
		};
		1E157ABB18C050AC00E0BC61 /* PaleoSqlite */ = {
			isa = PBXGroup;
			children = (
				1E157ABC18C050AC00E0BC61 /* exemplo.sqlite */,
				1E157ABD18C050AC00E0BC61 /* PaleoSqlite.h */,
				1E157ABE18C050AC00E0BC61 /* PaleoSqlite.m */,
			);
			name = PaleoSqlite;
			path = PaleoProject/PaleoSqlite;
			sourceTree = "<group>";
		};
		1E157ABF18C050AC00E0BC61 /* PaleoUtils */ = {
			isa = PBXGroup;
			children = (
				1E157AC018C050AC00E0BC61 /* PaleoUtils.h */,
				1E157AC118C050AC00E0BC61 /* PaleoUtils.m */,
			);
			name = PaleoUtils;
			path = PaleoProject/PaleoUtils;
			sourceTree = "<group>";
		};
		1E157AC218C050AC00E0BC61 /* Social */ = {
			isa = PBXGroup;
			children = (
				1E157AC318C050AC00E0BC61 /* SharekitCustom */,
			);
			name = Social;
			path = PaleoProject/Social;
			sourceTree = "<group>";
		};
		1E157AC318C050AC00E0BC61 /* SharekitCustom */ = {
			isa = PBXGroup;
			children = (
				1E157AC418C050AC00E0BC61 /* SharekitCustom.h */,
				1E157AC518C050AC00E0BC61 /* SharekitCustom.m */,
			);
			path = SharekitCustom;
			sourceTree = "<group>";
		};
		1E157AC618C050AC00E0BC61 /* Utils */ = {
			isa = PBXGroup;
			children = (
				1E157AC718C050AC00E0BC61 /* Utils.h */,
				1E157AC818C050AC00E0BC61 /* Utils.m */,
			);
			name = Utils;
			path = PaleoProject/Utils;
			sourceTree = "<group>";
		};
		1ECCC4BD18B06B7E0073992A = {
			isa = PBXGroup;
			children = (
				1ECCC4D818B06B7F0073992A /* AppDelegate.h */,
				1ECCC4D918B06B7F0073992A /* AppDelegate.m */,
				1E157A0918C050AB00E0BC61 /* Controllers */,
				1E157A2D18C050AB00E0BC61 /* Custom */,
				1E157AAA18C050AC00E0BC61 /* PaleoCoreData */,
				1E157AB518C050AC00E0BC61 /* PaleoDefines */,
				1E157AB818C050AC00E0BC61 /* PaleoFoodManager */,
				1E157ABB18C050AC00E0BC61 /* PaleoSqlite */,
				1E157ABF18C050AC00E0BC61 /* PaleoUtils */,
				1E157AC218C050AC00E0BC61 /* Social */,
				1E157AC618C050AC00E0BC61 /* Utils */,
				1E157A4618C050AB00E0BC61 /* External Libraries */,
				1E157A8A18C050AB00E0BC61 /* HTML */,
				1E157A8D18C050AB00E0BC61 /* images */,
				1ECCC4D018B06B7F0073992A /* Supporting Files */,
				1ECCC4C818B06B7F0073992A /* Frameworks */,
				1ECCC4C718B06B7F0073992A /* Products */,
			);
			sourceTree = "<group>";
		};
		1ECCC4C718B06B7F0073992A /* Products */ = {
			isa = PBXGroup;
			children = (
				1ECCC4C618B06B7F0073992A /* PaleoProject.app */,
			);
			name = Products;
			sourceTree = "<group>";
		};
		1ECCC4C818B06B7F0073992A /* Frameworks */ = {
			isa = PBXGroup;
			children = (
				1EF5F76018BA375A00D0D2F1 /* StoreKit.framework */,
				1EF5F75E18BA375400D0D2F1 /* Social.framework */,
				1EF5F75C18BA374600D0D2F1 /* Accounts.framework */,
				1EF5F75A18BA373A00D0D2F1 /* AdSupport.framework */,
				1EF5F75818BA373600D0D2F1 /* Twitter.framework */,
				1EF5F75618BA372200D0D2F1 /* AVFoundation.framework */,
				1EF5F75418BA371C00D0D2F1 /* CoreMedia.framework */,
				1EF5F75218BA371400D0D2F1 /* MobileCoreServices.framework */,
				1EF5F75018BA370000D0D2F1 /* Security.framework */,
				1EF5F74E18BA36F800D0D2F1 /* SystemConfiguration.framework */,
				1E9DD70318B930790076F3DC /* MessageUI.framework */,
				1E56B1FF18B443E1004E8523 /* libsqlite3.0.dylib */,
				1E56B1EE18B43DEB004E8523 /* CoreData.framework */,
				1ECCC4C918B06B7F0073992A /* Foundation.framework */,
				1ECCC4CB18B06B7F0073992A /* CoreGraphics.framework */,
				1ECCC4CD18B06B7F0073992A /* UIKit.framework */,
			);
			name = Frameworks;
			sourceTree = "<group>";
		};
		1ECCC4D018B06B7F0073992A /* Supporting Files */ = {
			isa = PBXGroup;
			children = (
				1ECCC4D118B06B7F0073992A /* PaleoProject-Info.plist */,
				1ECCC4D218B06B7F0073992A /* InfoPlist.strings */,
				1ECCC4D518B06B7F0073992A /* main.m */,
				1ECCC4D718B06B7F0073992A /* PaleoProject-Prefix.pch */,
			);
			name = "Supporting Files";
			path = PaleoProject;
			sourceTree = "<group>";
		};
/* End PBXGroup section */

/* Begin PBXNativeTarget section */
		1ECCC4C518B06B7E0073992A /* PaleoProject */ = {
			isa = PBXNativeTarget;
			buildConfigurationList = 1ECCC4F218B06B7F0073992A /* Build configuration list for PBXNativeTarget "PaleoProject" */;
			buildPhases = (
				1ECCC4C218B06B7E0073992A /* Sources */,
				1ECCC4C318B06B7E0073992A /* Frameworks */,
				1ECCC4C418B06B7E0073992A /* Resources */,
			);
			buildRules = (
			);
			dependencies = (
			);
			name = PaleoProject;
			productName = PaleoProject;
			productReference = 1ECCC4C618B06B7F0073992A /* PaleoProject.app */;
			productType = "com.apple.product-type.application";
		};
/* End PBXNativeTarget section */

/* Begin PBXProject section */
		1ECCC4BE18B06B7E0073992A /* Project object */ = {
			isa = PBXProject;
			attributes = {
				LastUpgradeCheck = 0500;
				ORGANIZATIONNAME = "renan veloso silva";
			};
			buildConfigurationList = 1ECCC4C118B06B7E0073992A /* Build configuration list for PBXProject "PaleoProject" */;
			compatibilityVersion = "Xcode 3.2";
			developmentRegion = English;
			hasScannedForEncodings = 0;
			knownRegions = (
				en,
			);
			mainGroup = 1ECCC4BD18B06B7E0073992A;
			productRefGroup = 1ECCC4C718B06B7F0073992A /* Products */;
			projectDirPath = "";
			projectRoot = "";
			targets = (
				1ECCC4C518B06B7E0073992A /* PaleoProject */,
			);
		};
/* End PBXProject section */

/* Begin PBXResourcesBuildPhase section */
		1ECCC4C418B06B7E0073992A /* Resources */ = {
			isa = PBXResourcesBuildPhase;
			buildActionMask = 2147483647;
			files = (
				1E157AF718C050AC00E0BC61 /* maca2.png in Resources */,
				1E157AF618C050AC00E0BC61 /* maca1.png in Resources */,
				1E157AEB18C050AC00E0BC61 /* default in Resources */,
				1E157AFC18C050AC00E0BC61 /* tabBarItemFood@2x.png in Resources */,
				1E157AF518C050AC00E0BC61 /* maca.jpg in Resources */,
				1E92781118C3CEBE0056B4FB /* foodItemTopCellBorder1.png in Resources */,
				1E157AED18C050AC00E0BC61 /* defaultImage.png in Resources */,
				1E157AD018C050AC00E0BC61 /* FoodCategoryViewController.xib in Resources */,
				1E157AF418C050AC00E0BC61 /* foodItemTopCellBorder.png in Resources */,
				1E157ACA18C050AC00E0BC61 /* FavoritesViewController.xib in Resources */,
				1E157AEF18C050AC00E0BC61 /* favorited.png in Resources */,
				1E157AE918C050AC00E0BC61 /* bolo2.png in Resources */,
				1E157AF318C050AC00E0BC61 /* foodItemLastCellBorder.png in Resources */,
				1E157AEA18C050AC00E0BC61 /* closeX in Resources */,
				1E157AF818C050AC00E0BC61 /* maca3.png in Resources */,
				1E157AFE18C050AC00E0BC61 /* tabBarItemSearch@2x.png in Resources */,
				1E157ADB18C050AC00E0BC61 /* FoodSubcategoriesCell.xib in Resources */,
				1E157AF218C050AC00E0BC61 /* foodItemCellBorder.png in Resources */,
				1E157AE718C050AC00E0BC61 /* bolo.jpg in Resources */,
				1E157AF118C050AC00E0BC61 /* foodInfobackground.png in Resources */,
				1E157AD918C050AC00E0BC61 /* FoodCategoryCell.xib in Resources */,
				1E157AD218C050AC00E0BC61 /* SearchViewController.xib in Resources */,
				1E157AE618C050AC00E0BC61 /* baseBarIcons@2x in Resources */,
				1E157AD718C050AC00E0BC61 /* SettingsViewController.xib in Resources */,
				1E157AFD18C050AC00E0BC61 /* tabBarItemSearch.png in Resources */,
				1E157B0818C050AC00E0BC61 /* exemplo.sqlite in Resources */,
				1E157AE418C050AC00E0BC61 /* about.html in Resources */,
				1E157AF918C050AC00E0BC61 /* tabBarItemFavorites.png in Resources */,
				1E157AE318C050AC00E0BC61 /* ShareKit.bundle in Resources */,
				1E157AFB18C050AC00E0BC61 /* tabBarItemFood.png in Resources */,
				1E157AFA18C050AC00E0BC61 /* tabBarItemFavorites@2x.png in Resources */,
				1E157B0018C050AC00E0BC61 /* tabBarItemSettings@2x.png in Resources */,
				1E157AEE18C050AC00E0BC61 /* defaultMoreCellButton.png in Resources */,
				1E157AEC18C050AC00E0BC61 /* categoryCellBorder.png in Resources */,
				1E157ADD18C050AC00E0BC61 /* FoodSubcategoryHeadView.xib in Resources */,
				1E92781218C3CEBE0056B4FB /* foodItemTopCellBorder2.png in Resources */,
				1E157AE518C050AC00E0BC61 /* test.png in Resources */,
				1E157AD418C050AC00E0BC61 /* AboutAppView.xib in Resources */,
				1E157AE818C050AC00E0BC61 /* bolo1.png in Resources */,
				1E157AF018C050AC00E0BC61 /* favoritedNot.png in Resources */,
				1ECCC4D418B06B7F0073992A /* InfoPlist.strings in Resources */,
				1E157AFF18C050AC00E0BC61 /* tabBarItemSettings.png in Resources */,
				1E157ACC18C050AC00E0BC61 /* FoodItemViewController.xib in Resources */,
				1E157ACE18C050AC00E0BC61 /* FoodSubcategoriesViewController.xib in Resources */,
				1E92781318C3CEBE0056B4FB /* foodItemTopCellBorder3.png in Resources */,
			);
			runOnlyForDeploymentPostprocessing = 0;
		};
/* End PBXResourcesBuildPhase section */

/* Begin PBXSourcesBuildPhase section */
		1ECCC4C218B06B7E0073992A /* Sources */ = {
			isa = PBXSourcesBuildPhase;
			buildActionMask = 2147483647;
			files = (
				1E157B0C18C050AC00E0BC61 /* Utils.m in Sources */,
				1E157AD318C050AC00E0BC61 /* AboutAppView.m in Sources */,
				1ECCC4DA18B06B7F0073992A /* AppDelegate.m in Sources */,
				1E157B0518C050AC00E0BC61 /* PaleoDataModel.xcdatamodeld in Sources */,
				1E157ADA18C050AC00E0BC61 /* FoodSubcategoriesCell.m in Sources */,
				1E157B0618C050AC00E0BC61 /* PaleoDefines.m in Sources */,
				1E157B0A18C050AC00E0BC61 /* PaleoUtils.m in Sources */,
				1E157B0318C050AC00E0BC61 /* FoodTypeModel.m in Sources */,
				1E157ACB18C050AC00E0BC61 /* FoodItemViewController.m in Sources */,
				1E157ACF18C050AC00E0BC61 /* FoodCategoryViewController.m in Sources */,
				1E157B0B18C050AC00E0BC61 /* SharekitCustom.m in Sources */,
				1E157AD818C050AC00E0BC61 /* FoodCategoryCell.m in Sources */,
				1E157ADC18C050AC00E0BC61 /* FoodSubcategoryHeadView.m in Sources */,
				1ECCC4D618B06B7F0073992A /* main.m in Sources */,
				1E157B0918C050AC00E0BC61 /* PaleoSqlite.m in Sources */,
				1E157ADF18C050AC00E0BC61 /* PaleoTabBarController.m in Sources */,
				1E157B0418C050AC00E0BC61 /* PaleoCoreData.m in Sources */,
				1E157ACD18C050AC00E0BC61 /* FoodSubcategoriesViewController.m in Sources */,
				1E157B0718C050AC00E0BC61 /* PaleoFoodManager.m in Sources */,
				1E157B0218C050AC00E0BC61 /* FoodItemModel.m in Sources */,
				1E157AD518C050AC00E0BC61 /* PaleoMailController.m in Sources */,
				1E157AE018C050AC00E0BC61 /* PaleoFoodTableView.m in Sources */,
				1E157B0118C050AC00E0BC61 /* FoodCategoryModel.m in Sources */,
				1E157AD618C050AC00E0BC61 /* SettingsViewController.m in Sources */,
				1E157ADE18C050AC00E0BC61 /* PaleoNavigationController.m in Sources */,
				1E157AC918C050AC00E0BC61 /* FavoritesViewController.m in Sources */,
				1E157AD118C050AC00E0BC61 /* SearchViewController.m in Sources */,
			);
			runOnlyForDeploymentPostprocessing = 0;
		};
/* End PBXSourcesBuildPhase section */

/* Begin PBXVariantGroup section */
		1ECCC4D218B06B7F0073992A /* InfoPlist.strings */ = {
			isa = PBXVariantGroup;
			children = (
				1ECCC4D318B06B7F0073992A /* en */,
			);
			name = InfoPlist.strings;
			sourceTree = "<group>";
		};
/* End PBXVariantGroup section */

/* Begin XCBuildConfiguration section */
		1ECCC4F018B06B7F0073992A /* Debug */ = {
			isa = XCBuildConfiguration;
			buildSettings = {
				ALWAYS_SEARCH_USER_PATHS = NO;
				ARCHS = "$(ARCHS_STANDARD_INCLUDING_64_BIT)";
				CLANG_CXX_LANGUAGE_STANDARD = "gnu++0x";
				CLANG_CXX_LIBRARY = "libc++";
				CLANG_ENABLE_MODULES = YES;
				CLANG_ENABLE_OBJC_ARC = NO;
				CLANG_WARN_BOOL_CONVERSION = YES;
				CLANG_WARN_CONSTANT_CONVERSION = YES;
				CLANG_WARN_DIRECT_OBJC_ISA_USAGE = YES_ERROR;
				CLANG_WARN_EMPTY_BODY = YES;
				CLANG_WARN_ENUM_CONVERSION = YES;
				CLANG_WARN_INT_CONVERSION = YES;
				CLANG_WARN_OBJC_ROOT_CLASS = YES_ERROR;
				CLANG_WARN__DUPLICATE_METHOD_MATCH = YES;
				"CODE_SIGN_IDENTITY[sdk=iphoneos*]" = "iPhone Developer";
				COPY_PHASE_STRIP = NO;
				GCC_C_LANGUAGE_STANDARD = gnu99;
				GCC_DYNAMIC_NO_PIC = NO;
				GCC_OPTIMIZATION_LEVEL = 0;
				GCC_PREPROCESSOR_DEFINITIONS = (
					"DEBUG=1",
					"$(inherited)",
				);
				GCC_SYMBOLS_PRIVATE_EXTERN = NO;
				GCC_WARN_64_TO_32_BIT_CONVERSION = YES;
				GCC_WARN_ABOUT_RETURN_TYPE = YES_ERROR;
				GCC_WARN_UNDECLARED_SELECTOR = YES;
				GCC_WARN_UNINITIALIZED_AUTOS = YES;
				GCC_WARN_UNUSED_FUNCTION = YES;
				GCC_WARN_UNUSED_VARIABLE = YES;
				IPHONEOS_DEPLOYMENT_TARGET = 6.0;
				ONLY_ACTIVE_ARCH = YES;
				OTHER_LDFLAGS = (
					"-ObjC",
					"-all_load",
				);
				PROVISIONING_PROFILE = "7067423D-0940-4F87-B5C6-195521FC9993";
				SDKROOT = iphoneos;
			};
			name = Debug;
		};
		1ECCC4F118B06B7F0073992A /* Release */ = {
			isa = XCBuildConfiguration;
			buildSettings = {
				ALWAYS_SEARCH_USER_PATHS = NO;
				ARCHS = "$(ARCHS_STANDARD_INCLUDING_64_BIT)";
				CLANG_CXX_LANGUAGE_STANDARD = "gnu++0x";
				CLANG_CXX_LIBRARY = "libc++";
				CLANG_ENABLE_MODULES = YES;
				CLANG_ENABLE_OBJC_ARC = NO;
				CLANG_WARN_BOOL_CONVERSION = YES;
				CLANG_WARN_CONSTANT_CONVERSION = YES;
				CLANG_WARN_DIRECT_OBJC_ISA_USAGE = YES_ERROR;
				CLANG_WARN_EMPTY_BODY = YES;
				CLANG_WARN_ENUM_CONVERSION = YES;
				CLANG_WARN_INT_CONVERSION = YES;
				CLANG_WARN_OBJC_ROOT_CLASS = YES_ERROR;
				CLANG_WARN__DUPLICATE_METHOD_MATCH = YES;
				CODE_SIGN_IDENTITY = "iPhone Distribution: Digital Pages Publicacoes Electronicas Ltda (3ZVNY23SVJ)";
				"CODE_SIGN_IDENTITY[sdk=iphoneos*]" = "iPhone Distribution: Digital Pages Publicacoes Electronicas Ltda (3ZVNY23SVJ)";
				COPY_PHASE_STRIP = YES;
				ENABLE_NS_ASSERTIONS = NO;
				GCC_C_LANGUAGE_STANDARD = gnu99;
				GCC_WARN_64_TO_32_BIT_CONVERSION = YES;
				GCC_WARN_ABOUT_RETURN_TYPE = YES_ERROR;
				GCC_WARN_UNDECLARED_SELECTOR = YES;
				GCC_WARN_UNINITIALIZED_AUTOS = YES;
				GCC_WARN_UNUSED_FUNCTION = YES;
				GCC_WARN_UNUSED_VARIABLE = YES;
				IPHONEOS_DEPLOYMENT_TARGET = 6.0;
				OTHER_LDFLAGS = (
					"-ObjC",
					"-all_load",
				);
				PROVISIONING_PROFILE = "7067423D-0940-4F87-B5C6-195521FC9993";
				SDKROOT = iphoneos;
				VALIDATE_PRODUCT = YES;
			};
			name = Release;
		};
		1ECCC4F318B06B7F0073992A /* Debug */ = {
			isa = XCBuildConfiguration;
			buildSettings = {
				ASSETCATALOG_COMPILER_APPICON_NAME = AppIcon;
				ASSETCATALOG_COMPILER_LAUNCHIMAGE_NAME = LaunchImage;
				FRAMEWORK_SEARCH_PATHS = (
					"$(inherited)",
					"/Users/renansilva/Projects/DoctorPaleo/PaleoProject/PaleoProject/External\\ Libraries/ShareKit",
				);
				GCC_PRECOMPILE_PREFIX_HEADER = YES;
				GCC_PREFIX_HEADER = "PaleoProject/PaleoProject-Prefix.pch";
				INFOPLIST_FILE = "PaleoProject/PaleoProject-Info.plist";
				LIBRARY_SEARCH_PATHS = (
					"$(inherited)",
					"/Users/renansilva/Projects/DoctorPaleo/PaleoProject/PaleoProject/External\\ Libraries/ShareKit",
				);
				PRODUCT_NAME = "$(TARGET_NAME)";
				WRAPPER_EXTENSION = app;
			};
			name = Debug;
		};
		1ECCC4F418B06B7F0073992A /* Release */ = {
			isa = XCBuildConfiguration;
			buildSettings = {
				ASSETCATALOG_COMPILER_APPICON_NAME = AppIcon;
				ASSETCATALOG_COMPILER_LAUNCHIMAGE_NAME = LaunchImage;
				FRAMEWORK_SEARCH_PATHS = (
					"$(inherited)",
					"/Users/renansilva/Projects/DoctorPaleo/PaleoProject/PaleoProject/External\\ Libraries/ShareKit",
				);
				GCC_PRECOMPILE_PREFIX_HEADER = YES;
				GCC_PREFIX_HEADER = "PaleoProject/PaleoProject-Prefix.pch";
				INFOPLIST_FILE = "PaleoProject/PaleoProject-Info.plist";
				LIBRARY_SEARCH_PATHS = (
					"$(inherited)",
					"/Users/renansilva/Projects/DoctorPaleo/PaleoProject/PaleoProject/External\\ Libraries/ShareKit",
				);
				PRODUCT_NAME = "$(TARGET_NAME)";
				WRAPPER_EXTENSION = app;
			};
			name = Release;
		};
/* End XCBuildConfiguration section */

/* Begin XCConfigurationList section */
		1ECCC4C118B06B7E0073992A /* Build configuration list for PBXProject "PaleoProject" */ = {
			isa = XCConfigurationList;
			buildConfigurations = (
				1ECCC4F018B06B7F0073992A /* Debug */,
				1ECCC4F118B06B7F0073992A /* Release */,
			);
			defaultConfigurationIsVisible = 0;
			defaultConfigurationName = Release;
		};
		1ECCC4F218B06B7F0073992A /* Build configuration list for PBXNativeTarget "PaleoProject" */ = {
			isa = XCConfigurationList;
			buildConfigurations = (
				1ECCC4F318B06B7F0073992A /* Debug */,
				1ECCC4F418B06B7F0073992A /* Release */,
			);
			defaultConfigurationIsVisible = 0;
			defaultConfigurationName = Release;
		};
/* End XCConfigurationList section */

/* Begin XCVersionGroup section */
		1E157AB318C050AC00E0BC61 /* PaleoDataModel.xcdatamodeld */ = {
			isa = XCVersionGroup;
			children = (
				1E157AB418C050AC00E0BC61 /* PaleoDataModel.xcdatamodel */,
			);
			currentVersion = 1E157AB418C050AC00E0BC61 /* PaleoDataModel.xcdatamodel */;
			path = PaleoDataModel.xcdatamodeld;
			sourceTree = "<group>";
			versionGroupType = wrapper.xcdatamodel;
		};
/* End XCVersionGroup section */
	};
	rootObject = 1ECCC4BE18B06B7E0073992A /* Project object */;
}
